
Microsoft Visual Studio Solution File, Format Version 12.00
# Visual Studio 15
VisualStudioVersion = 15.0.27004.2009
MinimumVisualStudioVersion = 10.0.40219.1
Project("{FAE04EC0-301F-11D3-BF4B-00C04F79EFBC}") = "XFNavAware", "XFNavAware\XFNavAware\XFNavAware.csproj", "{E6E9D4BB-4077-4FA8-A52B-E64A99CC6A1A}"
EndProject
Project("{FAE04EC0-301F-11D3-BF4B-00C04F79EFBC}") = "XFNavAware.Android", "XFNavAware\XFNavAware.Android\XFNavAware.Android.csproj", "{E45975AD-F3AF-4E2D-A683-3E3BFB4B331E}"
EndProject
Project("{FAE04EC0-301F-11D3-BF4B-00C04F79EFBC}") = "XFNavAware.iOS", "XFNavAware\XFNavAware.iOS\XFNavAware.iOS.csproj", "{448DEB13-CBC7-464A-9148-7A45DFC5A632}"
EndProject
Project("{FAE04EC0-301F-11D3-BF4B-00C04F79EFBC}") = "XFNavAware.UWP", "XFNavAware\XFNavAware.UWP\XFNavAware.UWP.csproj", "{2546B554-4BDC-47B8-84C3-E8AA51594955}"
EndProject
Global
	GlobalSection(SolutionConfigurationPlatforms) = preSolution
		Ad-Hoc|Any CPU = Ad-Hoc|Any CPU
		Ad-Hoc|ARM = Ad-Hoc|ARM
		Ad-Hoc|iPhone = Ad-Hoc|iPhone
		Ad-Hoc|iPhoneSimulator = Ad-Hoc|iPhoneSimulator
		Ad-Hoc|x64 = Ad-Hoc|x64
		Ad-Hoc|x86 = Ad-Hoc|x86
		AppStore|Any CPU = AppStore|Any CPU
		AppStore|ARM = AppStore|ARM
		AppStore|iPhone = AppStore|iPhone
		AppStore|iPhoneSimulator = AppStore|iPhoneSimulator
		AppStore|x64 = AppStore|x64
		AppStore|x86 = AppStore|x86
		Debug|Any CPU = Debug|Any CPU
		Debug|ARM = Debug|ARM
		Debug|iPhone = Debug|iPhone
		Debug|iPhoneSimulator = Debug|iPhoneSimulator
		Debug|x64 = Debug|x64
		Debug|x86 = Debug|x86
		Release|Any CPU = Release|Any CPU
		Release|ARM = Release|ARM
		Release|iPhone = Release|iPhone
		Release|iPhoneSimulator = Release|iPhoneSimulator
		Release|x64 = Release|x64
		Release|x86 = Release|x86
	EndGlobalSection
	GlobalSection(ProjectConfigurationPlatforms) = postSolution
		{E6E9D4BB-4077-4FA8-A52B-E64A99CC6A1A}.Ad-Hoc|Any CPU.ActiveCfg = Debug|Any CPU
		{E6E9D4BB-4077-4FA8-A52B-E64A99CC6A1A}.Ad-Hoc|Any CPU.Build.0 = Debug|Any CPU
		{E6E9D4BB-4077-4FA8-A52B-E64A99CC6A1A}.Ad-Hoc|ARM.ActiveCfg = Debug|Any CPU
		{E6E9D4BB-4077-4FA8-A52B-E64A99CC6A1A}.Ad-Hoc|ARM.Build.0 = Debug|Any CPU
		{E6E9D4BB-4077-4FA8-A52B-E64A99CC6A1A}.Ad-Hoc|iPhone.ActiveCfg = Debug|Any CPU
		{E6E9D4BB-4077-4FA8-A52B-E64A99CC6A1A}.Ad-Hoc|iPhone.Build.0 = Debug|Any CPU
		{E6E9D4BB-4077-4FA8-A52B-E64A99CC6A1A}.Ad-Hoc|iPhoneSimulator.ActiveCfg = Debug|Any CPU
		{E6E9D4BB-4077-4FA8-A52B-E64A99CC6A1A}.Ad-Hoc|iPhoneSimulator.Build.0 = Debug|Any CPU
		{E6E9D4BB-4077-4FA8-A52B-E64A99CC6A1A}.Ad-Hoc|x64.ActiveCfg = Debug|Any CPU
		{E6E9D4BB-4077-4FA8-A52B-E64A99CC6A1A}.Ad-Hoc|x64.Build.0 = Debug|Any CPU
		{E6E9D4BB-4077-4FA8-A52B-E64A99CC6A1A}.Ad-Hoc|x86.ActiveCfg = Debug|Any CPU
		{E6E9D4BB-4077-4FA8-A52B-E64A99CC6A1A}.Ad-Hoc|x86.Build.0 = Debug|Any CPU
		{E6E9D4BB-4077-4FA8-A52B-E64A99CC6A1A}.AppStore|Any CPU.ActiveCfg = Debug|Any CPU
		{E6E9D4BB-4077-4FA8-A52B-E64A99CC6A1A}.AppStore|Any CPU.Build.0 = Debug|Any CPU
		{E6E9D4BB-4077-4FA8-A52B-E64A99CC6A1A}.AppStore|ARM.ActiveCfg = Debug|Any CPU
		{E6E9D4BB-4077-4FA8-A52B-E64A99CC6A1A}.AppStore|ARM.Build.0 = Debug|Any CPU
		{E6E9D4BB-4077-4FA8-A52B-E64A99CC6A1A}.AppStore|iPhone.ActiveCfg = Debug|Any CPU
		{E6E9D4BB-4077-4FA8-A52B-E64A99CC6A1A}.AppStore|iPhone.Build.0 = Debug|Any CPU
		{E6E9D4BB-4077-4FA8-A52B-E64A99CC6A1A}.AppStore|iPhoneSimulator.ActiveCfg = Debug|Any CPU
		{E6E9D4BB-4077-4FA8-A52B-E64A99CC6A1A}.AppStore|iPhoneSimulator.Build.0 = Debug|Any CPU
		{E6E9D4BB-4077-4FA8-A52B-E64A99CC6A1A}.AppStore|x64.ActiveCfg = Debug|Any CPU
		{E6E9D4BB-4077-4FA8-A52B-E64A99CC6A1A}.AppStore|x64.Build.0 = Debug|Any CPU
		{E6E9D4BB-4077-4FA8-A52B-E64A99CC6A1A}.AppStore|x86.ActiveCfg = Debug|Any CPU
		{E6E9D4BB-4077-4FA8-A52B-E64A99CC6A1A}.AppStore|x86.Build.0 = Debug|Any CPU
		{E6E9D4BB-4077-4FA8-A52B-E64A99CC6A1A}.Debug|Any CPU.ActiveCfg = Debug|Any CPU
		{E6E9D4BB-4077-4FA8-A52B-E64A99CC6A1A}.Debug|Any CPU.Build.0 = Debug|Any CPU
		{E6E9D4BB-4077-4FA8-A52B-E64A99CC6A1A}.Debug|ARM.ActiveCfg = Debug|Any CPU
		{E6E9D4BB-4077-4FA8-A52B-E64A99CC6A1A}.Debug|ARM.Build.0 = Debug|Any CPU
		{E6E9D4BB-4077-4FA8-A52B-E64A99CC6A1A}.Debug|iPhone.ActiveCfg = Debug|Any CPU
		{E6E9D4BB-4077-4FA8-A52B-E64A99CC6A1A}.Debug|iPhone.Build.0 = Debug|Any CPU
		{E6E9D4BB-4077-4FA8-A52B-E64A99CC6A1A}.Debug|iPhoneSimulator.ActiveCfg = Debug|Any CPU
		{E6E9D4BB-4077-4FA8-A52B-E64A99CC6A1A}.Debug|iPhoneSimulator.Build.0 = Debug|Any CPU
		{E6E9D4BB-4077-4FA8-A52B-E64A99CC6A1A}.Debug|x64.ActiveCfg = Debug|Any CPU
		{E6E9D4BB-4077-4FA8-A52B-E64A99CC6A1A}.Debug|x64.Build.0 = Debug|Any CPU
		{E6E9D4BB-4077-4FA8-A52B-E64A99CC6A1A}.Debug|x86.ActiveCfg = Debug|Any CPU
		{E6E9D4BB-4077-4FA8-A52B-E64A99CC6A1A}.Debug|x86.Build.0 = Debug|Any CPU
		{E6E9D4BB-4077-4FA8-A52B-E64A99CC6A1A}.Release|Any CPU.ActiveCfg = Release|Any CPU
		{E6E9D4BB-4077-4FA8-A52B-E64A99CC6A1A}.Release|Any CPU.Build.0 = Release|Any CPU
		{E6E9D4BB-4077-4FA8-A52B-E64A99CC6A1A}.Release|ARM.ActiveCfg = Release|Any CPU
		{E6E9D4BB-4077-4FA8-A52B-E64A99CC6A1A}.Release|ARM.Build.0 = Release|Any CPU
		{E6E9D4BB-4077-4FA8-A52B-E64A99CC6A1A}.Release|iPhone.ActiveCfg = Release|Any CPU
		{E6E9D4BB-4077-4FA8-A52B-E64A99CC6A1A}.Release|iPhone.Build.0 = Release|Any CPU
		{E6E9D4BB-4077-4FA8-A52B-E64A99CC6A1A}.Release|iPhoneSimulator.ActiveCfg = Release|Any CPU
		{E6E9D4BB-4077-4FA8-A52B-E64A99CC6A1A}.Release|iPhoneSimulator.Build.0 = Release|Any CPU
		{E6E9D4BB-4077-4FA8-A52B-E64A99CC6A1A}.Release|x64.ActiveCfg = Release|Any CPU
		{E6E9D4BB-4077-4FA8-A52B-E64A99CC6A1A}.Release|x64.Build.0 = Release|Any CPU
		{E6E9D4BB-4077-4FA8-A52B-E64A99CC6A1A}.Release|x86.ActiveCfg = Release|Any CPU
		{E6E9D4BB-4077-4FA8-A52B-E64A99CC6A1A}.Release|x86.Build.0 = Release|Any CPU
		{E45975AD-F3AF-4E2D-A683-3E3BFB4B331E}.Ad-Hoc|Any CPU.ActiveCfg = Release|Any CPU
		{E45975AD-F3AF-4E2D-A683-3E3BFB4B331E}.Ad-Hoc|Any CPU.Build.0 = Release|Any CPU
		{E45975AD-F3AF-4E2D-A683-3E3BFB4B331E}.Ad-Hoc|Any CPU.Deploy.0 = Release|Any CPU
		{E45975AD-F3AF-4E2D-A683-3E3BFB4B331E}.Ad-Hoc|ARM.ActiveCfg = Release|Any CPU
		{E45975AD-F3AF-4E2D-A683-3E3BFB4B331E}.Ad-Hoc|ARM.Build.0 = Release|Any CPU
		{E45975AD-F3AF-4E2D-A683-3E3BFB4B331E}.Ad-Hoc|ARM.Deploy.0 = Release|Any CPU
		{E45975AD-F3AF-4E2D-A683-3E3BFB4B331E}.Ad-Hoc|iPhone.ActiveCfg = Release|Any CPU
		{E45975AD-F3AF-4E2D-A683-3E3BFB4B331E}.Ad-Hoc|iPhone.Build.0 = Release|Any CPU
		{E45975AD-F3AF-4E2D-A683-3E3BFB4B331E}.Ad-Hoc|iPhone.Deploy.0 = Release|Any CPU
		{E45975AD-F3AF-4E2D-A683-3E3BFB4B331E}.Ad-Hoc|iPhoneSimulator.ActiveCfg = Release|Any CPU
		{E45975AD-F3AF-4E2D-A683-3E3BFB4B331E}.Ad-Hoc|iPhoneSimulator.Build.0 = Release|Any CPU
		{E45975AD-F3AF-4E2D-A683-3E3BFB4B331E}.Ad-Hoc|iPhoneSimulator.Deploy.0 = Release|Any CPU
		{E45975AD-F3AF-4E2D-A683-3E3BFB4B331E}.Ad-Hoc|x64.ActiveCfg = Release|Any CPU
		{E45975AD-F3AF-4E2D-A683-3E3BFB4B331E}.Ad-Hoc|x64.Build.0 = Release|Any CPU
		{E45975AD-F3AF-4E2D-A683-3E3BFB4B331E}.Ad-Hoc|x64.Deploy.0 = Release|Any CPU
		{E45975AD-F3AF-4E2D-A683-3E3BFB4B331E}.Ad-Hoc|x86.ActiveCfg = Release|Any CPU
		{E45975AD-F3AF-4E2D-A683-3E3BFB4B331E}.Ad-Hoc|x86.Build.0 = Release|Any CPU
		{E45975AD-F3AF-4E2D-A683-3E3BFB4B331E}.Ad-Hoc|x86.Deploy.0 = Release|Any CPU
		{E45975AD-F3AF-4E2D-A683-3E3BFB4B331E}.AppStore|Any CPU.ActiveCfg = Release|Any CPU
		{E45975AD-F3AF-4E2D-A683-3E3BFB4B331E}.AppStore|Any CPU.Build.0 = Release|Any CPU
		{E45975AD-F3AF-4E2D-A683-3E3BFB4B331E}.AppStore|Any CPU.Deploy.0 = Release|Any CPU
		{E45975AD-F3AF-4E2D-A683-3E3BFB4B331E}.AppStore|ARM.ActiveCfg = Release|Any CPU
		{E45975AD-F3AF-4E2D-A683-3E3BFB4B331E}.AppStore|ARM.Build.0 = Release|Any CPU
		{E45975AD-F3AF-4E2D-A683-3E3BFB4B331E}.AppStore|ARM.Deploy.0 = Release|Any CPU
		{E45975AD-F3AF-4E2D-A683-3E3BFB4B331E}.AppStore|iPhone.ActiveCfg = Release|Any CPU
		{E45975AD-F3AF-4E2D-A683-3E3BFB4B331E}.AppStore|iPhone.Build.0 = Release|Any CPU
		{E45975AD-F3AF-4E2D-A683-3E3BFB4B331E}.AppStore|iPhone.Deploy.0 = Release|Any CPU
		{E45975AD-F3AF-4E2D-A683-3E3BFB4B331E}.AppStore|iPhoneSimulator.ActiveCfg = Release|Any CPU
		{E45975AD-F3AF-4E2D-A683-3E3BFB4B331E}.AppStore|iPhoneSimulator.Build.0 = Release|Any CPU
		{E45975AD-F3AF-4E2D-A683-3E3BFB4B331E}.AppStore|iPhoneSimulator.Deploy.0 = Release|Any CPU
		{E45975AD-F3AF-4E2D-A683-3E3BFB4B331E}.AppStore|x64.ActiveCfg = Release|Any CPU
		{E45975AD-F3AF-4E2D-A683-3E3BFB4B331E}.AppStore|x64.Build.0 = Release|Any CPU
		{E45975AD-F3AF-4E2D-A683-3E3BFB4B331E}.AppStore|x64.Deploy.0 = Release|Any CPU
		{E45975AD-F3AF-4E2D-A683-3E3BFB4B331E}.AppStore|x86.ActiveCfg = Release|Any CPU
		{E45975AD-F3AF-4E2D-A683-3E3BFB4B331E}.AppStore|x86.Build.0 = Release|Any CPU
		{E45975AD-F3AF-4E2D-A683-3E3BFB4B331E}.AppStore|x86.Deploy.0 = Release|Any CPU
		{E45975AD-F3AF-4E2D-A683-3E3BFB4B331E}.Debug|Any CPU.ActiveCfg = Debug|Any CPU
		{E45975AD-F3AF-4E2D-A683-3E3BFB4B331E}.Debug|Any CPU.Build.0 = Debug|Any CPU
		{E45975AD-F3AF-4E2D-A683-3E3BFB4B331E}.Debug|Any CPU.Deploy.0 = Debug|Any CPU
		{E45975AD-F3AF-4E2D-A683-3E3BFB4B331E}.Debug|ARM.ActiveCfg = Debug|Any CPU
		{E45975AD-F3AF-4E2D-A683-3E3BFB4B331E}.Debug|ARM.Build.0 = Debug|Any CPU
		{E45975AD-F3AF-4E2D-A683-3E3BFB4B331E}.Debug|ARM.Deploy.0 = Debug|Any CPU
		{E45975AD-F3AF-4E2D-A683-3E3BFB4B331E}.Debug|iPhone.ActiveCfg = Debug|Any CPU
		{E45975AD-F3AF-4E2D-A683-3E3BFB4B331E}.Debug|iPhone.Build.0 = Debug|Any CPU
		{E45975AD-F3AF-4E2D-A683-3E3BFB4B331E}.Debug|iPhone.Deploy.0 = Debug|Any CPU
		{E45975AD-F3AF-4E2D-A683-3E3BFB4B331E}.Debug|iPhoneSimulator.ActiveCfg = Debug|Any CPU
		{E45975AD-F3AF-4E2D-A683-3E3BFB4B331E}.Debug|iPhoneSimulator.Build.0 = Debug|Any CPU
		{E45975AD-F3AF-4E2D-A683-3E3BFB4B331E}.Debug|iPhoneSimulator.Deploy.0 = Debug|Any CPU
		{E45975AD-F3AF-4E2D-A683-3E3BFB4B331E}.Debug|x64.ActiveCfg = Debug|Any CPU
		{E45975AD-F3AF-4E2D-A683-3E3BFB4B331E}.Debug|x64.Build.0 = Debug|Any CPU
		{E45975AD-F3AF-4E2D-A683-3E3BFB4B331E}.Debug|x64.Deploy.0 = Debug|Any CPU
		{E45975AD-F3AF-4E2D-A683-3E3BFB4B331E}.Debug|x86.ActiveCfg = Debug|Any CPU
		{E45975AD-F3AF-4E2D-A683-3E3BFB4B331E}.Debug|x86.Build.0 = Debug|Any CPU
		{E45975AD-F3AF-4E2D-A683-3E3BFB4B331E}.Debug|x86.Deploy.0 = Debug|Any CPU
		{E45975AD-F3AF-4E2D-A683-3E3BFB4B331E}.Release|Any CPU.ActiveCfg = Release|Any CPU
		{E45975AD-F3AF-4E2D-A683-3E3BFB4B331E}.Release|Any CPU.Build.0 = Release|Any CPU
		{E45975AD-F3AF-4E2D-A683-3E3BFB4B331E}.Release|Any CPU.Deploy.0 = Release|Any CPU
		{E45975AD-F3AF-4E2D-A683-3E3BFB4B331E}.Release|ARM.ActiveCfg = Release|Any CPU
		{E45975AD-F3AF-4E2D-A683-3E3BFB4B331E}.Release|ARM.Build.0 = Release|Any CPU
		{E45975AD-F3AF-4E2D-A683-3E3BFB4B331E}.Release|ARM.Deploy.0 = Release|Any CPU
		{E45975AD-F3AF-4E2D-A683-3E3BFB4B331E}.Release|iPhone.ActiveCfg = Release|Any CPU
		{E45975AD-F3AF-4E2D-A683-3E3BFB4B331E}.Release|iPhone.Build.0 = Release|Any CPU
		{E45975AD-F3AF-4E2D-A683-3E3BFB4B331E}.Release|iPhone.Deploy.0 = Release|Any CPU
		{E45975AD-F3AF-4E2D-A683-3E3BFB4B331E}.Release|iPhoneSimulator.ActiveCfg = Release|Any CPU
		{E45975AD-F3AF-4E2D-A683-3E3BFB4B331E}.Release|iPhoneSimulator.Build.0 = Release|Any CPU
		{E45975AD-F3AF-4E2D-A683-3E3BFB4B331E}.Release|iPhoneSimulator.Deploy.0 = Release|Any CPU
		{E45975AD-F3AF-4E2D-A683-3E3BFB4B331E}.Release|x64.ActiveCfg = Release|Any CPU
		{E45975AD-F3AF-4E2D-A683-3E3BFB4B331E}.Release|x64.Build.0 = Release|Any CPU
		{E45975AD-F3AF-4E2D-A683-3E3BFB4B331E}.Release|x64.Deploy.0 = Release|Any CPU
		{E45975AD-F3AF-4E2D-A683-3E3BFB4B331E}.Release|x86.ActiveCfg = Release|Any CPU
		{E45975AD-F3AF-4E2D-A683-3E3BFB4B331E}.Release|x86.Build.0 = Release|Any CPU
		{E45975AD-F3AF-4E2D-A683-3E3BFB4B331E}.Release|x86.Deploy.0 = Release|Any CPU
		{448DEB13-CBC7-464A-9148-7A45DFC5A632}.Ad-Hoc|Any CPU.ActiveCfg = Ad-Hoc|iPhone
		{448DEB13-CBC7-464A-9148-7A45DFC5A632}.Ad-Hoc|ARM.ActiveCfg = Ad-Hoc|iPhone
		{448DEB13-CBC7-464A-9148-7A45DFC5A632}.Ad-Hoc|iPhone.ActiveCfg = Ad-Hoc|iPhone
		{448DEB13-CBC7-464A-9148-7A45DFC5A632}.Ad-Hoc|iPhone.Build.0 = Ad-Hoc|iPhone
		{448DEB13-CBC7-464A-9148-7A45DFC5A632}.Ad-Hoc|iPhoneSimulator.ActiveCfg = Ad-Hoc|iPhoneSimulator
		{448DEB13-CBC7-464A-9148-7A45DFC5A632}.Ad-Hoc|iPhoneSimulator.Build.0 = Ad-Hoc|iPhoneSimulator
		{448DEB13-CBC7-464A-9148-7A45DFC5A632}.Ad-Hoc|x64.ActiveCfg = Ad-Hoc|iPhone
		{448DEB13-CBC7-464A-9148-7A45DFC5A632}.Ad-Hoc|x86.ActiveCfg = Ad-Hoc|iPhone
		{448DEB13-CBC7-464A-9148-7A45DFC5A632}.AppStore|Any CPU.ActiveCfg = AppStore|iPhone
		{448DEB13-CBC7-464A-9148-7A45DFC5A632}.AppStore|ARM.ActiveCfg = AppStore|iPhone
		{448DEB13-CBC7-464A-9148-7A45DFC5A632}.AppStore|iPhone.ActiveCfg = AppStore|iPhone
		{448DEB13-CBC7-464A-9148-7A45DFC5A632}.AppStore|iPhone.Build.0 = AppStore|iPhone
		{448DEB13-CBC7-464A-9148-7A45DFC5A632}.AppStore|iPhoneSimulator.ActiveCfg = AppStore|iPhoneSimulator
		{448DEB13-CBC7-464A-9148-7A45DFC5A632}.AppStore|iPhoneSimulator.Build.0 = AppStore|iPhoneSimulator
		{448DEB13-CBC7-464A-9148-7A45DFC5A632}.AppStore|x64.ActiveCfg = AppStore|iPhone
		{448DEB13-CBC7-464A-9148-7A45DFC5A632}.AppStore|x86.ActiveCfg = AppStore|iPhone
		{448DEB13-CBC7-464A-9148-7A45DFC5A632}.Debug|Any CPU.ActiveCfg = Debug|iPhone
		{448DEB13-CBC7-464A-9148-7A45DFC5A632}.Debug|ARM.ActiveCfg = Debug|iPhone
		{448DEB13-CBC7-464A-9148-7A45DFC5A632}.Debug|iPhone.ActiveCfg = Debug|iPhone
		{448DEB13-CBC7-464A-9148-7A45DFC5A632}.Debug|iPhone.Build.0 = Debug|iPhone
		{448DEB13-CBC7-464A-9148-7A45DFC5A632}.Debug|iPhoneSimulator.ActiveCfg = Debug|iPhoneSimulator
		{448DEB13-CBC7-464A-9148-7A45DFC5A632}.Debug|iPhoneSimulator.Build.0 = Debug|iPhoneSimulator
		{448DEB13-CBC7-464A-9148-7A45DFC5A632}.Debug|x64.ActiveCfg = Debug|iPhone
		{448DEB13-CBC7-464A-9148-7A45DFC5A632}.Debug|x86.ActiveCfg = Debug|iPhone
		{448DEB13-CBC7-464A-9148-7A45DFC5A632}.Release|Any CPU.ActiveCfg = Release|iPhone
		{448DEB13-CBC7-464A-9148-7A45DFC5A632}.Release|ARM.ActiveCfg = Release|iPhone
		{448DEB13-CBC7-464A-9148-7A45DFC5A632}.Release|iPhone.ActiveCfg = Release|iPhone
		{448DEB13-CBC7-464A-9148-7A45DFC5A632}.Release|iPhone.Build.0 = Release|iPhone
		{448DEB13-CBC7-464A-9148-7A45DFC5A632}.Release|iPhoneSimulator.ActiveCfg = Release|iPhoneSimulator
		{448DEB13-CBC7-464A-9148-7A45DFC5A632}.Release|iPhoneSimulator.Build.0 = Release|iPhoneSimulator
		{448DEB13-CBC7-464A-9148-7A45DFC5A632}.Release|x64.ActiveCfg = Release|iPhone
		{448DEB13-CBC7-464A-9148-7A45DFC5A632}.Release|x86.ActiveCfg = Release|iPhone
		{2546B554-4BDC-47B8-84C3-E8AA51594955}.Ad-Hoc|Any CPU.ActiveCfg = Release|x86
		{2546B554-4BDC-47B8-84C3-E8AA51594955}.Ad-Hoc|Any CPU.Build.0 = Release|x86
		{2546B554-4BDC-47B8-84C3-E8AA51594955}.Ad-Hoc|Any CPU.Deploy.0 = Release|x86
		{2546B554-4BDC-47B8-84C3-E8AA51594955}.Ad-Hoc|ARM.ActiveCfg = Release|ARM
		{2546B554-4BDC-47B8-84C3-E8AA51594955}.Ad-Hoc|ARM.Build.0 = Release|ARM
		{2546B554-4BDC-47B8-84C3-E8AA51594955}.Ad-Hoc|ARM.Deploy.0 = Release|ARM
		{2546B554-4BDC-47B8-84C3-E8AA51594955}.Ad-Hoc|iPhone.ActiveCfg = Release|x86
		{2546B554-4BDC-47B8-84C3-E8AA51594955}.Ad-Hoc|iPhone.Build.0 = Release|x86
		{2546B554-4BDC-47B8-84C3-E8AA51594955}.Ad-Hoc|iPhone.Deploy.0 = Release|x86
		{2546B554-4BDC-47B8-84C3-E8AA51594955}.Ad-Hoc|iPhoneSimulator.ActiveCfg = Release|x86
		{2546B554-4BDC-47B8-84C3-E8AA51594955}.Ad-Hoc|iPhoneSimulator.Build.0 = Release|x86
		{2546B554-4BDC-47B8-84C3-E8AA51594955}.Ad-Hoc|iPhoneSimulator.Deploy.0 = Release|x86
		{2546B554-4BDC-47B8-84C3-E8AA51594955}.Ad-Hoc|x64.ActiveCfg = Release|x64
		{2546B554-4BDC-47B8-84C3-E8AA51594955}.Ad-Hoc|x64.Build.0 = Release|x64
		{2546B554-4BDC-47B8-84C3-E8AA51594955}.Ad-Hoc|x64.Deploy.0 = Release|x64
		{2546B554-4BDC-47B8-84C3-E8AA51594955}.Ad-Hoc|x86.ActiveCfg = Release|x86
		{2546B554-4BDC-47B8-84C3-E8AA51594955}.Ad-Hoc|x86.Build.0 = Release|x86
		{2546B554-4BDC-47B8-84C3-E8AA51594955}.Ad-Hoc|x86.Deploy.0 = Release|x86
		{2546B554-4BDC-47B8-84C3-E8AA51594955}.AppStore|Any CPU.ActiveCfg = Release|x86
		{2546B554-4BDC-47B8-84C3-E8AA51594955}.AppStore|Any CPU.Build.0 = Release|x86
		{2546B554-4BDC-47B8-84C3-E8AA51594955}.AppStore|Any CPU.Deploy.0 = Release|x86
		{2546B554-4BDC-47B8-84C3-E8AA51594955}.AppStore|ARM.ActiveCfg = Release|ARM
		{2546B554-4BDC-47B8-84C3-E8AA51594955}.AppStore|ARM.Build.0 = Release|ARM
		{2546B554-4BDC-47B8-84C3-E8AA51594955}.AppStore|ARM.Deploy.0 = Release|ARM
		{2546B554-4BDC-47B8-84C3-E8AA51594955}.AppStore|iPhone.ActiveCfg = Release|x86
		{2546B554-4BDC-47B8-84C3-E8AA51594955}.AppStore|iPhone.Build.0 = Release|x86
		{2546B554-4BDC-47B8-84C3-E8AA51594955}.AppStore|iPhone.Deploy.0 = Release|x86
		{2546B554-4BDC-47B8-84C3-E8AA51594955}.AppStore|iPhoneSimulator.ActiveCfg = Release|x86
		{2546B554-4BDC-47B8-84C3-E8AA51594955}.AppStore|iPhoneSimulator.Build.0 = Release|x86
		{2546B554-4BDC-47B8-84C3-E8AA51594955}.AppStore|iPhoneSimulator.Deploy.0 = Release|x86
		{2546B554-4BDC-47B8-84C3-E8AA51594955}.AppStore|x64.ActiveCfg = Release|x64
		{2546B554-4BDC-47B8-84C3-E8AA51594955}.AppStore|x64.Build.0 = Release|x64
		{2546B554-4BDC-47B8-84C3-E8AA51594955}.AppStore|x64.Deploy.0 = Release|x64
		{2546B554-4BDC-47B8-84C3-E8AA51594955}.AppStore|x86.ActiveCfg = Release|x86
		{2546B554-4BDC-47B8-84C3-E8AA51594955}.AppStore|x86.Build.0 = Release|x86
		{2546B554-4BDC-47B8-84C3-E8AA51594955}.AppStore|x86.Deploy.0 = Release|x86
		{2546B554-4BDC-47B8-84C3-E8AA51594955}.Debug|Any CPU.ActiveCfg = Debug|x86
		{2546B554-4BDC-47B8-84C3-E8AA51594955}.Debug|ARM.ActiveCfg = Debug|ARM
		{2546B554-4BDC-47B8-84C3-E8AA51594955}.Debug|ARM.Build.0 = Debug|ARM
		{2546B554-4BDC-47B8-84C3-E8AA51594955}.Debug|ARM.Deploy.0 = Debug|ARM
		{2546B554-4BDC-47B8-84C3-E8AA51594955}.Debug|iPhone.ActiveCfg = Debug|x86
		{2546B554-4BDC-47B8-84C3-E8AA51594955}.Debug|iPhoneSimulator.ActiveCfg = Debug|x86
		{2546B554-4BDC-47B8-84C3-E8AA51594955}.Debug|x64.ActiveCfg = Debug|x64
		{2546B554-4BDC-47B8-84C3-E8AA51594955}.Debug|x64.Build.0 = Debug|x64
		{2546B554-4BDC-47B8-84C3-E8AA51594955}.Debug|x64.Deploy.0 = Debug|x64
		{2546B554-4BDC-47B8-84C3-E8AA51594955}.Debug|x86.ActiveCfg = Debug|x86
		{2546B554-4BDC-47B8-84C3-E8AA51594955}.Debug|x86.Build.0 = Debug|x86
		{2546B554-4BDC-47B8-84C3-E8AA51594955}.Debug|x86.Deploy.0 = Debug|x86
		{2546B554-4BDC-47B8-84C3-E8AA51594955}.Release|Any CPU.ActiveCfg = Release|x86
		{2546B554-4BDC-47B8-84C3-E8AA51594955}.Release|ARM.ActiveCfg = Release|ARM
		{2546B554-4BDC-47B8-84C3-E8AA51594955}.Release|ARM.Build.0 = Release|ARM
		{2546B554-4BDC-47B8-84C3-E8AA51594955}.Release|ARM.Deploy.0 = Release|ARM
		{2546B554-4BDC-47B8-84C3-E8AA51594955}.Release|iPhone.ActiveCfg = Release|x86
		{2546B554-4BDC-47B8-84C3-E8AA51594955}.Release|iPhoneSimulator.ActiveCfg = Release|x86
		{2546B554-4BDC-47B8-84C3-E8AA51594955}.Release|x64.ActiveCfg = Release|x64
		{2546B554-4BDC-47B8-84C3-E8AA51594955}.Release|x64.Build.0 = Release|x64
		{2546B554-4BDC-47B8-84C3-E8AA51594955}.Release|x64.Deploy.0 = Release|x64
		{2546B554-4BDC-47B8-84C3-E8AA51594955}.Release|x86.ActiveCfg = Release|x86
		{2546B554-4BDC-47B8-84C3-E8AA51594955}.Release|x86.Build.0 = Release|x86
		{2546B554-4BDC-47B8-84C3-E8AA51594955}.Release|x86.Deploy.0 = Release|x86
	EndGlobalSection
	GlobalSection(SolutionProperties) = preSolution
		HideSolutionNode = FALSE
	EndGlobalSection
	GlobalSection(ExtensibilityGlobals) = postSolution
		SolutionGuid = {BA712052-43FA-4866-914B-EF83B83BA106}
	EndGlobalSection
EndGlobal
