
Microsoft Visual Studio Solution File, Format Version 12.00
# Visual Studio 15
VisualStudioVersion = 15.0.27004.2009
MinimumVisualStudioVersion = 10.0.40219.1
Project("{FAE04EC0-301F-11D3-BF4B-00C04F79EFBC}") = "XFPrismDBinding", "XFPrismDBinding\XFPrismDBinding\XFPrismDBinding.csproj", "{01002D46-1697-4597-81EA-293626FD6E23}"
EndProject
Project("{FAE04EC0-301F-11D3-BF4B-00C04F79EFBC}") = "XFPrismDBinding.Android", "XFPrismDBinding\XFPrismDBinding.Android\XFPrismDBinding.Android.csproj", "{6F777A25-F6ED-40E9-AEAE-BB8FA0B72B6E}"
EndProject
Project("{FAE04EC0-301F-11D3-BF4B-00C04F79EFBC}") = "XFPrismDBinding.iOS", "XFPrismDBinding\XFPrismDBinding.iOS\XFPrismDBinding.iOS.csproj", "{CD995949-42BC-40DF-A316-0F9B71ED3631}"
EndProject
Project("{FAE04EC0-301F-11D3-BF4B-00C04F79EFBC}") = "XFPrismDBinding.UWP", "XFPrismDBinding\XFPrismDBinding.UWP\XFPrismDBinding.UWP.csproj", "{86969877-ED37-423F-81E0-EAA7AE114ACC}"
EndProject
Global
	GlobalSection(SolutionConfigurationPlatforms) = preSolution
		Ad-Hoc|Any CPU = Ad-Hoc|Any CPU
		Ad-Hoc|ARM = Ad-Hoc|ARM
		Ad-Hoc|iPhone = Ad-Hoc|iPhone
		Ad-Hoc|iPhoneSimulator = Ad-Hoc|iPhoneSimulator
		Ad-Hoc|x64 = Ad-Hoc|x64
		Ad-Hoc|x86 = Ad-Hoc|x86
		AppStore|Any CPU = AppStore|Any CPU
		AppStore|ARM = AppStore|ARM
		AppStore|iPhone = AppStore|iPhone
		AppStore|iPhoneSimulator = AppStore|iPhoneSimulator
		AppStore|x64 = AppStore|x64
		AppStore|x86 = AppStore|x86
		Debug|Any CPU = Debug|Any CPU
		Debug|ARM = Debug|ARM
		Debug|iPhone = Debug|iPhone
		Debug|iPhoneSimulator = Debug|iPhoneSimulator
		Debug|x64 = Debug|x64
		Debug|x86 = Debug|x86
		Release|Any CPU = Release|Any CPU
		Release|ARM = Release|ARM
		Release|iPhone = Release|iPhone
		Release|iPhoneSimulator = Release|iPhoneSimulator
		Release|x64 = Release|x64
		Release|x86 = Release|x86
	EndGlobalSection
	GlobalSection(ProjectConfigurationPlatforms) = postSolution
		{01002D46-1697-4597-81EA-293626FD6E23}.Ad-Hoc|Any CPU.ActiveCfg = Debug|Any CPU
		{01002D46-1697-4597-81EA-293626FD6E23}.Ad-Hoc|Any CPU.Build.0 = Debug|Any CPU
		{01002D46-1697-4597-81EA-293626FD6E23}.Ad-Hoc|ARM.ActiveCfg = Debug|Any CPU
		{01002D46-1697-4597-81EA-293626FD6E23}.Ad-Hoc|ARM.Build.0 = Debug|Any CPU
		{01002D46-1697-4597-81EA-293626FD6E23}.Ad-Hoc|iPhone.ActiveCfg = Debug|Any CPU
		{01002D46-1697-4597-81EA-293626FD6E23}.Ad-Hoc|iPhone.Build.0 = Debug|Any CPU
		{01002D46-1697-4597-81EA-293626FD6E23}.Ad-Hoc|iPhoneSimulator.ActiveCfg = Debug|Any CPU
		{01002D46-1697-4597-81EA-293626FD6E23}.Ad-Hoc|iPhoneSimulator.Build.0 = Debug|Any CPU
		{01002D46-1697-4597-81EA-293626FD6E23}.Ad-Hoc|x64.ActiveCfg = Debug|Any CPU
		{01002D46-1697-4597-81EA-293626FD6E23}.Ad-Hoc|x64.Build.0 = Debug|Any CPU
		{01002D46-1697-4597-81EA-293626FD6E23}.Ad-Hoc|x86.ActiveCfg = Debug|Any CPU
		{01002D46-1697-4597-81EA-293626FD6E23}.Ad-Hoc|x86.Build.0 = Debug|Any CPU
		{01002D46-1697-4597-81EA-293626FD6E23}.AppStore|Any CPU.ActiveCfg = Debug|Any CPU
		{01002D46-1697-4597-81EA-293626FD6E23}.AppStore|Any CPU.Build.0 = Debug|Any CPU
		{01002D46-1697-4597-81EA-293626FD6E23}.AppStore|ARM.ActiveCfg = Debug|Any CPU
		{01002D46-1697-4597-81EA-293626FD6E23}.AppStore|ARM.Build.0 = Debug|Any CPU
		{01002D46-1697-4597-81EA-293626FD6E23}.AppStore|iPhone.ActiveCfg = Debug|Any CPU
		{01002D46-1697-4597-81EA-293626FD6E23}.AppStore|iPhone.Build.0 = Debug|Any CPU
		{01002D46-1697-4597-81EA-293626FD6E23}.AppStore|iPhoneSimulator.ActiveCfg = Debug|Any CPU
		{01002D46-1697-4597-81EA-293626FD6E23}.AppStore|iPhoneSimulator.Build.0 = Debug|Any CPU
		{01002D46-1697-4597-81EA-293626FD6E23}.AppStore|x64.ActiveCfg = Debug|Any CPU
		{01002D46-1697-4597-81EA-293626FD6E23}.AppStore|x64.Build.0 = Debug|Any CPU
		{01002D46-1697-4597-81EA-293626FD6E23}.AppStore|x86.ActiveCfg = Debug|Any CPU
		{01002D46-1697-4597-81EA-293626FD6E23}.AppStore|x86.Build.0 = Debug|Any CPU
		{01002D46-1697-4597-81EA-293626FD6E23}.Debug|Any CPU.ActiveCfg = Debug|Any CPU
		{01002D46-1697-4597-81EA-293626FD6E23}.Debug|Any CPU.Build.0 = Debug|Any CPU
		{01002D46-1697-4597-81EA-293626FD6E23}.Debug|ARM.ActiveCfg = Debug|Any CPU
		{01002D46-1697-4597-81EA-293626FD6E23}.Debug|ARM.Build.0 = Debug|Any CPU
		{01002D46-1697-4597-81EA-293626FD6E23}.Debug|iPhone.ActiveCfg = Debug|Any CPU
		{01002D46-1697-4597-81EA-293626FD6E23}.Debug|iPhone.Build.0 = Debug|Any CPU
		{01002D46-1697-4597-81EA-293626FD6E23}.Debug|iPhoneSimulator.ActiveCfg = Debug|Any CPU
		{01002D46-1697-4597-81EA-293626FD6E23}.Debug|iPhoneSimulator.Build.0 = Debug|Any CPU
		{01002D46-1697-4597-81EA-293626FD6E23}.Debug|x64.ActiveCfg = Debug|Any CPU
		{01002D46-1697-4597-81EA-293626FD6E23}.Debug|x64.Build.0 = Debug|Any CPU
		{01002D46-1697-4597-81EA-293626FD6E23}.Debug|x86.ActiveCfg = Debug|Any CPU
		{01002D46-1697-4597-81EA-293626FD6E23}.Debug|x86.Build.0 = Debug|Any CPU
		{01002D46-1697-4597-81EA-293626FD6E23}.Release|Any CPU.ActiveCfg = Release|Any CPU
		{01002D46-1697-4597-81EA-293626FD6E23}.Release|Any CPU.Build.0 = Release|Any CPU
		{01002D46-1697-4597-81EA-293626FD6E23}.Release|ARM.ActiveCfg = Release|Any CPU
		{01002D46-1697-4597-81EA-293626FD6E23}.Release|ARM.Build.0 = Release|Any CPU
		{01002D46-1697-4597-81EA-293626FD6E23}.Release|iPhone.ActiveCfg = Release|Any CPU
		{01002D46-1697-4597-81EA-293626FD6E23}.Release|iPhone.Build.0 = Release|Any CPU
		{01002D46-1697-4597-81EA-293626FD6E23}.Release|iPhoneSimulator.ActiveCfg = Release|Any CPU
		{01002D46-1697-4597-81EA-293626FD6E23}.Release|iPhoneSimulator.Build.0 = Release|Any CPU
		{01002D46-1697-4597-81EA-293626FD6E23}.Release|x64.ActiveCfg = Release|Any CPU
		{01002D46-1697-4597-81EA-293626FD6E23}.Release|x64.Build.0 = Release|Any CPU
		{01002D46-1697-4597-81EA-293626FD6E23}.Release|x86.ActiveCfg = Release|Any CPU
		{01002D46-1697-4597-81EA-293626FD6E23}.Release|x86.Build.0 = Release|Any CPU
		{6F777A25-F6ED-40E9-AEAE-BB8FA0B72B6E}.Ad-Hoc|Any CPU.ActiveCfg = Release|Any CPU
		{6F777A25-F6ED-40E9-AEAE-BB8FA0B72B6E}.Ad-Hoc|Any CPU.Build.0 = Release|Any CPU
		{6F777A25-F6ED-40E9-AEAE-BB8FA0B72B6E}.Ad-Hoc|Any CPU.Deploy.0 = Release|Any CPU
		{6F777A25-F6ED-40E9-AEAE-BB8FA0B72B6E}.Ad-Hoc|ARM.ActiveCfg = Release|Any CPU
		{6F777A25-F6ED-40E9-AEAE-BB8FA0B72B6E}.Ad-Hoc|ARM.Build.0 = Release|Any CPU
		{6F777A25-F6ED-40E9-AEAE-BB8FA0B72B6E}.Ad-Hoc|ARM.Deploy.0 = Release|Any CPU
		{6F777A25-F6ED-40E9-AEAE-BB8FA0B72B6E}.Ad-Hoc|iPhone.ActiveCfg = Release|Any CPU
		{6F777A25-F6ED-40E9-AEAE-BB8FA0B72B6E}.Ad-Hoc|iPhone.Build.0 = Release|Any CPU
		{6F777A25-F6ED-40E9-AEAE-BB8FA0B72B6E}.Ad-Hoc|iPhone.Deploy.0 = Release|Any CPU
		{6F777A25-F6ED-40E9-AEAE-BB8FA0B72B6E}.Ad-Hoc|iPhoneSimulator.ActiveCfg = Release|Any CPU
		{6F777A25-F6ED-40E9-AEAE-BB8FA0B72B6E}.Ad-Hoc|iPhoneSimulator.Build.0 = Release|Any CPU
		{6F777A25-F6ED-40E9-AEAE-BB8FA0B72B6E}.Ad-Hoc|iPhoneSimulator.Deploy.0 = Release|Any CPU
		{6F777A25-F6ED-40E9-AEAE-BB8FA0B72B6E}.Ad-Hoc|x64.ActiveCfg = Release|Any CPU
		{6F777A25-F6ED-40E9-AEAE-BB8FA0B72B6E}.Ad-Hoc|x64.Build.0 = Release|Any CPU
		{6F777A25-F6ED-40E9-AEAE-BB8FA0B72B6E}.Ad-Hoc|x64.Deploy.0 = Release|Any CPU
		{6F777A25-F6ED-40E9-AEAE-BB8FA0B72B6E}.Ad-Hoc|x86.ActiveCfg = Release|Any CPU
		{6F777A25-F6ED-40E9-AEAE-BB8FA0B72B6E}.Ad-Hoc|x86.Build.0 = Release|Any CPU
		{6F777A25-F6ED-40E9-AEAE-BB8FA0B72B6E}.Ad-Hoc|x86.Deploy.0 = Release|Any CPU
		{6F777A25-F6ED-40E9-AEAE-BB8FA0B72B6E}.AppStore|Any CPU.ActiveCfg = Release|Any CPU
		{6F777A25-F6ED-40E9-AEAE-BB8FA0B72B6E}.AppStore|Any CPU.Build.0 = Release|Any CPU
		{6F777A25-F6ED-40E9-AEAE-BB8FA0B72B6E}.AppStore|Any CPU.Deploy.0 = Release|Any CPU
		{6F777A25-F6ED-40E9-AEAE-BB8FA0B72B6E}.AppStore|ARM.ActiveCfg = Release|Any CPU
		{6F777A25-F6ED-40E9-AEAE-BB8FA0B72B6E}.AppStore|ARM.Build.0 = Release|Any CPU
		{6F777A25-F6ED-40E9-AEAE-BB8FA0B72B6E}.AppStore|ARM.Deploy.0 = Release|Any CPU
		{6F777A25-F6ED-40E9-AEAE-BB8FA0B72B6E}.AppStore|iPhone.ActiveCfg = Release|Any CPU
		{6F777A25-F6ED-40E9-AEAE-BB8FA0B72B6E}.AppStore|iPhone.Build.0 = Release|Any CPU
		{6F777A25-F6ED-40E9-AEAE-BB8FA0B72B6E}.AppStore|iPhone.Deploy.0 = Release|Any CPU
		{6F777A25-F6ED-40E9-AEAE-BB8FA0B72B6E}.AppStore|iPhoneSimulator.ActiveCfg = Release|Any CPU
		{6F777A25-F6ED-40E9-AEAE-BB8FA0B72B6E}.AppStore|iPhoneSimulator.Build.0 = Release|Any CPU
		{6F777A25-F6ED-40E9-AEAE-BB8FA0B72B6E}.AppStore|iPhoneSimulator.Deploy.0 = Release|Any CPU
		{6F777A25-F6ED-40E9-AEAE-BB8FA0B72B6E}.AppStore|x64.ActiveCfg = Release|Any CPU
		{6F777A25-F6ED-40E9-AEAE-BB8FA0B72B6E}.AppStore|x64.Build.0 = Release|Any CPU
		{6F777A25-F6ED-40E9-AEAE-BB8FA0B72B6E}.AppStore|x64.Deploy.0 = Release|Any CPU
		{6F777A25-F6ED-40E9-AEAE-BB8FA0B72B6E}.AppStore|x86.ActiveCfg = Release|Any CPU
		{6F777A25-F6ED-40E9-AEAE-BB8FA0B72B6E}.AppStore|x86.Build.0 = Release|Any CPU
		{6F777A25-F6ED-40E9-AEAE-BB8FA0B72B6E}.AppStore|x86.Deploy.0 = Release|Any CPU
		{6F777A25-F6ED-40E9-AEAE-BB8FA0B72B6E}.Debug|Any CPU.ActiveCfg = Debug|Any CPU
		{6F777A25-F6ED-40E9-AEAE-BB8FA0B72B6E}.Debug|Any CPU.Build.0 = Debug|Any CPU
		{6F777A25-F6ED-40E9-AEAE-BB8FA0B72B6E}.Debug|Any CPU.Deploy.0 = Debug|Any CPU
		{6F777A25-F6ED-40E9-AEAE-BB8FA0B72B6E}.Debug|ARM.ActiveCfg = Debug|Any CPU
		{6F777A25-F6ED-40E9-AEAE-BB8FA0B72B6E}.Debug|ARM.Build.0 = Debug|Any CPU
		{6F777A25-F6ED-40E9-AEAE-BB8FA0B72B6E}.Debug|ARM.Deploy.0 = Debug|Any CPU
		{6F777A25-F6ED-40E9-AEAE-BB8FA0B72B6E}.Debug|iPhone.ActiveCfg = Debug|Any CPU
		{6F777A25-F6ED-40E9-AEAE-BB8FA0B72B6E}.Debug|iPhone.Build.0 = Debug|Any CPU
		{6F777A25-F6ED-40E9-AEAE-BB8FA0B72B6E}.Debug|iPhone.Deploy.0 = Debug|Any CPU
		{6F777A25-F6ED-40E9-AEAE-BB8FA0B72B6E}.Debug|iPhoneSimulator.ActiveCfg = Debug|Any CPU
		{6F777A25-F6ED-40E9-AEAE-BB8FA0B72B6E}.Debug|iPhoneSimulator.Build.0 = Debug|Any CPU
		{6F777A25-F6ED-40E9-AEAE-BB8FA0B72B6E}.Debug|iPhoneSimulator.Deploy.0 = Debug|Any CPU
		{6F777A25-F6ED-40E9-AEAE-BB8FA0B72B6E}.Debug|x64.ActiveCfg = Debug|Any CPU
		{6F777A25-F6ED-40E9-AEAE-BB8FA0B72B6E}.Debug|x64.Build.0 = Debug|Any CPU
		{6F777A25-F6ED-40E9-AEAE-BB8FA0B72B6E}.Debug|x64.Deploy.0 = Debug|Any CPU
		{6F777A25-F6ED-40E9-AEAE-BB8FA0B72B6E}.Debug|x86.ActiveCfg = Debug|Any CPU
		{6F777A25-F6ED-40E9-AEAE-BB8FA0B72B6E}.Debug|x86.Build.0 = Debug|Any CPU
		{6F777A25-F6ED-40E9-AEAE-BB8FA0B72B6E}.Debug|x86.Deploy.0 = Debug|Any CPU
		{6F777A25-F6ED-40E9-AEAE-BB8FA0B72B6E}.Release|Any CPU.ActiveCfg = Release|Any CPU
		{6F777A25-F6ED-40E9-AEAE-BB8FA0B72B6E}.Release|Any CPU.Build.0 = Release|Any CPU
		{6F777A25-F6ED-40E9-AEAE-BB8FA0B72B6E}.Release|Any CPU.Deploy.0 = Release|Any CPU
		{6F777A25-F6ED-40E9-AEAE-BB8FA0B72B6E}.Release|ARM.ActiveCfg = Release|Any CPU
		{6F777A25-F6ED-40E9-AEAE-BB8FA0B72B6E}.Release|ARM.Build.0 = Release|Any CPU
		{6F777A25-F6ED-40E9-AEAE-BB8FA0B72B6E}.Release|ARM.Deploy.0 = Release|Any CPU
		{6F777A25-F6ED-40E9-AEAE-BB8FA0B72B6E}.Release|iPhone.ActiveCfg = Release|Any CPU
		{6F777A25-F6ED-40E9-AEAE-BB8FA0B72B6E}.Release|iPhone.Build.0 = Release|Any CPU
		{6F777A25-F6ED-40E9-AEAE-BB8FA0B72B6E}.Release|iPhone.Deploy.0 = Release|Any CPU
		{6F777A25-F6ED-40E9-AEAE-BB8FA0B72B6E}.Release|iPhoneSimulator.ActiveCfg = Release|Any CPU
		{6F777A25-F6ED-40E9-AEAE-BB8FA0B72B6E}.Release|iPhoneSimulator.Build.0 = Release|Any CPU
		{6F777A25-F6ED-40E9-AEAE-BB8FA0B72B6E}.Release|iPhoneSimulator.Deploy.0 = Release|Any CPU
		{6F777A25-F6ED-40E9-AEAE-BB8FA0B72B6E}.Release|x64.ActiveCfg = Release|Any CPU
		{6F777A25-F6ED-40E9-AEAE-BB8FA0B72B6E}.Release|x64.Build.0 = Release|Any CPU
		{6F777A25-F6ED-40E9-AEAE-BB8FA0B72B6E}.Release|x64.Deploy.0 = Release|Any CPU
		{6F777A25-F6ED-40E9-AEAE-BB8FA0B72B6E}.Release|x86.ActiveCfg = Release|Any CPU
		{6F777A25-F6ED-40E9-AEAE-BB8FA0B72B6E}.Release|x86.Build.0 = Release|Any CPU
		{6F777A25-F6ED-40E9-AEAE-BB8FA0B72B6E}.Release|x86.Deploy.0 = Release|Any CPU
		{CD995949-42BC-40DF-A316-0F9B71ED3631}.Ad-Hoc|Any CPU.ActiveCfg = Ad-Hoc|iPhone
		{CD995949-42BC-40DF-A316-0F9B71ED3631}.Ad-Hoc|ARM.ActiveCfg = Ad-Hoc|iPhone
		{CD995949-42BC-40DF-A316-0F9B71ED3631}.Ad-Hoc|iPhone.ActiveCfg = Ad-Hoc|iPhone
		{CD995949-42BC-40DF-A316-0F9B71ED3631}.Ad-Hoc|iPhone.Build.0 = Ad-Hoc|iPhone
		{CD995949-42BC-40DF-A316-0F9B71ED3631}.Ad-Hoc|iPhoneSimulator.ActiveCfg = Ad-Hoc|iPhoneSimulator
		{CD995949-42BC-40DF-A316-0F9B71ED3631}.Ad-Hoc|iPhoneSimulator.Build.0 = Ad-Hoc|iPhoneSimulator
		{CD995949-42BC-40DF-A316-0F9B71ED3631}.Ad-Hoc|x64.ActiveCfg = Ad-Hoc|iPhone
		{CD995949-42BC-40DF-A316-0F9B71ED3631}.Ad-Hoc|x86.ActiveCfg = Ad-Hoc|iPhone
		{CD995949-42BC-40DF-A316-0F9B71ED3631}.AppStore|Any CPU.ActiveCfg = AppStore|iPhone
		{CD995949-42BC-40DF-A316-0F9B71ED3631}.AppStore|ARM.ActiveCfg = AppStore|iPhone
		{CD995949-42BC-40DF-A316-0F9B71ED3631}.AppStore|iPhone.ActiveCfg = AppStore|iPhone
		{CD995949-42BC-40DF-A316-0F9B71ED3631}.AppStore|iPhone.Build.0 = AppStore|iPhone
		{CD995949-42BC-40DF-A316-0F9B71ED3631}.AppStore|iPhoneSimulator.ActiveCfg = AppStore|iPhoneSimulator
		{CD995949-42BC-40DF-A316-0F9B71ED3631}.AppStore|iPhoneSimulator.Build.0 = AppStore|iPhoneSimulator
		{CD995949-42BC-40DF-A316-0F9B71ED3631}.AppStore|x64.ActiveCfg = AppStore|iPhone
		{CD995949-42BC-40DF-A316-0F9B71ED3631}.AppStore|x86.ActiveCfg = AppStore|iPhone
		{CD995949-42BC-40DF-A316-0F9B71ED3631}.Debug|Any CPU.ActiveCfg = Debug|iPhone
		{CD995949-42BC-40DF-A316-0F9B71ED3631}.Debug|ARM.ActiveCfg = Debug|iPhone
		{CD995949-42BC-40DF-A316-0F9B71ED3631}.Debug|iPhone.ActiveCfg = Debug|iPhone
		{CD995949-42BC-40DF-A316-0F9B71ED3631}.Debug|iPhone.Build.0 = Debug|iPhone
		{CD995949-42BC-40DF-A316-0F9B71ED3631}.Debug|iPhoneSimulator.ActiveCfg = Debug|iPhoneSimulator
		{CD995949-42BC-40DF-A316-0F9B71ED3631}.Debug|iPhoneSimulator.Build.0 = Debug|iPhoneSimulator
		{CD995949-42BC-40DF-A316-0F9B71ED3631}.Debug|x64.ActiveCfg = Debug|iPhone
		{CD995949-42BC-40DF-A316-0F9B71ED3631}.Debug|x86.ActiveCfg = Debug|iPhone
		{CD995949-42BC-40DF-A316-0F9B71ED3631}.Release|Any CPU.ActiveCfg = Release|iPhone
		{CD995949-42BC-40DF-A316-0F9B71ED3631}.Release|ARM.ActiveCfg = Release|iPhone
		{CD995949-42BC-40DF-A316-0F9B71ED3631}.Release|iPhone.ActiveCfg = Release|iPhone
		{CD995949-42BC-40DF-A316-0F9B71ED3631}.Release|iPhone.Build.0 = Release|iPhone
		{CD995949-42BC-40DF-A316-0F9B71ED3631}.Release|iPhoneSimulator.ActiveCfg = Release|iPhoneSimulator
		{CD995949-42BC-40DF-A316-0F9B71ED3631}.Release|iPhoneSimulator.Build.0 = Release|iPhoneSimulator
		{CD995949-42BC-40DF-A316-0F9B71ED3631}.Release|x64.ActiveCfg = Release|iPhone
		{CD995949-42BC-40DF-A316-0F9B71ED3631}.Release|x86.ActiveCfg = Release|iPhone
		{86969877-ED37-423F-81E0-EAA7AE114ACC}.Ad-Hoc|Any CPU.ActiveCfg = Release|x86
		{86969877-ED37-423F-81E0-EAA7AE114ACC}.Ad-Hoc|Any CPU.Build.0 = Release|x86
		{86969877-ED37-423F-81E0-EAA7AE114ACC}.Ad-Hoc|Any CPU.Deploy.0 = Release|x86
		{86969877-ED37-423F-81E0-EAA7AE114ACC}.Ad-Hoc|ARM.ActiveCfg = Release|ARM
		{86969877-ED37-423F-81E0-EAA7AE114ACC}.Ad-Hoc|ARM.Build.0 = Release|ARM
		{86969877-ED37-423F-81E0-EAA7AE114ACC}.Ad-Hoc|ARM.Deploy.0 = Release|ARM
		{86969877-ED37-423F-81E0-EAA7AE114ACC}.Ad-Hoc|iPhone.ActiveCfg = Release|x86
		{86969877-ED37-423F-81E0-EAA7AE114ACC}.Ad-Hoc|iPhone.Build.0 = Release|x86
		{86969877-ED37-423F-81E0-EAA7AE114ACC}.Ad-Hoc|iPhone.Deploy.0 = Release|x86
		{86969877-ED37-423F-81E0-EAA7AE114ACC}.Ad-Hoc|iPhoneSimulator.ActiveCfg = Release|x86
		{86969877-ED37-423F-81E0-EAA7AE114ACC}.Ad-Hoc|iPhoneSimulator.Build.0 = Release|x86
		{86969877-ED37-423F-81E0-EAA7AE114ACC}.Ad-Hoc|iPhoneSimulator.Deploy.0 = Release|x86
		{86969877-ED37-423F-81E0-EAA7AE114ACC}.Ad-Hoc|x64.ActiveCfg = Release|x64
		{86969877-ED37-423F-81E0-EAA7AE114ACC}.Ad-Hoc|x64.Build.0 = Release|x64
		{86969877-ED37-423F-81E0-EAA7AE114ACC}.Ad-Hoc|x64.Deploy.0 = Release|x64
		{86969877-ED37-423F-81E0-EAA7AE114ACC}.Ad-Hoc|x86.ActiveCfg = Release|x86
		{86969877-ED37-423F-81E0-EAA7AE114ACC}.Ad-Hoc|x86.Build.0 = Release|x86
		{86969877-ED37-423F-81E0-EAA7AE114ACC}.Ad-Hoc|x86.Deploy.0 = Release|x86
		{86969877-ED37-423F-81E0-EAA7AE114ACC}.AppStore|Any CPU.ActiveCfg = Release|x86
		{86969877-ED37-423F-81E0-EAA7AE114ACC}.AppStore|Any CPU.Build.0 = Release|x86
		{86969877-ED37-423F-81E0-EAA7AE114ACC}.AppStore|Any CPU.Deploy.0 = Release|x86
		{86969877-ED37-423F-81E0-EAA7AE114ACC}.AppStore|ARM.ActiveCfg = Release|ARM
		{86969877-ED37-423F-81E0-EAA7AE114ACC}.AppStore|ARM.Build.0 = Release|ARM
		{86969877-ED37-423F-81E0-EAA7AE114ACC}.AppStore|ARM.Deploy.0 = Release|ARM
		{86969877-ED37-423F-81E0-EAA7AE114ACC}.AppStore|iPhone.ActiveCfg = Release|x86
		{86969877-ED37-423F-81E0-EAA7AE114ACC}.AppStore|iPhone.Build.0 = Release|x86
		{86969877-ED37-423F-81E0-EAA7AE114ACC}.AppStore|iPhone.Deploy.0 = Release|x86
		{86969877-ED37-423F-81E0-EAA7AE114ACC}.AppStore|iPhoneSimulator.ActiveCfg = Release|x86
		{86969877-ED37-423F-81E0-EAA7AE114ACC}.AppStore|iPhoneSimulator.Build.0 = Release|x86
		{86969877-ED37-423F-81E0-EAA7AE114ACC}.AppStore|iPhoneSimulator.Deploy.0 = Release|x86
		{86969877-ED37-423F-81E0-EAA7AE114ACC}.AppStore|x64.ActiveCfg = Release|x64
		{86969877-ED37-423F-81E0-EAA7AE114ACC}.AppStore|x64.Build.0 = Release|x64
		{86969877-ED37-423F-81E0-EAA7AE114ACC}.AppStore|x64.Deploy.0 = Release|x64
		{86969877-ED37-423F-81E0-EAA7AE114ACC}.AppStore|x86.ActiveCfg = Release|x86
		{86969877-ED37-423F-81E0-EAA7AE114ACC}.AppStore|x86.Build.0 = Release|x86
		{86969877-ED37-423F-81E0-EAA7AE114ACC}.AppStore|x86.Deploy.0 = Release|x86
		{86969877-ED37-423F-81E0-EAA7AE114ACC}.Debug|Any CPU.ActiveCfg = Debug|x86
		{86969877-ED37-423F-81E0-EAA7AE114ACC}.Debug|ARM.ActiveCfg = Debug|ARM
		{86969877-ED37-423F-81E0-EAA7AE114ACC}.Debug|ARM.Build.0 = Debug|ARM
		{86969877-ED37-423F-81E0-EAA7AE114ACC}.Debug|ARM.Deploy.0 = Debug|ARM
		{86969877-ED37-423F-81E0-EAA7AE114ACC}.Debug|iPhone.ActiveCfg = Debug|x86
		{86969877-ED37-423F-81E0-EAA7AE114ACC}.Debug|iPhoneSimulator.ActiveCfg = Debug|x86
		{86969877-ED37-423F-81E0-EAA7AE114ACC}.Debug|x64.ActiveCfg = Debug|x64
		{86969877-ED37-423F-81E0-EAA7AE114ACC}.Debug|x64.Build.0 = Debug|x64
		{86969877-ED37-423F-81E0-EAA7AE114ACC}.Debug|x64.Deploy.0 = Debug|x64
		{86969877-ED37-423F-81E0-EAA7AE114ACC}.Debug|x86.ActiveCfg = Debug|x86
		{86969877-ED37-423F-81E0-EAA7AE114ACC}.Debug|x86.Build.0 = Debug|x86
		{86969877-ED37-423F-81E0-EAA7AE114ACC}.Debug|x86.Deploy.0 = Debug|x86
		{86969877-ED37-423F-81E0-EAA7AE114ACC}.Release|Any CPU.ActiveCfg = Release|x86
		{86969877-ED37-423F-81E0-EAA7AE114ACC}.Release|ARM.ActiveCfg = Release|ARM
		{86969877-ED37-423F-81E0-EAA7AE114ACC}.Release|ARM.Build.0 = Release|ARM
		{86969877-ED37-423F-81E0-EAA7AE114ACC}.Release|ARM.Deploy.0 = Release|ARM
		{86969877-ED37-423F-81E0-EAA7AE114ACC}.Release|iPhone.ActiveCfg = Release|x86
		{86969877-ED37-423F-81E0-EAA7AE114ACC}.Release|iPhoneSimulator.ActiveCfg = Release|x86
		{86969877-ED37-423F-81E0-EAA7AE114ACC}.Release|x64.ActiveCfg = Release|x64
		{86969877-ED37-423F-81E0-EAA7AE114ACC}.Release|x64.Build.0 = Release|x64
		{86969877-ED37-423F-81E0-EAA7AE114ACC}.Release|x64.Deploy.0 = Release|x64
		{86969877-ED37-423F-81E0-EAA7AE114ACC}.Release|x86.ActiveCfg = Release|x86
		{86969877-ED37-423F-81E0-EAA7AE114ACC}.Release|x86.Build.0 = Release|x86
		{86969877-ED37-423F-81E0-EAA7AE114ACC}.Release|x86.Deploy.0 = Release|x86
	EndGlobalSection
	GlobalSection(SolutionProperties) = preSolution
		HideSolutionNode = FALSE
	EndGlobalSection
	GlobalSection(ExtensibilityGlobals) = postSolution
		SolutionGuid = {D4FB683C-6557-49F2-9C7F-EFD169EE40A9}
	EndGlobalSection
EndGlobal
