
Microsoft Visual Studio Solution File, Format Version 12.00
# Visual Studio 15
VisualStudioVersion = 15.0.27004.2009
MinimumVisualStudioVersion = 10.0.40219.1
Project("{FAE04EC0-301F-11D3-BF4B-00C04F79EFBC}") = "XFGrid", "XFGrid\XFGrid\XFGrid.csproj", "{BFA02687-33DC-4BD9-A8FE-BB884CE72B26}"
EndProject
Project("{FAE04EC0-301F-11D3-BF4B-00C04F79EFBC}") = "XFGrid.Android", "XFGrid\XFGrid.Android\XFGrid.Android.csproj", "{F1F7447A-320B-4050-AABE-AB56638F5A67}"
EndProject
Project("{FAE04EC0-301F-11D3-BF4B-00C04F79EFBC}") = "XFGrid.iOS", "XFGrid\XFGrid.iOS\XFGrid.iOS.csproj", "{468EB782-20D3-4DAF-B674-F6020D130E4C}"
EndProject
Project("{FAE04EC0-301F-11D3-BF4B-00C04F79EFBC}") = "XFGrid.UWP", "XFGrid\XFGrid.UWP\XFGrid.UWP.csproj", "{D3FB0C7D-5D4C-434C-B3B5-A10C091AB4D5}"
EndProject
Global
	GlobalSection(SolutionConfigurationPlatforms) = preSolution
		Ad-Hoc|Any CPU = Ad-Hoc|Any CPU
		Ad-Hoc|ARM = Ad-Hoc|ARM
		Ad-Hoc|iPhone = Ad-Hoc|iPhone
		Ad-Hoc|iPhoneSimulator = Ad-Hoc|iPhoneSimulator
		Ad-Hoc|x64 = Ad-Hoc|x64
		Ad-Hoc|x86 = Ad-Hoc|x86
		AppStore|Any CPU = AppStore|Any CPU
		AppStore|ARM = AppStore|ARM
		AppStore|iPhone = AppStore|iPhone
		AppStore|iPhoneSimulator = AppStore|iPhoneSimulator
		AppStore|x64 = AppStore|x64
		AppStore|x86 = AppStore|x86
		Debug|Any CPU = Debug|Any CPU
		Debug|ARM = Debug|ARM
		Debug|iPhone = Debug|iPhone
		Debug|iPhoneSimulator = Debug|iPhoneSimulator
		Debug|x64 = Debug|x64
		Debug|x86 = Debug|x86
		Release|Any CPU = Release|Any CPU
		Release|ARM = Release|ARM
		Release|iPhone = Release|iPhone
		Release|iPhoneSimulator = Release|iPhoneSimulator
		Release|x64 = Release|x64
		Release|x86 = Release|x86
	EndGlobalSection
	GlobalSection(ProjectConfigurationPlatforms) = postSolution
		{BFA02687-33DC-4BD9-A8FE-BB884CE72B26}.Ad-Hoc|Any CPU.ActiveCfg = Debug|Any CPU
		{BFA02687-33DC-4BD9-A8FE-BB884CE72B26}.Ad-Hoc|Any CPU.Build.0 = Debug|Any CPU
		{BFA02687-33DC-4BD9-A8FE-BB884CE72B26}.Ad-Hoc|ARM.ActiveCfg = Debug|Any CPU
		{BFA02687-33DC-4BD9-A8FE-BB884CE72B26}.Ad-Hoc|ARM.Build.0 = Debug|Any CPU
		{BFA02687-33DC-4BD9-A8FE-BB884CE72B26}.Ad-Hoc|iPhone.ActiveCfg = Debug|Any CPU
		{BFA02687-33DC-4BD9-A8FE-BB884CE72B26}.Ad-Hoc|iPhone.Build.0 = Debug|Any CPU
		{BFA02687-33DC-4BD9-A8FE-BB884CE72B26}.Ad-Hoc|iPhoneSimulator.ActiveCfg = Debug|Any CPU
		{BFA02687-33DC-4BD9-A8FE-BB884CE72B26}.Ad-Hoc|iPhoneSimulator.Build.0 = Debug|Any CPU
		{BFA02687-33DC-4BD9-A8FE-BB884CE72B26}.Ad-Hoc|x64.ActiveCfg = Debug|Any CPU
		{BFA02687-33DC-4BD9-A8FE-BB884CE72B26}.Ad-Hoc|x64.Build.0 = Debug|Any CPU
		{BFA02687-33DC-4BD9-A8FE-BB884CE72B26}.Ad-Hoc|x86.ActiveCfg = Debug|Any CPU
		{BFA02687-33DC-4BD9-A8FE-BB884CE72B26}.Ad-Hoc|x86.Build.0 = Debug|Any CPU
		{BFA02687-33DC-4BD9-A8FE-BB884CE72B26}.AppStore|Any CPU.ActiveCfg = Debug|Any CPU
		{BFA02687-33DC-4BD9-A8FE-BB884CE72B26}.AppStore|Any CPU.Build.0 = Debug|Any CPU
		{BFA02687-33DC-4BD9-A8FE-BB884CE72B26}.AppStore|ARM.ActiveCfg = Debug|Any CPU
		{BFA02687-33DC-4BD9-A8FE-BB884CE72B26}.AppStore|ARM.Build.0 = Debug|Any CPU
		{BFA02687-33DC-4BD9-A8FE-BB884CE72B26}.AppStore|iPhone.ActiveCfg = Debug|Any CPU
		{BFA02687-33DC-4BD9-A8FE-BB884CE72B26}.AppStore|iPhone.Build.0 = Debug|Any CPU
		{BFA02687-33DC-4BD9-A8FE-BB884CE72B26}.AppStore|iPhoneSimulator.ActiveCfg = Debug|Any CPU
		{BFA02687-33DC-4BD9-A8FE-BB884CE72B26}.AppStore|iPhoneSimulator.Build.0 = Debug|Any CPU
		{BFA02687-33DC-4BD9-A8FE-BB884CE72B26}.AppStore|x64.ActiveCfg = Debug|Any CPU
		{BFA02687-33DC-4BD9-A8FE-BB884CE72B26}.AppStore|x64.Build.0 = Debug|Any CPU
		{BFA02687-33DC-4BD9-A8FE-BB884CE72B26}.AppStore|x86.ActiveCfg = Debug|Any CPU
		{BFA02687-33DC-4BD9-A8FE-BB884CE72B26}.AppStore|x86.Build.0 = Debug|Any CPU
		{BFA02687-33DC-4BD9-A8FE-BB884CE72B26}.Debug|Any CPU.ActiveCfg = Debug|Any CPU
		{BFA02687-33DC-4BD9-A8FE-BB884CE72B26}.Debug|Any CPU.Build.0 = Debug|Any CPU
		{BFA02687-33DC-4BD9-A8FE-BB884CE72B26}.Debug|ARM.ActiveCfg = Debug|Any CPU
		{BFA02687-33DC-4BD9-A8FE-BB884CE72B26}.Debug|ARM.Build.0 = Debug|Any CPU
		{BFA02687-33DC-4BD9-A8FE-BB884CE72B26}.Debug|iPhone.ActiveCfg = Debug|Any CPU
		{BFA02687-33DC-4BD9-A8FE-BB884CE72B26}.Debug|iPhone.Build.0 = Debug|Any CPU
		{BFA02687-33DC-4BD9-A8FE-BB884CE72B26}.Debug|iPhoneSimulator.ActiveCfg = Debug|Any CPU
		{BFA02687-33DC-4BD9-A8FE-BB884CE72B26}.Debug|iPhoneSimulator.Build.0 = Debug|Any CPU
		{BFA02687-33DC-4BD9-A8FE-BB884CE72B26}.Debug|x64.ActiveCfg = Debug|Any CPU
		{BFA02687-33DC-4BD9-A8FE-BB884CE72B26}.Debug|x64.Build.0 = Debug|Any CPU
		{BFA02687-33DC-4BD9-A8FE-BB884CE72B26}.Debug|x86.ActiveCfg = Debug|Any CPU
		{BFA02687-33DC-4BD9-A8FE-BB884CE72B26}.Debug|x86.Build.0 = Debug|Any CPU
		{BFA02687-33DC-4BD9-A8FE-BB884CE72B26}.Release|Any CPU.ActiveCfg = Release|Any CPU
		{BFA02687-33DC-4BD9-A8FE-BB884CE72B26}.Release|Any CPU.Build.0 = Release|Any CPU
		{BFA02687-33DC-4BD9-A8FE-BB884CE72B26}.Release|ARM.ActiveCfg = Release|Any CPU
		{BFA02687-33DC-4BD9-A8FE-BB884CE72B26}.Release|ARM.Build.0 = Release|Any CPU
		{BFA02687-33DC-4BD9-A8FE-BB884CE72B26}.Release|iPhone.ActiveCfg = Release|Any CPU
		{BFA02687-33DC-4BD9-A8FE-BB884CE72B26}.Release|iPhone.Build.0 = Release|Any CPU
		{BFA02687-33DC-4BD9-A8FE-BB884CE72B26}.Release|iPhoneSimulator.ActiveCfg = Release|Any CPU
		{BFA02687-33DC-4BD9-A8FE-BB884CE72B26}.Release|iPhoneSimulator.Build.0 = Release|Any CPU
		{BFA02687-33DC-4BD9-A8FE-BB884CE72B26}.Release|x64.ActiveCfg = Release|Any CPU
		{BFA02687-33DC-4BD9-A8FE-BB884CE72B26}.Release|x64.Build.0 = Release|Any CPU
		{BFA02687-33DC-4BD9-A8FE-BB884CE72B26}.Release|x86.ActiveCfg = Release|Any CPU
		{BFA02687-33DC-4BD9-A8FE-BB884CE72B26}.Release|x86.Build.0 = Release|Any CPU
		{F1F7447A-320B-4050-AABE-AB56638F5A67}.Ad-Hoc|Any CPU.ActiveCfg = Release|Any CPU
		{F1F7447A-320B-4050-AABE-AB56638F5A67}.Ad-Hoc|Any CPU.Build.0 = Release|Any CPU
		{F1F7447A-320B-4050-AABE-AB56638F5A67}.Ad-Hoc|Any CPU.Deploy.0 = Release|Any CPU
		{F1F7447A-320B-4050-AABE-AB56638F5A67}.Ad-Hoc|ARM.ActiveCfg = Release|Any CPU
		{F1F7447A-320B-4050-AABE-AB56638F5A67}.Ad-Hoc|ARM.Build.0 = Release|Any CPU
		{F1F7447A-320B-4050-AABE-AB56638F5A67}.Ad-Hoc|ARM.Deploy.0 = Release|Any CPU
		{F1F7447A-320B-4050-AABE-AB56638F5A67}.Ad-Hoc|iPhone.ActiveCfg = Release|Any CPU
		{F1F7447A-320B-4050-AABE-AB56638F5A67}.Ad-Hoc|iPhone.Build.0 = Release|Any CPU
		{F1F7447A-320B-4050-AABE-AB56638F5A67}.Ad-Hoc|iPhone.Deploy.0 = Release|Any CPU
		{F1F7447A-320B-4050-AABE-AB56638F5A67}.Ad-Hoc|iPhoneSimulator.ActiveCfg = Release|Any CPU
		{F1F7447A-320B-4050-AABE-AB56638F5A67}.Ad-Hoc|iPhoneSimulator.Build.0 = Release|Any CPU
		{F1F7447A-320B-4050-AABE-AB56638F5A67}.Ad-Hoc|iPhoneSimulator.Deploy.0 = Release|Any CPU
		{F1F7447A-320B-4050-AABE-AB56638F5A67}.Ad-Hoc|x64.ActiveCfg = Release|Any CPU
		{F1F7447A-320B-4050-AABE-AB56638F5A67}.Ad-Hoc|x64.Build.0 = Release|Any CPU
		{F1F7447A-320B-4050-AABE-AB56638F5A67}.Ad-Hoc|x64.Deploy.0 = Release|Any CPU
		{F1F7447A-320B-4050-AABE-AB56638F5A67}.Ad-Hoc|x86.ActiveCfg = Release|Any CPU
		{F1F7447A-320B-4050-AABE-AB56638F5A67}.Ad-Hoc|x86.Build.0 = Release|Any CPU
		{F1F7447A-320B-4050-AABE-AB56638F5A67}.Ad-Hoc|x86.Deploy.0 = Release|Any CPU
		{F1F7447A-320B-4050-AABE-AB56638F5A67}.AppStore|Any CPU.ActiveCfg = Release|Any CPU
		{F1F7447A-320B-4050-AABE-AB56638F5A67}.AppStore|Any CPU.Build.0 = Release|Any CPU
		{F1F7447A-320B-4050-AABE-AB56638F5A67}.AppStore|Any CPU.Deploy.0 = Release|Any CPU
		{F1F7447A-320B-4050-AABE-AB56638F5A67}.AppStore|ARM.ActiveCfg = Release|Any CPU
		{F1F7447A-320B-4050-AABE-AB56638F5A67}.AppStore|ARM.Build.0 = Release|Any CPU
		{F1F7447A-320B-4050-AABE-AB56638F5A67}.AppStore|ARM.Deploy.0 = Release|Any CPU
		{F1F7447A-320B-4050-AABE-AB56638F5A67}.AppStore|iPhone.ActiveCfg = Release|Any CPU
		{F1F7447A-320B-4050-AABE-AB56638F5A67}.AppStore|iPhone.Build.0 = Release|Any CPU
		{F1F7447A-320B-4050-AABE-AB56638F5A67}.AppStore|iPhone.Deploy.0 = Release|Any CPU
		{F1F7447A-320B-4050-AABE-AB56638F5A67}.AppStore|iPhoneSimulator.ActiveCfg = Release|Any CPU
		{F1F7447A-320B-4050-AABE-AB56638F5A67}.AppStore|iPhoneSimulator.Build.0 = Release|Any CPU
		{F1F7447A-320B-4050-AABE-AB56638F5A67}.AppStore|iPhoneSimulator.Deploy.0 = Release|Any CPU
		{F1F7447A-320B-4050-AABE-AB56638F5A67}.AppStore|x64.ActiveCfg = Release|Any CPU
		{F1F7447A-320B-4050-AABE-AB56638F5A67}.AppStore|x64.Build.0 = Release|Any CPU
		{F1F7447A-320B-4050-AABE-AB56638F5A67}.AppStore|x64.Deploy.0 = Release|Any CPU
		{F1F7447A-320B-4050-AABE-AB56638F5A67}.AppStore|x86.ActiveCfg = Release|Any CPU
		{F1F7447A-320B-4050-AABE-AB56638F5A67}.AppStore|x86.Build.0 = Release|Any CPU
		{F1F7447A-320B-4050-AABE-AB56638F5A67}.AppStore|x86.Deploy.0 = Release|Any CPU
		{F1F7447A-320B-4050-AABE-AB56638F5A67}.Debug|Any CPU.ActiveCfg = Debug|Any CPU
		{F1F7447A-320B-4050-AABE-AB56638F5A67}.Debug|Any CPU.Build.0 = Debug|Any CPU
		{F1F7447A-320B-4050-AABE-AB56638F5A67}.Debug|Any CPU.Deploy.0 = Debug|Any CPU
		{F1F7447A-320B-4050-AABE-AB56638F5A67}.Debug|ARM.ActiveCfg = Debug|Any CPU
		{F1F7447A-320B-4050-AABE-AB56638F5A67}.Debug|ARM.Build.0 = Debug|Any CPU
		{F1F7447A-320B-4050-AABE-AB56638F5A67}.Debug|ARM.Deploy.0 = Debug|Any CPU
		{F1F7447A-320B-4050-AABE-AB56638F5A67}.Debug|iPhone.ActiveCfg = Debug|Any CPU
		{F1F7447A-320B-4050-AABE-AB56638F5A67}.Debug|iPhone.Build.0 = Debug|Any CPU
		{F1F7447A-320B-4050-AABE-AB56638F5A67}.Debug|iPhone.Deploy.0 = Debug|Any CPU
		{F1F7447A-320B-4050-AABE-AB56638F5A67}.Debug|iPhoneSimulator.ActiveCfg = Debug|Any CPU
		{F1F7447A-320B-4050-AABE-AB56638F5A67}.Debug|iPhoneSimulator.Build.0 = Debug|Any CPU
		{F1F7447A-320B-4050-AABE-AB56638F5A67}.Debug|iPhoneSimulator.Deploy.0 = Debug|Any CPU
		{F1F7447A-320B-4050-AABE-AB56638F5A67}.Debug|x64.ActiveCfg = Debug|Any CPU
		{F1F7447A-320B-4050-AABE-AB56638F5A67}.Debug|x64.Build.0 = Debug|Any CPU
		{F1F7447A-320B-4050-AABE-AB56638F5A67}.Debug|x64.Deploy.0 = Debug|Any CPU
		{F1F7447A-320B-4050-AABE-AB56638F5A67}.Debug|x86.ActiveCfg = Debug|Any CPU
		{F1F7447A-320B-4050-AABE-AB56638F5A67}.Debug|x86.Build.0 = Debug|Any CPU
		{F1F7447A-320B-4050-AABE-AB56638F5A67}.Debug|x86.Deploy.0 = Debug|Any CPU
		{F1F7447A-320B-4050-AABE-AB56638F5A67}.Release|Any CPU.ActiveCfg = Release|Any CPU
		{F1F7447A-320B-4050-AABE-AB56638F5A67}.Release|Any CPU.Build.0 = Release|Any CPU
		{F1F7447A-320B-4050-AABE-AB56638F5A67}.Release|Any CPU.Deploy.0 = Release|Any CPU
		{F1F7447A-320B-4050-AABE-AB56638F5A67}.Release|ARM.ActiveCfg = Release|Any CPU
		{F1F7447A-320B-4050-AABE-AB56638F5A67}.Release|ARM.Build.0 = Release|Any CPU
		{F1F7447A-320B-4050-AABE-AB56638F5A67}.Release|ARM.Deploy.0 = Release|Any CPU
		{F1F7447A-320B-4050-AABE-AB56638F5A67}.Release|iPhone.ActiveCfg = Release|Any CPU
		{F1F7447A-320B-4050-AABE-AB56638F5A67}.Release|iPhone.Build.0 = Release|Any CPU
		{F1F7447A-320B-4050-AABE-AB56638F5A67}.Release|iPhone.Deploy.0 = Release|Any CPU
		{F1F7447A-320B-4050-AABE-AB56638F5A67}.Release|iPhoneSimulator.ActiveCfg = Release|Any CPU
		{F1F7447A-320B-4050-AABE-AB56638F5A67}.Release|iPhoneSimulator.Build.0 = Release|Any CPU
		{F1F7447A-320B-4050-AABE-AB56638F5A67}.Release|iPhoneSimulator.Deploy.0 = Release|Any CPU
		{F1F7447A-320B-4050-AABE-AB56638F5A67}.Release|x64.ActiveCfg = Release|Any CPU
		{F1F7447A-320B-4050-AABE-AB56638F5A67}.Release|x64.Build.0 = Release|Any CPU
		{F1F7447A-320B-4050-AABE-AB56638F5A67}.Release|x64.Deploy.0 = Release|Any CPU
		{F1F7447A-320B-4050-AABE-AB56638F5A67}.Release|x86.ActiveCfg = Release|Any CPU
		{F1F7447A-320B-4050-AABE-AB56638F5A67}.Release|x86.Build.0 = Release|Any CPU
		{F1F7447A-320B-4050-AABE-AB56638F5A67}.Release|x86.Deploy.0 = Release|Any CPU
		{468EB782-20D3-4DAF-B674-F6020D130E4C}.Ad-Hoc|Any CPU.ActiveCfg = Ad-Hoc|iPhone
		{468EB782-20D3-4DAF-B674-F6020D130E4C}.Ad-Hoc|ARM.ActiveCfg = Ad-Hoc|iPhone
		{468EB782-20D3-4DAF-B674-F6020D130E4C}.Ad-Hoc|iPhone.ActiveCfg = Ad-Hoc|iPhone
		{468EB782-20D3-4DAF-B674-F6020D130E4C}.Ad-Hoc|iPhone.Build.0 = Ad-Hoc|iPhone
		{468EB782-20D3-4DAF-B674-F6020D130E4C}.Ad-Hoc|iPhoneSimulator.ActiveCfg = Ad-Hoc|iPhoneSimulator
		{468EB782-20D3-4DAF-B674-F6020D130E4C}.Ad-Hoc|iPhoneSimulator.Build.0 = Ad-Hoc|iPhoneSimulator
		{468EB782-20D3-4DAF-B674-F6020D130E4C}.Ad-Hoc|x64.ActiveCfg = Ad-Hoc|iPhone
		{468EB782-20D3-4DAF-B674-F6020D130E4C}.Ad-Hoc|x86.ActiveCfg = Ad-Hoc|iPhone
		{468EB782-20D3-4DAF-B674-F6020D130E4C}.AppStore|Any CPU.ActiveCfg = AppStore|iPhone
		{468EB782-20D3-4DAF-B674-F6020D130E4C}.AppStore|ARM.ActiveCfg = AppStore|iPhone
		{468EB782-20D3-4DAF-B674-F6020D130E4C}.AppStore|iPhone.ActiveCfg = AppStore|iPhone
		{468EB782-20D3-4DAF-B674-F6020D130E4C}.AppStore|iPhone.Build.0 = AppStore|iPhone
		{468EB782-20D3-4DAF-B674-F6020D130E4C}.AppStore|iPhoneSimulator.ActiveCfg = AppStore|iPhoneSimulator
		{468EB782-20D3-4DAF-B674-F6020D130E4C}.AppStore|iPhoneSimulator.Build.0 = AppStore|iPhoneSimulator
		{468EB782-20D3-4DAF-B674-F6020D130E4C}.AppStore|x64.ActiveCfg = AppStore|iPhone
		{468EB782-20D3-4DAF-B674-F6020D130E4C}.AppStore|x86.ActiveCfg = AppStore|iPhone
		{468EB782-20D3-4DAF-B674-F6020D130E4C}.Debug|Any CPU.ActiveCfg = Debug|iPhone
		{468EB782-20D3-4DAF-B674-F6020D130E4C}.Debug|ARM.ActiveCfg = Debug|iPhone
		{468EB782-20D3-4DAF-B674-F6020D130E4C}.Debug|iPhone.ActiveCfg = Debug|iPhone
		{468EB782-20D3-4DAF-B674-F6020D130E4C}.Debug|iPhone.Build.0 = Debug|iPhone
		{468EB782-20D3-4DAF-B674-F6020D130E4C}.Debug|iPhoneSimulator.ActiveCfg = Debug|iPhoneSimulator
		{468EB782-20D3-4DAF-B674-F6020D130E4C}.Debug|iPhoneSimulator.Build.0 = Debug|iPhoneSimulator
		{468EB782-20D3-4DAF-B674-F6020D130E4C}.Debug|x64.ActiveCfg = Debug|iPhone
		{468EB782-20D3-4DAF-B674-F6020D130E4C}.Debug|x86.ActiveCfg = Debug|iPhone
		{468EB782-20D3-4DAF-B674-F6020D130E4C}.Release|Any CPU.ActiveCfg = Release|iPhone
		{468EB782-20D3-4DAF-B674-F6020D130E4C}.Release|ARM.ActiveCfg = Release|iPhone
		{468EB782-20D3-4DAF-B674-F6020D130E4C}.Release|iPhone.ActiveCfg = Release|iPhone
		{468EB782-20D3-4DAF-B674-F6020D130E4C}.Release|iPhone.Build.0 = Release|iPhone
		{468EB782-20D3-4DAF-B674-F6020D130E4C}.Release|iPhoneSimulator.ActiveCfg = Release|iPhoneSimulator
		{468EB782-20D3-4DAF-B674-F6020D130E4C}.Release|iPhoneSimulator.Build.0 = Release|iPhoneSimulator
		{468EB782-20D3-4DAF-B674-F6020D130E4C}.Release|x64.ActiveCfg = Release|iPhone
		{468EB782-20D3-4DAF-B674-F6020D130E4C}.Release|x86.ActiveCfg = Release|iPhone
		{D3FB0C7D-5D4C-434C-B3B5-A10C091AB4D5}.Ad-Hoc|Any CPU.ActiveCfg = Release|x86
		{D3FB0C7D-5D4C-434C-B3B5-A10C091AB4D5}.Ad-Hoc|Any CPU.Build.0 = Release|x86
		{D3FB0C7D-5D4C-434C-B3B5-A10C091AB4D5}.Ad-Hoc|Any CPU.Deploy.0 = Release|x86
		{D3FB0C7D-5D4C-434C-B3B5-A10C091AB4D5}.Ad-Hoc|ARM.ActiveCfg = Release|ARM
		{D3FB0C7D-5D4C-434C-B3B5-A10C091AB4D5}.Ad-Hoc|ARM.Build.0 = Release|ARM
		{D3FB0C7D-5D4C-434C-B3B5-A10C091AB4D5}.Ad-Hoc|ARM.Deploy.0 = Release|ARM
		{D3FB0C7D-5D4C-434C-B3B5-A10C091AB4D5}.Ad-Hoc|iPhone.ActiveCfg = Release|x86
		{D3FB0C7D-5D4C-434C-B3B5-A10C091AB4D5}.Ad-Hoc|iPhone.Build.0 = Release|x86
		{D3FB0C7D-5D4C-434C-B3B5-A10C091AB4D5}.Ad-Hoc|iPhone.Deploy.0 = Release|x86
		{D3FB0C7D-5D4C-434C-B3B5-A10C091AB4D5}.Ad-Hoc|iPhoneSimulator.ActiveCfg = Release|x86
		{D3FB0C7D-5D4C-434C-B3B5-A10C091AB4D5}.Ad-Hoc|iPhoneSimulator.Build.0 = Release|x86
		{D3FB0C7D-5D4C-434C-B3B5-A10C091AB4D5}.Ad-Hoc|iPhoneSimulator.Deploy.0 = Release|x86
		{D3FB0C7D-5D4C-434C-B3B5-A10C091AB4D5}.Ad-Hoc|x64.ActiveCfg = Release|x64
		{D3FB0C7D-5D4C-434C-B3B5-A10C091AB4D5}.Ad-Hoc|x64.Build.0 = Release|x64
		{D3FB0C7D-5D4C-434C-B3B5-A10C091AB4D5}.Ad-Hoc|x64.Deploy.0 = Release|x64
		{D3FB0C7D-5D4C-434C-B3B5-A10C091AB4D5}.Ad-Hoc|x86.ActiveCfg = Release|x86
		{D3FB0C7D-5D4C-434C-B3B5-A10C091AB4D5}.Ad-Hoc|x86.Build.0 = Release|x86
		{D3FB0C7D-5D4C-434C-B3B5-A10C091AB4D5}.Ad-Hoc|x86.Deploy.0 = Release|x86
		{D3FB0C7D-5D4C-434C-B3B5-A10C091AB4D5}.AppStore|Any CPU.ActiveCfg = Release|x86
		{D3FB0C7D-5D4C-434C-B3B5-A10C091AB4D5}.AppStore|Any CPU.Build.0 = Release|x86
		{D3FB0C7D-5D4C-434C-B3B5-A10C091AB4D5}.AppStore|Any CPU.Deploy.0 = Release|x86
		{D3FB0C7D-5D4C-434C-B3B5-A10C091AB4D5}.AppStore|ARM.ActiveCfg = Release|ARM
		{D3FB0C7D-5D4C-434C-B3B5-A10C091AB4D5}.AppStore|ARM.Build.0 = Release|ARM
		{D3FB0C7D-5D4C-434C-B3B5-A10C091AB4D5}.AppStore|ARM.Deploy.0 = Release|ARM
		{D3FB0C7D-5D4C-434C-B3B5-A10C091AB4D5}.AppStore|iPhone.ActiveCfg = Release|x86
		{D3FB0C7D-5D4C-434C-B3B5-A10C091AB4D5}.AppStore|iPhone.Build.0 = Release|x86
		{D3FB0C7D-5D4C-434C-B3B5-A10C091AB4D5}.AppStore|iPhone.Deploy.0 = Release|x86
		{D3FB0C7D-5D4C-434C-B3B5-A10C091AB4D5}.AppStore|iPhoneSimulator.ActiveCfg = Release|x86
		{D3FB0C7D-5D4C-434C-B3B5-A10C091AB4D5}.AppStore|iPhoneSimulator.Build.0 = Release|x86
		{D3FB0C7D-5D4C-434C-B3B5-A10C091AB4D5}.AppStore|iPhoneSimulator.Deploy.0 = Release|x86
		{D3FB0C7D-5D4C-434C-B3B5-A10C091AB4D5}.AppStore|x64.ActiveCfg = Release|x64
		{D3FB0C7D-5D4C-434C-B3B5-A10C091AB4D5}.AppStore|x64.Build.0 = Release|x64
		{D3FB0C7D-5D4C-434C-B3B5-A10C091AB4D5}.AppStore|x64.Deploy.0 = Release|x64
		{D3FB0C7D-5D4C-434C-B3B5-A10C091AB4D5}.AppStore|x86.ActiveCfg = Release|x86
		{D3FB0C7D-5D4C-434C-B3B5-A10C091AB4D5}.AppStore|x86.Build.0 = Release|x86
		{D3FB0C7D-5D4C-434C-B3B5-A10C091AB4D5}.AppStore|x86.Deploy.0 = Release|x86
		{D3FB0C7D-5D4C-434C-B3B5-A10C091AB4D5}.Debug|Any CPU.ActiveCfg = Debug|x86
		{D3FB0C7D-5D4C-434C-B3B5-A10C091AB4D5}.Debug|ARM.ActiveCfg = Debug|ARM
		{D3FB0C7D-5D4C-434C-B3B5-A10C091AB4D5}.Debug|ARM.Build.0 = Debug|ARM
		{D3FB0C7D-5D4C-434C-B3B5-A10C091AB4D5}.Debug|ARM.Deploy.0 = Debug|ARM
		{D3FB0C7D-5D4C-434C-B3B5-A10C091AB4D5}.Debug|iPhone.ActiveCfg = Debug|x86
		{D3FB0C7D-5D4C-434C-B3B5-A10C091AB4D5}.Debug|iPhoneSimulator.ActiveCfg = Debug|x86
		{D3FB0C7D-5D4C-434C-B3B5-A10C091AB4D5}.Debug|x64.ActiveCfg = Debug|x64
		{D3FB0C7D-5D4C-434C-B3B5-A10C091AB4D5}.Debug|x64.Build.0 = Debug|x64
		{D3FB0C7D-5D4C-434C-B3B5-A10C091AB4D5}.Debug|x64.Deploy.0 = Debug|x64
		{D3FB0C7D-5D4C-434C-B3B5-A10C091AB4D5}.Debug|x86.ActiveCfg = Debug|x86
		{D3FB0C7D-5D4C-434C-B3B5-A10C091AB4D5}.Debug|x86.Build.0 = Debug|x86
		{D3FB0C7D-5D4C-434C-B3B5-A10C091AB4D5}.Debug|x86.Deploy.0 = Debug|x86
		{D3FB0C7D-5D4C-434C-B3B5-A10C091AB4D5}.Release|Any CPU.ActiveCfg = Release|x86
		{D3FB0C7D-5D4C-434C-B3B5-A10C091AB4D5}.Release|ARM.ActiveCfg = Release|ARM
		{D3FB0C7D-5D4C-434C-B3B5-A10C091AB4D5}.Release|ARM.Build.0 = Release|ARM
		{D3FB0C7D-5D4C-434C-B3B5-A10C091AB4D5}.Release|ARM.Deploy.0 = Release|ARM
		{D3FB0C7D-5D4C-434C-B3B5-A10C091AB4D5}.Release|iPhone.ActiveCfg = Release|x86
		{D3FB0C7D-5D4C-434C-B3B5-A10C091AB4D5}.Release|iPhoneSimulator.ActiveCfg = Release|x86
		{D3FB0C7D-5D4C-434C-B3B5-A10C091AB4D5}.Release|x64.ActiveCfg = Release|x64
		{D3FB0C7D-5D4C-434C-B3B5-A10C091AB4D5}.Release|x64.Build.0 = Release|x64
		{D3FB0C7D-5D4C-434C-B3B5-A10C091AB4D5}.Release|x64.Deploy.0 = Release|x64
		{D3FB0C7D-5D4C-434C-B3B5-A10C091AB4D5}.Release|x86.ActiveCfg = Release|x86
		{D3FB0C7D-5D4C-434C-B3B5-A10C091AB4D5}.Release|x86.Build.0 = Release|x86
		{D3FB0C7D-5D4C-434C-B3B5-A10C091AB4D5}.Release|x86.Deploy.0 = Release|x86
	EndGlobalSection
	GlobalSection(SolutionProperties) = preSolution
		HideSolutionNode = FALSE
	EndGlobalSection
	GlobalSection(ExtensibilityGlobals) = postSolution
		SolutionGuid = {5E39C4BA-98AF-4FE2-9ADA-974B1AB1F619}
	EndGlobalSection
EndGlobal
