
Microsoft Visual Studio Solution File, Format Version 12.00
# Visual Studio 15
VisualStudioVersion = 15.0.27004.2009
MinimumVisualStudioVersion = 10.0.40219.1
Project("{FAE04EC0-301F-11D3-BF4B-00C04F79EFBC}") = "XFTransform", "XFTransform\XFTransform\XFTransform.csproj", "{13B47E04-77E9-4120-91B9-BBCB1AE675B9}"
EndProject
Project("{FAE04EC0-301F-11D3-BF4B-00C04F79EFBC}") = "XFTransform.Android", "XFTransform\XFTransform.Android\XFTransform.Android.csproj", "{110597CF-AE3A-4D87-B0C4-628DF2F93CBD}"
EndProject
Project("{FAE04EC0-301F-11D3-BF4B-00C04F79EFBC}") = "XFTransform.iOS", "XFTransform\XFTransform.iOS\XFTransform.iOS.csproj", "{2D38EEBF-2D07-431E-B9A3-2ECB48B7D8AC}"
EndProject
Project("{FAE04EC0-301F-11D3-BF4B-00C04F79EFBC}") = "XFTransform.UWP", "XFTransform\XFTransform.UWP\XFTransform.UWP.csproj", "{FA80A164-D786-4881-972F-67D3494733ED}"
EndProject
Global
	GlobalSection(SolutionConfigurationPlatforms) = preSolution
		Ad-Hoc|Any CPU = Ad-Hoc|Any CPU
		Ad-Hoc|ARM = Ad-Hoc|ARM
		Ad-Hoc|iPhone = Ad-Hoc|iPhone
		Ad-Hoc|iPhoneSimulator = Ad-Hoc|iPhoneSimulator
		Ad-Hoc|x64 = Ad-Hoc|x64
		Ad-Hoc|x86 = Ad-Hoc|x86
		AppStore|Any CPU = AppStore|Any CPU
		AppStore|ARM = AppStore|ARM
		AppStore|iPhone = AppStore|iPhone
		AppStore|iPhoneSimulator = AppStore|iPhoneSimulator
		AppStore|x64 = AppStore|x64
		AppStore|x86 = AppStore|x86
		Debug|Any CPU = Debug|Any CPU
		Debug|ARM = Debug|ARM
		Debug|iPhone = Debug|iPhone
		Debug|iPhoneSimulator = Debug|iPhoneSimulator
		Debug|x64 = Debug|x64
		Debug|x86 = Debug|x86
		Release|Any CPU = Release|Any CPU
		Release|ARM = Release|ARM
		Release|iPhone = Release|iPhone
		Release|iPhoneSimulator = Release|iPhoneSimulator
		Release|x64 = Release|x64
		Release|x86 = Release|x86
	EndGlobalSection
	GlobalSection(ProjectConfigurationPlatforms) = postSolution
		{13B47E04-77E9-4120-91B9-BBCB1AE675B9}.Ad-Hoc|Any CPU.ActiveCfg = Debug|Any CPU
		{13B47E04-77E9-4120-91B9-BBCB1AE675B9}.Ad-Hoc|Any CPU.Build.0 = Debug|Any CPU
		{13B47E04-77E9-4120-91B9-BBCB1AE675B9}.Ad-Hoc|ARM.ActiveCfg = Debug|Any CPU
		{13B47E04-77E9-4120-91B9-BBCB1AE675B9}.Ad-Hoc|ARM.Build.0 = Debug|Any CPU
		{13B47E04-77E9-4120-91B9-BBCB1AE675B9}.Ad-Hoc|iPhone.ActiveCfg = Debug|Any CPU
		{13B47E04-77E9-4120-91B9-BBCB1AE675B9}.Ad-Hoc|iPhone.Build.0 = Debug|Any CPU
		{13B47E04-77E9-4120-91B9-BBCB1AE675B9}.Ad-Hoc|iPhoneSimulator.ActiveCfg = Debug|Any CPU
		{13B47E04-77E9-4120-91B9-BBCB1AE675B9}.Ad-Hoc|iPhoneSimulator.Build.0 = Debug|Any CPU
		{13B47E04-77E9-4120-91B9-BBCB1AE675B9}.Ad-Hoc|x64.ActiveCfg = Debug|Any CPU
		{13B47E04-77E9-4120-91B9-BBCB1AE675B9}.Ad-Hoc|x64.Build.0 = Debug|Any CPU
		{13B47E04-77E9-4120-91B9-BBCB1AE675B9}.Ad-Hoc|x86.ActiveCfg = Debug|Any CPU
		{13B47E04-77E9-4120-91B9-BBCB1AE675B9}.Ad-Hoc|x86.Build.0 = Debug|Any CPU
		{13B47E04-77E9-4120-91B9-BBCB1AE675B9}.AppStore|Any CPU.ActiveCfg = Debug|Any CPU
		{13B47E04-77E9-4120-91B9-BBCB1AE675B9}.AppStore|Any CPU.Build.0 = Debug|Any CPU
		{13B47E04-77E9-4120-91B9-BBCB1AE675B9}.AppStore|ARM.ActiveCfg = Debug|Any CPU
		{13B47E04-77E9-4120-91B9-BBCB1AE675B9}.AppStore|ARM.Build.0 = Debug|Any CPU
		{13B47E04-77E9-4120-91B9-BBCB1AE675B9}.AppStore|iPhone.ActiveCfg = Debug|Any CPU
		{13B47E04-77E9-4120-91B9-BBCB1AE675B9}.AppStore|iPhone.Build.0 = Debug|Any CPU
		{13B47E04-77E9-4120-91B9-BBCB1AE675B9}.AppStore|iPhoneSimulator.ActiveCfg = Debug|Any CPU
		{13B47E04-77E9-4120-91B9-BBCB1AE675B9}.AppStore|iPhoneSimulator.Build.0 = Debug|Any CPU
		{13B47E04-77E9-4120-91B9-BBCB1AE675B9}.AppStore|x64.ActiveCfg = Debug|Any CPU
		{13B47E04-77E9-4120-91B9-BBCB1AE675B9}.AppStore|x64.Build.0 = Debug|Any CPU
		{13B47E04-77E9-4120-91B9-BBCB1AE675B9}.AppStore|x86.ActiveCfg = Debug|Any CPU
		{13B47E04-77E9-4120-91B9-BBCB1AE675B9}.AppStore|x86.Build.0 = Debug|Any CPU
		{13B47E04-77E9-4120-91B9-BBCB1AE675B9}.Debug|Any CPU.ActiveCfg = Debug|Any CPU
		{13B47E04-77E9-4120-91B9-BBCB1AE675B9}.Debug|Any CPU.Build.0 = Debug|Any CPU
		{13B47E04-77E9-4120-91B9-BBCB1AE675B9}.Debug|ARM.ActiveCfg = Debug|Any CPU
		{13B47E04-77E9-4120-91B9-BBCB1AE675B9}.Debug|ARM.Build.0 = Debug|Any CPU
		{13B47E04-77E9-4120-91B9-BBCB1AE675B9}.Debug|iPhone.ActiveCfg = Debug|Any CPU
		{13B47E04-77E9-4120-91B9-BBCB1AE675B9}.Debug|iPhone.Build.0 = Debug|Any CPU
		{13B47E04-77E9-4120-91B9-BBCB1AE675B9}.Debug|iPhoneSimulator.ActiveCfg = Debug|Any CPU
		{13B47E04-77E9-4120-91B9-BBCB1AE675B9}.Debug|iPhoneSimulator.Build.0 = Debug|Any CPU
		{13B47E04-77E9-4120-91B9-BBCB1AE675B9}.Debug|x64.ActiveCfg = Debug|Any CPU
		{13B47E04-77E9-4120-91B9-BBCB1AE675B9}.Debug|x64.Build.0 = Debug|Any CPU
		{13B47E04-77E9-4120-91B9-BBCB1AE675B9}.Debug|x86.ActiveCfg = Debug|Any CPU
		{13B47E04-77E9-4120-91B9-BBCB1AE675B9}.Debug|x86.Build.0 = Debug|Any CPU
		{13B47E04-77E9-4120-91B9-BBCB1AE675B9}.Release|Any CPU.ActiveCfg = Release|Any CPU
		{13B47E04-77E9-4120-91B9-BBCB1AE675B9}.Release|Any CPU.Build.0 = Release|Any CPU
		{13B47E04-77E9-4120-91B9-BBCB1AE675B9}.Release|ARM.ActiveCfg = Release|Any CPU
		{13B47E04-77E9-4120-91B9-BBCB1AE675B9}.Release|ARM.Build.0 = Release|Any CPU
		{13B47E04-77E9-4120-91B9-BBCB1AE675B9}.Release|iPhone.ActiveCfg = Release|Any CPU
		{13B47E04-77E9-4120-91B9-BBCB1AE675B9}.Release|iPhone.Build.0 = Release|Any CPU
		{13B47E04-77E9-4120-91B9-BBCB1AE675B9}.Release|iPhoneSimulator.ActiveCfg = Release|Any CPU
		{13B47E04-77E9-4120-91B9-BBCB1AE675B9}.Release|iPhoneSimulator.Build.0 = Release|Any CPU
		{13B47E04-77E9-4120-91B9-BBCB1AE675B9}.Release|x64.ActiveCfg = Release|Any CPU
		{13B47E04-77E9-4120-91B9-BBCB1AE675B9}.Release|x64.Build.0 = Release|Any CPU
		{13B47E04-77E9-4120-91B9-BBCB1AE675B9}.Release|x86.ActiveCfg = Release|Any CPU
		{13B47E04-77E9-4120-91B9-BBCB1AE675B9}.Release|x86.Build.0 = Release|Any CPU
		{110597CF-AE3A-4D87-B0C4-628DF2F93CBD}.Ad-Hoc|Any CPU.ActiveCfg = Release|Any CPU
		{110597CF-AE3A-4D87-B0C4-628DF2F93CBD}.Ad-Hoc|Any CPU.Build.0 = Release|Any CPU
		{110597CF-AE3A-4D87-B0C4-628DF2F93CBD}.Ad-Hoc|Any CPU.Deploy.0 = Release|Any CPU
		{110597CF-AE3A-4D87-B0C4-628DF2F93CBD}.Ad-Hoc|ARM.ActiveCfg = Release|Any CPU
		{110597CF-AE3A-4D87-B0C4-628DF2F93CBD}.Ad-Hoc|ARM.Build.0 = Release|Any CPU
		{110597CF-AE3A-4D87-B0C4-628DF2F93CBD}.Ad-Hoc|ARM.Deploy.0 = Release|Any CPU
		{110597CF-AE3A-4D87-B0C4-628DF2F93CBD}.Ad-Hoc|iPhone.ActiveCfg = Release|Any CPU
		{110597CF-AE3A-4D87-B0C4-628DF2F93CBD}.Ad-Hoc|iPhone.Build.0 = Release|Any CPU
		{110597CF-AE3A-4D87-B0C4-628DF2F93CBD}.Ad-Hoc|iPhone.Deploy.0 = Release|Any CPU
		{110597CF-AE3A-4D87-B0C4-628DF2F93CBD}.Ad-Hoc|iPhoneSimulator.ActiveCfg = Release|Any CPU
		{110597CF-AE3A-4D87-B0C4-628DF2F93CBD}.Ad-Hoc|iPhoneSimulator.Build.0 = Release|Any CPU
		{110597CF-AE3A-4D87-B0C4-628DF2F93CBD}.Ad-Hoc|iPhoneSimulator.Deploy.0 = Release|Any CPU
		{110597CF-AE3A-4D87-B0C4-628DF2F93CBD}.Ad-Hoc|x64.ActiveCfg = Release|Any CPU
		{110597CF-AE3A-4D87-B0C4-628DF2F93CBD}.Ad-Hoc|x64.Build.0 = Release|Any CPU
		{110597CF-AE3A-4D87-B0C4-628DF2F93CBD}.Ad-Hoc|x64.Deploy.0 = Release|Any CPU
		{110597CF-AE3A-4D87-B0C4-628DF2F93CBD}.Ad-Hoc|x86.ActiveCfg = Release|Any CPU
		{110597CF-AE3A-4D87-B0C4-628DF2F93CBD}.Ad-Hoc|x86.Build.0 = Release|Any CPU
		{110597CF-AE3A-4D87-B0C4-628DF2F93CBD}.Ad-Hoc|x86.Deploy.0 = Release|Any CPU
		{110597CF-AE3A-4D87-B0C4-628DF2F93CBD}.AppStore|Any CPU.ActiveCfg = Release|Any CPU
		{110597CF-AE3A-4D87-B0C4-628DF2F93CBD}.AppStore|Any CPU.Build.0 = Release|Any CPU
		{110597CF-AE3A-4D87-B0C4-628DF2F93CBD}.AppStore|Any CPU.Deploy.0 = Release|Any CPU
		{110597CF-AE3A-4D87-B0C4-628DF2F93CBD}.AppStore|ARM.ActiveCfg = Release|Any CPU
		{110597CF-AE3A-4D87-B0C4-628DF2F93CBD}.AppStore|ARM.Build.0 = Release|Any CPU
		{110597CF-AE3A-4D87-B0C4-628DF2F93CBD}.AppStore|ARM.Deploy.0 = Release|Any CPU
		{110597CF-AE3A-4D87-B0C4-628DF2F93CBD}.AppStore|iPhone.ActiveCfg = Release|Any CPU
		{110597CF-AE3A-4D87-B0C4-628DF2F93CBD}.AppStore|iPhone.Build.0 = Release|Any CPU
		{110597CF-AE3A-4D87-B0C4-628DF2F93CBD}.AppStore|iPhone.Deploy.0 = Release|Any CPU
		{110597CF-AE3A-4D87-B0C4-628DF2F93CBD}.AppStore|iPhoneSimulator.ActiveCfg = Release|Any CPU
		{110597CF-AE3A-4D87-B0C4-628DF2F93CBD}.AppStore|iPhoneSimulator.Build.0 = Release|Any CPU
		{110597CF-AE3A-4D87-B0C4-628DF2F93CBD}.AppStore|iPhoneSimulator.Deploy.0 = Release|Any CPU
		{110597CF-AE3A-4D87-B0C4-628DF2F93CBD}.AppStore|x64.ActiveCfg = Release|Any CPU
		{110597CF-AE3A-4D87-B0C4-628DF2F93CBD}.AppStore|x64.Build.0 = Release|Any CPU
		{110597CF-AE3A-4D87-B0C4-628DF2F93CBD}.AppStore|x64.Deploy.0 = Release|Any CPU
		{110597CF-AE3A-4D87-B0C4-628DF2F93CBD}.AppStore|x86.ActiveCfg = Release|Any CPU
		{110597CF-AE3A-4D87-B0C4-628DF2F93CBD}.AppStore|x86.Build.0 = Release|Any CPU
		{110597CF-AE3A-4D87-B0C4-628DF2F93CBD}.AppStore|x86.Deploy.0 = Release|Any CPU
		{110597CF-AE3A-4D87-B0C4-628DF2F93CBD}.Debug|Any CPU.ActiveCfg = Debug|Any CPU
		{110597CF-AE3A-4D87-B0C4-628DF2F93CBD}.Debug|Any CPU.Build.0 = Debug|Any CPU
		{110597CF-AE3A-4D87-B0C4-628DF2F93CBD}.Debug|Any CPU.Deploy.0 = Debug|Any CPU
		{110597CF-AE3A-4D87-B0C4-628DF2F93CBD}.Debug|ARM.ActiveCfg = Debug|Any CPU
		{110597CF-AE3A-4D87-B0C4-628DF2F93CBD}.Debug|ARM.Build.0 = Debug|Any CPU
		{110597CF-AE3A-4D87-B0C4-628DF2F93CBD}.Debug|ARM.Deploy.0 = Debug|Any CPU
		{110597CF-AE3A-4D87-B0C4-628DF2F93CBD}.Debug|iPhone.ActiveCfg = Debug|Any CPU
		{110597CF-AE3A-4D87-B0C4-628DF2F93CBD}.Debug|iPhone.Build.0 = Debug|Any CPU
		{110597CF-AE3A-4D87-B0C4-628DF2F93CBD}.Debug|iPhone.Deploy.0 = Debug|Any CPU
		{110597CF-AE3A-4D87-B0C4-628DF2F93CBD}.Debug|iPhoneSimulator.ActiveCfg = Debug|Any CPU
		{110597CF-AE3A-4D87-B0C4-628DF2F93CBD}.Debug|iPhoneSimulator.Build.0 = Debug|Any CPU
		{110597CF-AE3A-4D87-B0C4-628DF2F93CBD}.Debug|iPhoneSimulator.Deploy.0 = Debug|Any CPU
		{110597CF-AE3A-4D87-B0C4-628DF2F93CBD}.Debug|x64.ActiveCfg = Debug|Any CPU
		{110597CF-AE3A-4D87-B0C4-628DF2F93CBD}.Debug|x64.Build.0 = Debug|Any CPU
		{110597CF-AE3A-4D87-B0C4-628DF2F93CBD}.Debug|x64.Deploy.0 = Debug|Any CPU
		{110597CF-AE3A-4D87-B0C4-628DF2F93CBD}.Debug|x86.ActiveCfg = Debug|Any CPU
		{110597CF-AE3A-4D87-B0C4-628DF2F93CBD}.Debug|x86.Build.0 = Debug|Any CPU
		{110597CF-AE3A-4D87-B0C4-628DF2F93CBD}.Debug|x86.Deploy.0 = Debug|Any CPU
		{110597CF-AE3A-4D87-B0C4-628DF2F93CBD}.Release|Any CPU.ActiveCfg = Release|Any CPU
		{110597CF-AE3A-4D87-B0C4-628DF2F93CBD}.Release|Any CPU.Build.0 = Release|Any CPU
		{110597CF-AE3A-4D87-B0C4-628DF2F93CBD}.Release|Any CPU.Deploy.0 = Release|Any CPU
		{110597CF-AE3A-4D87-B0C4-628DF2F93CBD}.Release|ARM.ActiveCfg = Release|Any CPU
		{110597CF-AE3A-4D87-B0C4-628DF2F93CBD}.Release|ARM.Build.0 = Release|Any CPU
		{110597CF-AE3A-4D87-B0C4-628DF2F93CBD}.Release|ARM.Deploy.0 = Release|Any CPU
		{110597CF-AE3A-4D87-B0C4-628DF2F93CBD}.Release|iPhone.ActiveCfg = Release|Any CPU
		{110597CF-AE3A-4D87-B0C4-628DF2F93CBD}.Release|iPhone.Build.0 = Release|Any CPU
		{110597CF-AE3A-4D87-B0C4-628DF2F93CBD}.Release|iPhone.Deploy.0 = Release|Any CPU
		{110597CF-AE3A-4D87-B0C4-628DF2F93CBD}.Release|iPhoneSimulator.ActiveCfg = Release|Any CPU
		{110597CF-AE3A-4D87-B0C4-628DF2F93CBD}.Release|iPhoneSimulator.Build.0 = Release|Any CPU
		{110597CF-AE3A-4D87-B0C4-628DF2F93CBD}.Release|iPhoneSimulator.Deploy.0 = Release|Any CPU
		{110597CF-AE3A-4D87-B0C4-628DF2F93CBD}.Release|x64.ActiveCfg = Release|Any CPU
		{110597CF-AE3A-4D87-B0C4-628DF2F93CBD}.Release|x64.Build.0 = Release|Any CPU
		{110597CF-AE3A-4D87-B0C4-628DF2F93CBD}.Release|x64.Deploy.0 = Release|Any CPU
		{110597CF-AE3A-4D87-B0C4-628DF2F93CBD}.Release|x86.ActiveCfg = Release|Any CPU
		{110597CF-AE3A-4D87-B0C4-628DF2F93CBD}.Release|x86.Build.0 = Release|Any CPU
		{110597CF-AE3A-4D87-B0C4-628DF2F93CBD}.Release|x86.Deploy.0 = Release|Any CPU
		{2D38EEBF-2D07-431E-B9A3-2ECB48B7D8AC}.Ad-Hoc|Any CPU.ActiveCfg = Ad-Hoc|iPhone
		{2D38EEBF-2D07-431E-B9A3-2ECB48B7D8AC}.Ad-Hoc|ARM.ActiveCfg = Ad-Hoc|iPhone
		{2D38EEBF-2D07-431E-B9A3-2ECB48B7D8AC}.Ad-Hoc|iPhone.ActiveCfg = Ad-Hoc|iPhone
		{2D38EEBF-2D07-431E-B9A3-2ECB48B7D8AC}.Ad-Hoc|iPhone.Build.0 = Ad-Hoc|iPhone
		{2D38EEBF-2D07-431E-B9A3-2ECB48B7D8AC}.Ad-Hoc|iPhoneSimulator.ActiveCfg = Ad-Hoc|iPhoneSimulator
		{2D38EEBF-2D07-431E-B9A3-2ECB48B7D8AC}.Ad-Hoc|iPhoneSimulator.Build.0 = Ad-Hoc|iPhoneSimulator
		{2D38EEBF-2D07-431E-B9A3-2ECB48B7D8AC}.Ad-Hoc|x64.ActiveCfg = Ad-Hoc|iPhone
		{2D38EEBF-2D07-431E-B9A3-2ECB48B7D8AC}.Ad-Hoc|x86.ActiveCfg = Ad-Hoc|iPhone
		{2D38EEBF-2D07-431E-B9A3-2ECB48B7D8AC}.AppStore|Any CPU.ActiveCfg = AppStore|iPhone
		{2D38EEBF-2D07-431E-B9A3-2ECB48B7D8AC}.AppStore|ARM.ActiveCfg = AppStore|iPhone
		{2D38EEBF-2D07-431E-B9A3-2ECB48B7D8AC}.AppStore|iPhone.ActiveCfg = AppStore|iPhone
		{2D38EEBF-2D07-431E-B9A3-2ECB48B7D8AC}.AppStore|iPhone.Build.0 = AppStore|iPhone
		{2D38EEBF-2D07-431E-B9A3-2ECB48B7D8AC}.AppStore|iPhoneSimulator.ActiveCfg = AppStore|iPhoneSimulator
		{2D38EEBF-2D07-431E-B9A3-2ECB48B7D8AC}.AppStore|iPhoneSimulator.Build.0 = AppStore|iPhoneSimulator
		{2D38EEBF-2D07-431E-B9A3-2ECB48B7D8AC}.AppStore|x64.ActiveCfg = AppStore|iPhone
		{2D38EEBF-2D07-431E-B9A3-2ECB48B7D8AC}.AppStore|x86.ActiveCfg = AppStore|iPhone
		{2D38EEBF-2D07-431E-B9A3-2ECB48B7D8AC}.Debug|Any CPU.ActiveCfg = Debug|iPhone
		{2D38EEBF-2D07-431E-B9A3-2ECB48B7D8AC}.Debug|ARM.ActiveCfg = Debug|iPhone
		{2D38EEBF-2D07-431E-B9A3-2ECB48B7D8AC}.Debug|iPhone.ActiveCfg = Debug|iPhone
		{2D38EEBF-2D07-431E-B9A3-2ECB48B7D8AC}.Debug|iPhone.Build.0 = Debug|iPhone
		{2D38EEBF-2D07-431E-B9A3-2ECB48B7D8AC}.Debug|iPhoneSimulator.ActiveCfg = Debug|iPhoneSimulator
		{2D38EEBF-2D07-431E-B9A3-2ECB48B7D8AC}.Debug|iPhoneSimulator.Build.0 = Debug|iPhoneSimulator
		{2D38EEBF-2D07-431E-B9A3-2ECB48B7D8AC}.Debug|x64.ActiveCfg = Debug|iPhone
		{2D38EEBF-2D07-431E-B9A3-2ECB48B7D8AC}.Debug|x86.ActiveCfg = Debug|iPhone
		{2D38EEBF-2D07-431E-B9A3-2ECB48B7D8AC}.Release|Any CPU.ActiveCfg = Release|iPhone
		{2D38EEBF-2D07-431E-B9A3-2ECB48B7D8AC}.Release|ARM.ActiveCfg = Release|iPhone
		{2D38EEBF-2D07-431E-B9A3-2ECB48B7D8AC}.Release|iPhone.ActiveCfg = Release|iPhone
		{2D38EEBF-2D07-431E-B9A3-2ECB48B7D8AC}.Release|iPhone.Build.0 = Release|iPhone
		{2D38EEBF-2D07-431E-B9A3-2ECB48B7D8AC}.Release|iPhoneSimulator.ActiveCfg = Release|iPhoneSimulator
		{2D38EEBF-2D07-431E-B9A3-2ECB48B7D8AC}.Release|iPhoneSimulator.Build.0 = Release|iPhoneSimulator
		{2D38EEBF-2D07-431E-B9A3-2ECB48B7D8AC}.Release|x64.ActiveCfg = Release|iPhone
		{2D38EEBF-2D07-431E-B9A3-2ECB48B7D8AC}.Release|x86.ActiveCfg = Release|iPhone
		{FA80A164-D786-4881-972F-67D3494733ED}.Ad-Hoc|Any CPU.ActiveCfg = Release|x86
		{FA80A164-D786-4881-972F-67D3494733ED}.Ad-Hoc|Any CPU.Build.0 = Release|x86
		{FA80A164-D786-4881-972F-67D3494733ED}.Ad-Hoc|Any CPU.Deploy.0 = Release|x86
		{FA80A164-D786-4881-972F-67D3494733ED}.Ad-Hoc|ARM.ActiveCfg = Release|ARM
		{FA80A164-D786-4881-972F-67D3494733ED}.Ad-Hoc|ARM.Build.0 = Release|ARM
		{FA80A164-D786-4881-972F-67D3494733ED}.Ad-Hoc|ARM.Deploy.0 = Release|ARM
		{FA80A164-D786-4881-972F-67D3494733ED}.Ad-Hoc|iPhone.ActiveCfg = Release|x86
		{FA80A164-D786-4881-972F-67D3494733ED}.Ad-Hoc|iPhone.Build.0 = Release|x86
		{FA80A164-D786-4881-972F-67D3494733ED}.Ad-Hoc|iPhone.Deploy.0 = Release|x86
		{FA80A164-D786-4881-972F-67D3494733ED}.Ad-Hoc|iPhoneSimulator.ActiveCfg = Release|x86
		{FA80A164-D786-4881-972F-67D3494733ED}.Ad-Hoc|iPhoneSimulator.Build.0 = Release|x86
		{FA80A164-D786-4881-972F-67D3494733ED}.Ad-Hoc|iPhoneSimulator.Deploy.0 = Release|x86
		{FA80A164-D786-4881-972F-67D3494733ED}.Ad-Hoc|x64.ActiveCfg = Release|x64
		{FA80A164-D786-4881-972F-67D3494733ED}.Ad-Hoc|x64.Build.0 = Release|x64
		{FA80A164-D786-4881-972F-67D3494733ED}.Ad-Hoc|x64.Deploy.0 = Release|x64
		{FA80A164-D786-4881-972F-67D3494733ED}.Ad-Hoc|x86.ActiveCfg = Release|x86
		{FA80A164-D786-4881-972F-67D3494733ED}.Ad-Hoc|x86.Build.0 = Release|x86
		{FA80A164-D786-4881-972F-67D3494733ED}.Ad-Hoc|x86.Deploy.0 = Release|x86
		{FA80A164-D786-4881-972F-67D3494733ED}.AppStore|Any CPU.ActiveCfg = Release|x86
		{FA80A164-D786-4881-972F-67D3494733ED}.AppStore|Any CPU.Build.0 = Release|x86
		{FA80A164-D786-4881-972F-67D3494733ED}.AppStore|Any CPU.Deploy.0 = Release|x86
		{FA80A164-D786-4881-972F-67D3494733ED}.AppStore|ARM.ActiveCfg = Release|ARM
		{FA80A164-D786-4881-972F-67D3494733ED}.AppStore|ARM.Build.0 = Release|ARM
		{FA80A164-D786-4881-972F-67D3494733ED}.AppStore|ARM.Deploy.0 = Release|ARM
		{FA80A164-D786-4881-972F-67D3494733ED}.AppStore|iPhone.ActiveCfg = Release|x86
		{FA80A164-D786-4881-972F-67D3494733ED}.AppStore|iPhone.Build.0 = Release|x86
		{FA80A164-D786-4881-972F-67D3494733ED}.AppStore|iPhone.Deploy.0 = Release|x86
		{FA80A164-D786-4881-972F-67D3494733ED}.AppStore|iPhoneSimulator.ActiveCfg = Release|x86
		{FA80A164-D786-4881-972F-67D3494733ED}.AppStore|iPhoneSimulator.Build.0 = Release|x86
		{FA80A164-D786-4881-972F-67D3494733ED}.AppStore|iPhoneSimulator.Deploy.0 = Release|x86
		{FA80A164-D786-4881-972F-67D3494733ED}.AppStore|x64.ActiveCfg = Release|x64
		{FA80A164-D786-4881-972F-67D3494733ED}.AppStore|x64.Build.0 = Release|x64
		{FA80A164-D786-4881-972F-67D3494733ED}.AppStore|x64.Deploy.0 = Release|x64
		{FA80A164-D786-4881-972F-67D3494733ED}.AppStore|x86.ActiveCfg = Release|x86
		{FA80A164-D786-4881-972F-67D3494733ED}.AppStore|x86.Build.0 = Release|x86
		{FA80A164-D786-4881-972F-67D3494733ED}.AppStore|x86.Deploy.0 = Release|x86
		{FA80A164-D786-4881-972F-67D3494733ED}.Debug|Any CPU.ActiveCfg = Debug|x86
		{FA80A164-D786-4881-972F-67D3494733ED}.Debug|ARM.ActiveCfg = Debug|ARM
		{FA80A164-D786-4881-972F-67D3494733ED}.Debug|ARM.Build.0 = Debug|ARM
		{FA80A164-D786-4881-972F-67D3494733ED}.Debug|ARM.Deploy.0 = Debug|ARM
		{FA80A164-D786-4881-972F-67D3494733ED}.Debug|iPhone.ActiveCfg = Debug|x86
		{FA80A164-D786-4881-972F-67D3494733ED}.Debug|iPhoneSimulator.ActiveCfg = Debug|x86
		{FA80A164-D786-4881-972F-67D3494733ED}.Debug|x64.ActiveCfg = Debug|x64
		{FA80A164-D786-4881-972F-67D3494733ED}.Debug|x64.Build.0 = Debug|x64
		{FA80A164-D786-4881-972F-67D3494733ED}.Debug|x64.Deploy.0 = Debug|x64
		{FA80A164-D786-4881-972F-67D3494733ED}.Debug|x86.ActiveCfg = Debug|x86
		{FA80A164-D786-4881-972F-67D3494733ED}.Debug|x86.Build.0 = Debug|x86
		{FA80A164-D786-4881-972F-67D3494733ED}.Debug|x86.Deploy.0 = Debug|x86
		{FA80A164-D786-4881-972F-67D3494733ED}.Release|Any CPU.ActiveCfg = Release|x86
		{FA80A164-D786-4881-972F-67D3494733ED}.Release|ARM.ActiveCfg = Release|ARM
		{FA80A164-D786-4881-972F-67D3494733ED}.Release|ARM.Build.0 = Release|ARM
		{FA80A164-D786-4881-972F-67D3494733ED}.Release|ARM.Deploy.0 = Release|ARM
		{FA80A164-D786-4881-972F-67D3494733ED}.Release|iPhone.ActiveCfg = Release|x86
		{FA80A164-D786-4881-972F-67D3494733ED}.Release|iPhoneSimulator.ActiveCfg = Release|x86
		{FA80A164-D786-4881-972F-67D3494733ED}.Release|x64.ActiveCfg = Release|x64
		{FA80A164-D786-4881-972F-67D3494733ED}.Release|x64.Build.0 = Release|x64
		{FA80A164-D786-4881-972F-67D3494733ED}.Release|x64.Deploy.0 = Release|x64
		{FA80A164-D786-4881-972F-67D3494733ED}.Release|x86.ActiveCfg = Release|x86
		{FA80A164-D786-4881-972F-67D3494733ED}.Release|x86.Build.0 = Release|x86
		{FA80A164-D786-4881-972F-67D3494733ED}.Release|x86.Deploy.0 = Release|x86
	EndGlobalSection
	GlobalSection(SolutionProperties) = preSolution
		HideSolutionNode = FALSE
	EndGlobalSection
	GlobalSection(ExtensibilityGlobals) = postSolution
		SolutionGuid = {67C03401-FDCD-43F0-8B87-2A2DEE3E6CBF}
	EndGlobalSection
EndGlobal
