
Microsoft Visual Studio Solution File, Format Version 12.00
# Visual Studio 15
VisualStudioVersion = 15.0.27004.2009
MinimumVisualStudioVersion = 10.0.40219.1
Project("{FAE04EC0-301F-11D3-BF4B-00C04F79EFBC}") = "XFImageMask", "XFImageMask\XFImageMask\XFImageMask.csproj", "{951FC753-DEFA-4987-8B10-C853185EECEB}"
EndProject
Project("{FAE04EC0-301F-11D3-BF4B-00C04F79EFBC}") = "XFImageMask.Android", "XFImageMask\XFImageMask.Android\XFImageMask.Android.csproj", "{6CAA469C-1C71-46B6-9D9D-20A7A37771A9}"
EndProject
Project("{FAE04EC0-301F-11D3-BF4B-00C04F79EFBC}") = "XFImageMask.iOS", "XFImageMask\XFImageMask.iOS\XFImageMask.iOS.csproj", "{9704E386-9697-42EA-99E5-8FCD89A9C4E1}"
EndProject
Project("{FAE04EC0-301F-11D3-BF4B-00C04F79EFBC}") = "XFImageMask.UWP", "XFImageMask\XFImageMask.UWP\XFImageMask.UWP.csproj", "{0DDA84A7-092D-4D54-A778-F89519FCEA7E}"
EndProject
Global
	GlobalSection(SolutionConfigurationPlatforms) = preSolution
		Ad-Hoc|Any CPU = Ad-Hoc|Any CPU
		Ad-Hoc|ARM = Ad-Hoc|ARM
		Ad-Hoc|iPhone = Ad-Hoc|iPhone
		Ad-Hoc|iPhoneSimulator = Ad-Hoc|iPhoneSimulator
		Ad-Hoc|x64 = Ad-Hoc|x64
		Ad-Hoc|x86 = Ad-Hoc|x86
		AppStore|Any CPU = AppStore|Any CPU
		AppStore|ARM = AppStore|ARM
		AppStore|iPhone = AppStore|iPhone
		AppStore|iPhoneSimulator = AppStore|iPhoneSimulator
		AppStore|x64 = AppStore|x64
		AppStore|x86 = AppStore|x86
		Debug|Any CPU = Debug|Any CPU
		Debug|ARM = Debug|ARM
		Debug|iPhone = Debug|iPhone
		Debug|iPhoneSimulator = Debug|iPhoneSimulator
		Debug|x64 = Debug|x64
		Debug|x86 = Debug|x86
		Release|Any CPU = Release|Any CPU
		Release|ARM = Release|ARM
		Release|iPhone = Release|iPhone
		Release|iPhoneSimulator = Release|iPhoneSimulator
		Release|x64 = Release|x64
		Release|x86 = Release|x86
	EndGlobalSection
	GlobalSection(ProjectConfigurationPlatforms) = postSolution
		{951FC753-DEFA-4987-8B10-C853185EECEB}.Ad-Hoc|Any CPU.ActiveCfg = Debug|Any CPU
		{951FC753-DEFA-4987-8B10-C853185EECEB}.Ad-Hoc|Any CPU.Build.0 = Debug|Any CPU
		{951FC753-DEFA-4987-8B10-C853185EECEB}.Ad-Hoc|ARM.ActiveCfg = Debug|Any CPU
		{951FC753-DEFA-4987-8B10-C853185EECEB}.Ad-Hoc|ARM.Build.0 = Debug|Any CPU
		{951FC753-DEFA-4987-8B10-C853185EECEB}.Ad-Hoc|iPhone.ActiveCfg = Debug|Any CPU
		{951FC753-DEFA-4987-8B10-C853185EECEB}.Ad-Hoc|iPhone.Build.0 = Debug|Any CPU
		{951FC753-DEFA-4987-8B10-C853185EECEB}.Ad-Hoc|iPhoneSimulator.ActiveCfg = Debug|Any CPU
		{951FC753-DEFA-4987-8B10-C853185EECEB}.Ad-Hoc|iPhoneSimulator.Build.0 = Debug|Any CPU
		{951FC753-DEFA-4987-8B10-C853185EECEB}.Ad-Hoc|x64.ActiveCfg = Debug|Any CPU
		{951FC753-DEFA-4987-8B10-C853185EECEB}.Ad-Hoc|x64.Build.0 = Debug|Any CPU
		{951FC753-DEFA-4987-8B10-C853185EECEB}.Ad-Hoc|x86.ActiveCfg = Debug|Any CPU
		{951FC753-DEFA-4987-8B10-C853185EECEB}.Ad-Hoc|x86.Build.0 = Debug|Any CPU
		{951FC753-DEFA-4987-8B10-C853185EECEB}.AppStore|Any CPU.ActiveCfg = Debug|Any CPU
		{951FC753-DEFA-4987-8B10-C853185EECEB}.AppStore|Any CPU.Build.0 = Debug|Any CPU
		{951FC753-DEFA-4987-8B10-C853185EECEB}.AppStore|ARM.ActiveCfg = Debug|Any CPU
		{951FC753-DEFA-4987-8B10-C853185EECEB}.AppStore|ARM.Build.0 = Debug|Any CPU
		{951FC753-DEFA-4987-8B10-C853185EECEB}.AppStore|iPhone.ActiveCfg = Debug|Any CPU
		{951FC753-DEFA-4987-8B10-C853185EECEB}.AppStore|iPhone.Build.0 = Debug|Any CPU
		{951FC753-DEFA-4987-8B10-C853185EECEB}.AppStore|iPhoneSimulator.ActiveCfg = Debug|Any CPU
		{951FC753-DEFA-4987-8B10-C853185EECEB}.AppStore|iPhoneSimulator.Build.0 = Debug|Any CPU
		{951FC753-DEFA-4987-8B10-C853185EECEB}.AppStore|x64.ActiveCfg = Debug|Any CPU
		{951FC753-DEFA-4987-8B10-C853185EECEB}.AppStore|x64.Build.0 = Debug|Any CPU
		{951FC753-DEFA-4987-8B10-C853185EECEB}.AppStore|x86.ActiveCfg = Debug|Any CPU
		{951FC753-DEFA-4987-8B10-C853185EECEB}.AppStore|x86.Build.0 = Debug|Any CPU
		{951FC753-DEFA-4987-8B10-C853185EECEB}.Debug|Any CPU.ActiveCfg = Debug|Any CPU
		{951FC753-DEFA-4987-8B10-C853185EECEB}.Debug|Any CPU.Build.0 = Debug|Any CPU
		{951FC753-DEFA-4987-8B10-C853185EECEB}.Debug|ARM.ActiveCfg = Debug|Any CPU
		{951FC753-DEFA-4987-8B10-C853185EECEB}.Debug|ARM.Build.0 = Debug|Any CPU
		{951FC753-DEFA-4987-8B10-C853185EECEB}.Debug|iPhone.ActiveCfg = Debug|Any CPU
		{951FC753-DEFA-4987-8B10-C853185EECEB}.Debug|iPhone.Build.0 = Debug|Any CPU
		{951FC753-DEFA-4987-8B10-C853185EECEB}.Debug|iPhoneSimulator.ActiveCfg = Debug|Any CPU
		{951FC753-DEFA-4987-8B10-C853185EECEB}.Debug|iPhoneSimulator.Build.0 = Debug|Any CPU
		{951FC753-DEFA-4987-8B10-C853185EECEB}.Debug|x64.ActiveCfg = Debug|Any CPU
		{951FC753-DEFA-4987-8B10-C853185EECEB}.Debug|x64.Build.0 = Debug|Any CPU
		{951FC753-DEFA-4987-8B10-C853185EECEB}.Debug|x86.ActiveCfg = Debug|Any CPU
		{951FC753-DEFA-4987-8B10-C853185EECEB}.Debug|x86.Build.0 = Debug|Any CPU
		{951FC753-DEFA-4987-8B10-C853185EECEB}.Release|Any CPU.ActiveCfg = Release|Any CPU
		{951FC753-DEFA-4987-8B10-C853185EECEB}.Release|Any CPU.Build.0 = Release|Any CPU
		{951FC753-DEFA-4987-8B10-C853185EECEB}.Release|ARM.ActiveCfg = Release|Any CPU
		{951FC753-DEFA-4987-8B10-C853185EECEB}.Release|ARM.Build.0 = Release|Any CPU
		{951FC753-DEFA-4987-8B10-C853185EECEB}.Release|iPhone.ActiveCfg = Release|Any CPU
		{951FC753-DEFA-4987-8B10-C853185EECEB}.Release|iPhone.Build.0 = Release|Any CPU
		{951FC753-DEFA-4987-8B10-C853185EECEB}.Release|iPhoneSimulator.ActiveCfg = Release|Any CPU
		{951FC753-DEFA-4987-8B10-C853185EECEB}.Release|iPhoneSimulator.Build.0 = Release|Any CPU
		{951FC753-DEFA-4987-8B10-C853185EECEB}.Release|x64.ActiveCfg = Release|Any CPU
		{951FC753-DEFA-4987-8B10-C853185EECEB}.Release|x64.Build.0 = Release|Any CPU
		{951FC753-DEFA-4987-8B10-C853185EECEB}.Release|x86.ActiveCfg = Release|Any CPU
		{951FC753-DEFA-4987-8B10-C853185EECEB}.Release|x86.Build.0 = Release|Any CPU
		{6CAA469C-1C71-46B6-9D9D-20A7A37771A9}.Ad-Hoc|Any CPU.ActiveCfg = Release|Any CPU
		{6CAA469C-1C71-46B6-9D9D-20A7A37771A9}.Ad-Hoc|Any CPU.Build.0 = Release|Any CPU
		{6CAA469C-1C71-46B6-9D9D-20A7A37771A9}.Ad-Hoc|Any CPU.Deploy.0 = Release|Any CPU
		{6CAA469C-1C71-46B6-9D9D-20A7A37771A9}.Ad-Hoc|ARM.ActiveCfg = Release|Any CPU
		{6CAA469C-1C71-46B6-9D9D-20A7A37771A9}.Ad-Hoc|ARM.Build.0 = Release|Any CPU
		{6CAA469C-1C71-46B6-9D9D-20A7A37771A9}.Ad-Hoc|ARM.Deploy.0 = Release|Any CPU
		{6CAA469C-1C71-46B6-9D9D-20A7A37771A9}.Ad-Hoc|iPhone.ActiveCfg = Release|Any CPU
		{6CAA469C-1C71-46B6-9D9D-20A7A37771A9}.Ad-Hoc|iPhone.Build.0 = Release|Any CPU
		{6CAA469C-1C71-46B6-9D9D-20A7A37771A9}.Ad-Hoc|iPhone.Deploy.0 = Release|Any CPU
		{6CAA469C-1C71-46B6-9D9D-20A7A37771A9}.Ad-Hoc|iPhoneSimulator.ActiveCfg = Release|Any CPU
		{6CAA469C-1C71-46B6-9D9D-20A7A37771A9}.Ad-Hoc|iPhoneSimulator.Build.0 = Release|Any CPU
		{6CAA469C-1C71-46B6-9D9D-20A7A37771A9}.Ad-Hoc|iPhoneSimulator.Deploy.0 = Release|Any CPU
		{6CAA469C-1C71-46B6-9D9D-20A7A37771A9}.Ad-Hoc|x64.ActiveCfg = Release|Any CPU
		{6CAA469C-1C71-46B6-9D9D-20A7A37771A9}.Ad-Hoc|x64.Build.0 = Release|Any CPU
		{6CAA469C-1C71-46B6-9D9D-20A7A37771A9}.Ad-Hoc|x64.Deploy.0 = Release|Any CPU
		{6CAA469C-1C71-46B6-9D9D-20A7A37771A9}.Ad-Hoc|x86.ActiveCfg = Release|Any CPU
		{6CAA469C-1C71-46B6-9D9D-20A7A37771A9}.Ad-Hoc|x86.Build.0 = Release|Any CPU
		{6CAA469C-1C71-46B6-9D9D-20A7A37771A9}.Ad-Hoc|x86.Deploy.0 = Release|Any CPU
		{6CAA469C-1C71-46B6-9D9D-20A7A37771A9}.AppStore|Any CPU.ActiveCfg = Release|Any CPU
		{6CAA469C-1C71-46B6-9D9D-20A7A37771A9}.AppStore|Any CPU.Build.0 = Release|Any CPU
		{6CAA469C-1C71-46B6-9D9D-20A7A37771A9}.AppStore|Any CPU.Deploy.0 = Release|Any CPU
		{6CAA469C-1C71-46B6-9D9D-20A7A37771A9}.AppStore|ARM.ActiveCfg = Release|Any CPU
		{6CAA469C-1C71-46B6-9D9D-20A7A37771A9}.AppStore|ARM.Build.0 = Release|Any CPU
		{6CAA469C-1C71-46B6-9D9D-20A7A37771A9}.AppStore|ARM.Deploy.0 = Release|Any CPU
		{6CAA469C-1C71-46B6-9D9D-20A7A37771A9}.AppStore|iPhone.ActiveCfg = Release|Any CPU
		{6CAA469C-1C71-46B6-9D9D-20A7A37771A9}.AppStore|iPhone.Build.0 = Release|Any CPU
		{6CAA469C-1C71-46B6-9D9D-20A7A37771A9}.AppStore|iPhone.Deploy.0 = Release|Any CPU
		{6CAA469C-1C71-46B6-9D9D-20A7A37771A9}.AppStore|iPhoneSimulator.ActiveCfg = Release|Any CPU
		{6CAA469C-1C71-46B6-9D9D-20A7A37771A9}.AppStore|iPhoneSimulator.Build.0 = Release|Any CPU
		{6CAA469C-1C71-46B6-9D9D-20A7A37771A9}.AppStore|iPhoneSimulator.Deploy.0 = Release|Any CPU
		{6CAA469C-1C71-46B6-9D9D-20A7A37771A9}.AppStore|x64.ActiveCfg = Release|Any CPU
		{6CAA469C-1C71-46B6-9D9D-20A7A37771A9}.AppStore|x64.Build.0 = Release|Any CPU
		{6CAA469C-1C71-46B6-9D9D-20A7A37771A9}.AppStore|x64.Deploy.0 = Release|Any CPU
		{6CAA469C-1C71-46B6-9D9D-20A7A37771A9}.AppStore|x86.ActiveCfg = Release|Any CPU
		{6CAA469C-1C71-46B6-9D9D-20A7A37771A9}.AppStore|x86.Build.0 = Release|Any CPU
		{6CAA469C-1C71-46B6-9D9D-20A7A37771A9}.AppStore|x86.Deploy.0 = Release|Any CPU
		{6CAA469C-1C71-46B6-9D9D-20A7A37771A9}.Debug|Any CPU.ActiveCfg = Debug|Any CPU
		{6CAA469C-1C71-46B6-9D9D-20A7A37771A9}.Debug|Any CPU.Build.0 = Debug|Any CPU
		{6CAA469C-1C71-46B6-9D9D-20A7A37771A9}.Debug|Any CPU.Deploy.0 = Debug|Any CPU
		{6CAA469C-1C71-46B6-9D9D-20A7A37771A9}.Debug|ARM.ActiveCfg = Debug|Any CPU
		{6CAA469C-1C71-46B6-9D9D-20A7A37771A9}.Debug|ARM.Build.0 = Debug|Any CPU
		{6CAA469C-1C71-46B6-9D9D-20A7A37771A9}.Debug|ARM.Deploy.0 = Debug|Any CPU
		{6CAA469C-1C71-46B6-9D9D-20A7A37771A9}.Debug|iPhone.ActiveCfg = Debug|Any CPU
		{6CAA469C-1C71-46B6-9D9D-20A7A37771A9}.Debug|iPhone.Build.0 = Debug|Any CPU
		{6CAA469C-1C71-46B6-9D9D-20A7A37771A9}.Debug|iPhone.Deploy.0 = Debug|Any CPU
		{6CAA469C-1C71-46B6-9D9D-20A7A37771A9}.Debug|iPhoneSimulator.ActiveCfg = Debug|Any CPU
		{6CAA469C-1C71-46B6-9D9D-20A7A37771A9}.Debug|iPhoneSimulator.Build.0 = Debug|Any CPU
		{6CAA469C-1C71-46B6-9D9D-20A7A37771A9}.Debug|iPhoneSimulator.Deploy.0 = Debug|Any CPU
		{6CAA469C-1C71-46B6-9D9D-20A7A37771A9}.Debug|x64.ActiveCfg = Debug|Any CPU
		{6CAA469C-1C71-46B6-9D9D-20A7A37771A9}.Debug|x64.Build.0 = Debug|Any CPU
		{6CAA469C-1C71-46B6-9D9D-20A7A37771A9}.Debug|x64.Deploy.0 = Debug|Any CPU
		{6CAA469C-1C71-46B6-9D9D-20A7A37771A9}.Debug|x86.ActiveCfg = Debug|Any CPU
		{6CAA469C-1C71-46B6-9D9D-20A7A37771A9}.Debug|x86.Build.0 = Debug|Any CPU
		{6CAA469C-1C71-46B6-9D9D-20A7A37771A9}.Debug|x86.Deploy.0 = Debug|Any CPU
		{6CAA469C-1C71-46B6-9D9D-20A7A37771A9}.Release|Any CPU.ActiveCfg = Release|Any CPU
		{6CAA469C-1C71-46B6-9D9D-20A7A37771A9}.Release|Any CPU.Build.0 = Release|Any CPU
		{6CAA469C-1C71-46B6-9D9D-20A7A37771A9}.Release|Any CPU.Deploy.0 = Release|Any CPU
		{6CAA469C-1C71-46B6-9D9D-20A7A37771A9}.Release|ARM.ActiveCfg = Release|Any CPU
		{6CAA469C-1C71-46B6-9D9D-20A7A37771A9}.Release|ARM.Build.0 = Release|Any CPU
		{6CAA469C-1C71-46B6-9D9D-20A7A37771A9}.Release|ARM.Deploy.0 = Release|Any CPU
		{6CAA469C-1C71-46B6-9D9D-20A7A37771A9}.Release|iPhone.ActiveCfg = Release|Any CPU
		{6CAA469C-1C71-46B6-9D9D-20A7A37771A9}.Release|iPhone.Build.0 = Release|Any CPU
		{6CAA469C-1C71-46B6-9D9D-20A7A37771A9}.Release|iPhone.Deploy.0 = Release|Any CPU
		{6CAA469C-1C71-46B6-9D9D-20A7A37771A9}.Release|iPhoneSimulator.ActiveCfg = Release|Any CPU
		{6CAA469C-1C71-46B6-9D9D-20A7A37771A9}.Release|iPhoneSimulator.Build.0 = Release|Any CPU
		{6CAA469C-1C71-46B6-9D9D-20A7A37771A9}.Release|iPhoneSimulator.Deploy.0 = Release|Any CPU
		{6CAA469C-1C71-46B6-9D9D-20A7A37771A9}.Release|x64.ActiveCfg = Release|Any CPU
		{6CAA469C-1C71-46B6-9D9D-20A7A37771A9}.Release|x64.Build.0 = Release|Any CPU
		{6CAA469C-1C71-46B6-9D9D-20A7A37771A9}.Release|x64.Deploy.0 = Release|Any CPU
		{6CAA469C-1C71-46B6-9D9D-20A7A37771A9}.Release|x86.ActiveCfg = Release|Any CPU
		{6CAA469C-1C71-46B6-9D9D-20A7A37771A9}.Release|x86.Build.0 = Release|Any CPU
		{6CAA469C-1C71-46B6-9D9D-20A7A37771A9}.Release|x86.Deploy.0 = Release|Any CPU
		{9704E386-9697-42EA-99E5-8FCD89A9C4E1}.Ad-Hoc|Any CPU.ActiveCfg = Ad-Hoc|iPhone
		{9704E386-9697-42EA-99E5-8FCD89A9C4E1}.Ad-Hoc|ARM.ActiveCfg = Ad-Hoc|iPhone
		{9704E386-9697-42EA-99E5-8FCD89A9C4E1}.Ad-Hoc|iPhone.ActiveCfg = Ad-Hoc|iPhone
		{9704E386-9697-42EA-99E5-8FCD89A9C4E1}.Ad-Hoc|iPhone.Build.0 = Ad-Hoc|iPhone
		{9704E386-9697-42EA-99E5-8FCD89A9C4E1}.Ad-Hoc|iPhoneSimulator.ActiveCfg = Ad-Hoc|iPhoneSimulator
		{9704E386-9697-42EA-99E5-8FCD89A9C4E1}.Ad-Hoc|iPhoneSimulator.Build.0 = Ad-Hoc|iPhoneSimulator
		{9704E386-9697-42EA-99E5-8FCD89A9C4E1}.Ad-Hoc|x64.ActiveCfg = Ad-Hoc|iPhone
		{9704E386-9697-42EA-99E5-8FCD89A9C4E1}.Ad-Hoc|x86.ActiveCfg = Ad-Hoc|iPhone
		{9704E386-9697-42EA-99E5-8FCD89A9C4E1}.AppStore|Any CPU.ActiveCfg = AppStore|iPhone
		{9704E386-9697-42EA-99E5-8FCD89A9C4E1}.AppStore|ARM.ActiveCfg = AppStore|iPhone
		{9704E386-9697-42EA-99E5-8FCD89A9C4E1}.AppStore|iPhone.ActiveCfg = AppStore|iPhone
		{9704E386-9697-42EA-99E5-8FCD89A9C4E1}.AppStore|iPhone.Build.0 = AppStore|iPhone
		{9704E386-9697-42EA-99E5-8FCD89A9C4E1}.AppStore|iPhoneSimulator.ActiveCfg = AppStore|iPhoneSimulator
		{9704E386-9697-42EA-99E5-8FCD89A9C4E1}.AppStore|iPhoneSimulator.Build.0 = AppStore|iPhoneSimulator
		{9704E386-9697-42EA-99E5-8FCD89A9C4E1}.AppStore|x64.ActiveCfg = AppStore|iPhone
		{9704E386-9697-42EA-99E5-8FCD89A9C4E1}.AppStore|x86.ActiveCfg = AppStore|iPhone
		{9704E386-9697-42EA-99E5-8FCD89A9C4E1}.Debug|Any CPU.ActiveCfg = Debug|iPhone
		{9704E386-9697-42EA-99E5-8FCD89A9C4E1}.Debug|ARM.ActiveCfg = Debug|iPhone
		{9704E386-9697-42EA-99E5-8FCD89A9C4E1}.Debug|iPhone.ActiveCfg = Debug|iPhone
		{9704E386-9697-42EA-99E5-8FCD89A9C4E1}.Debug|iPhone.Build.0 = Debug|iPhone
		{9704E386-9697-42EA-99E5-8FCD89A9C4E1}.Debug|iPhoneSimulator.ActiveCfg = Debug|iPhoneSimulator
		{9704E386-9697-42EA-99E5-8FCD89A9C4E1}.Debug|iPhoneSimulator.Build.0 = Debug|iPhoneSimulator
		{9704E386-9697-42EA-99E5-8FCD89A9C4E1}.Debug|x64.ActiveCfg = Debug|iPhone
		{9704E386-9697-42EA-99E5-8FCD89A9C4E1}.Debug|x86.ActiveCfg = Debug|iPhone
		{9704E386-9697-42EA-99E5-8FCD89A9C4E1}.Release|Any CPU.ActiveCfg = Release|iPhone
		{9704E386-9697-42EA-99E5-8FCD89A9C4E1}.Release|ARM.ActiveCfg = Release|iPhone
		{9704E386-9697-42EA-99E5-8FCD89A9C4E1}.Release|iPhone.ActiveCfg = Release|iPhone
		{9704E386-9697-42EA-99E5-8FCD89A9C4E1}.Release|iPhone.Build.0 = Release|iPhone
		{9704E386-9697-42EA-99E5-8FCD89A9C4E1}.Release|iPhoneSimulator.ActiveCfg = Release|iPhoneSimulator
		{9704E386-9697-42EA-99E5-8FCD89A9C4E1}.Release|iPhoneSimulator.Build.0 = Release|iPhoneSimulator
		{9704E386-9697-42EA-99E5-8FCD89A9C4E1}.Release|x64.ActiveCfg = Release|iPhone
		{9704E386-9697-42EA-99E5-8FCD89A9C4E1}.Release|x86.ActiveCfg = Release|iPhone
		{0DDA84A7-092D-4D54-A778-F89519FCEA7E}.Ad-Hoc|Any CPU.ActiveCfg = Release|x86
		{0DDA84A7-092D-4D54-A778-F89519FCEA7E}.Ad-Hoc|Any CPU.Build.0 = Release|x86
		{0DDA84A7-092D-4D54-A778-F89519FCEA7E}.Ad-Hoc|Any CPU.Deploy.0 = Release|x86
		{0DDA84A7-092D-4D54-A778-F89519FCEA7E}.Ad-Hoc|ARM.ActiveCfg = Release|ARM
		{0DDA84A7-092D-4D54-A778-F89519FCEA7E}.Ad-Hoc|ARM.Build.0 = Release|ARM
		{0DDA84A7-092D-4D54-A778-F89519FCEA7E}.Ad-Hoc|ARM.Deploy.0 = Release|ARM
		{0DDA84A7-092D-4D54-A778-F89519FCEA7E}.Ad-Hoc|iPhone.ActiveCfg = Release|x86
		{0DDA84A7-092D-4D54-A778-F89519FCEA7E}.Ad-Hoc|iPhone.Build.0 = Release|x86
		{0DDA84A7-092D-4D54-A778-F89519FCEA7E}.Ad-Hoc|iPhone.Deploy.0 = Release|x86
		{0DDA84A7-092D-4D54-A778-F89519FCEA7E}.Ad-Hoc|iPhoneSimulator.ActiveCfg = Release|x86
		{0DDA84A7-092D-4D54-A778-F89519FCEA7E}.Ad-Hoc|iPhoneSimulator.Build.0 = Release|x86
		{0DDA84A7-092D-4D54-A778-F89519FCEA7E}.Ad-Hoc|iPhoneSimulator.Deploy.0 = Release|x86
		{0DDA84A7-092D-4D54-A778-F89519FCEA7E}.Ad-Hoc|x64.ActiveCfg = Release|x64
		{0DDA84A7-092D-4D54-A778-F89519FCEA7E}.Ad-Hoc|x64.Build.0 = Release|x64
		{0DDA84A7-092D-4D54-A778-F89519FCEA7E}.Ad-Hoc|x64.Deploy.0 = Release|x64
		{0DDA84A7-092D-4D54-A778-F89519FCEA7E}.Ad-Hoc|x86.ActiveCfg = Release|x86
		{0DDA84A7-092D-4D54-A778-F89519FCEA7E}.Ad-Hoc|x86.Build.0 = Release|x86
		{0DDA84A7-092D-4D54-A778-F89519FCEA7E}.Ad-Hoc|x86.Deploy.0 = Release|x86
		{0DDA84A7-092D-4D54-A778-F89519FCEA7E}.AppStore|Any CPU.ActiveCfg = Release|x86
		{0DDA84A7-092D-4D54-A778-F89519FCEA7E}.AppStore|Any CPU.Build.0 = Release|x86
		{0DDA84A7-092D-4D54-A778-F89519FCEA7E}.AppStore|Any CPU.Deploy.0 = Release|x86
		{0DDA84A7-092D-4D54-A778-F89519FCEA7E}.AppStore|ARM.ActiveCfg = Release|ARM
		{0DDA84A7-092D-4D54-A778-F89519FCEA7E}.AppStore|ARM.Build.0 = Release|ARM
		{0DDA84A7-092D-4D54-A778-F89519FCEA7E}.AppStore|ARM.Deploy.0 = Release|ARM
		{0DDA84A7-092D-4D54-A778-F89519FCEA7E}.AppStore|iPhone.ActiveCfg = Release|x86
		{0DDA84A7-092D-4D54-A778-F89519FCEA7E}.AppStore|iPhone.Build.0 = Release|x86
		{0DDA84A7-092D-4D54-A778-F89519FCEA7E}.AppStore|iPhone.Deploy.0 = Release|x86
		{0DDA84A7-092D-4D54-A778-F89519FCEA7E}.AppStore|iPhoneSimulator.ActiveCfg = Release|x86
		{0DDA84A7-092D-4D54-A778-F89519FCEA7E}.AppStore|iPhoneSimulator.Build.0 = Release|x86
		{0DDA84A7-092D-4D54-A778-F89519FCEA7E}.AppStore|iPhoneSimulator.Deploy.0 = Release|x86
		{0DDA84A7-092D-4D54-A778-F89519FCEA7E}.AppStore|x64.ActiveCfg = Release|x64
		{0DDA84A7-092D-4D54-A778-F89519FCEA7E}.AppStore|x64.Build.0 = Release|x64
		{0DDA84A7-092D-4D54-A778-F89519FCEA7E}.AppStore|x64.Deploy.0 = Release|x64
		{0DDA84A7-092D-4D54-A778-F89519FCEA7E}.AppStore|x86.ActiveCfg = Release|x86
		{0DDA84A7-092D-4D54-A778-F89519FCEA7E}.AppStore|x86.Build.0 = Release|x86
		{0DDA84A7-092D-4D54-A778-F89519FCEA7E}.AppStore|x86.Deploy.0 = Release|x86
		{0DDA84A7-092D-4D54-A778-F89519FCEA7E}.Debug|Any CPU.ActiveCfg = Debug|x86
		{0DDA84A7-092D-4D54-A778-F89519FCEA7E}.Debug|ARM.ActiveCfg = Debug|ARM
		{0DDA84A7-092D-4D54-A778-F89519FCEA7E}.Debug|ARM.Build.0 = Debug|ARM
		{0DDA84A7-092D-4D54-A778-F89519FCEA7E}.Debug|ARM.Deploy.0 = Debug|ARM
		{0DDA84A7-092D-4D54-A778-F89519FCEA7E}.Debug|iPhone.ActiveCfg = Debug|x86
		{0DDA84A7-092D-4D54-A778-F89519FCEA7E}.Debug|iPhoneSimulator.ActiveCfg = Debug|x86
		{0DDA84A7-092D-4D54-A778-F89519FCEA7E}.Debug|x64.ActiveCfg = Debug|x64
		{0DDA84A7-092D-4D54-A778-F89519FCEA7E}.Debug|x64.Build.0 = Debug|x64
		{0DDA84A7-092D-4D54-A778-F89519FCEA7E}.Debug|x64.Deploy.0 = Debug|x64
		{0DDA84A7-092D-4D54-A778-F89519FCEA7E}.Debug|x86.ActiveCfg = Debug|x86
		{0DDA84A7-092D-4D54-A778-F89519FCEA7E}.Debug|x86.Build.0 = Debug|x86
		{0DDA84A7-092D-4D54-A778-F89519FCEA7E}.Debug|x86.Deploy.0 = Debug|x86
		{0DDA84A7-092D-4D54-A778-F89519FCEA7E}.Release|Any CPU.ActiveCfg = Release|x86
		{0DDA84A7-092D-4D54-A778-F89519FCEA7E}.Release|ARM.ActiveCfg = Release|ARM
		{0DDA84A7-092D-4D54-A778-F89519FCEA7E}.Release|ARM.Build.0 = Release|ARM
		{0DDA84A7-092D-4D54-A778-F89519FCEA7E}.Release|ARM.Deploy.0 = Release|ARM
		{0DDA84A7-092D-4D54-A778-F89519FCEA7E}.Release|iPhone.ActiveCfg = Release|x86
		{0DDA84A7-092D-4D54-A778-F89519FCEA7E}.Release|iPhoneSimulator.ActiveCfg = Release|x86
		{0DDA84A7-092D-4D54-A778-F89519FCEA7E}.Release|x64.ActiveCfg = Release|x64
		{0DDA84A7-092D-4D54-A778-F89519FCEA7E}.Release|x64.Build.0 = Release|x64
		{0DDA84A7-092D-4D54-A778-F89519FCEA7E}.Release|x64.Deploy.0 = Release|x64
		{0DDA84A7-092D-4D54-A778-F89519FCEA7E}.Release|x86.ActiveCfg = Release|x86
		{0DDA84A7-092D-4D54-A778-F89519FCEA7E}.Release|x86.Build.0 = Release|x86
		{0DDA84A7-092D-4D54-A778-F89519FCEA7E}.Release|x86.Deploy.0 = Release|x86
	EndGlobalSection
	GlobalSection(SolutionProperties) = preSolution
		HideSolutionNode = FALSE
	EndGlobalSection
	GlobalSection(ExtensibilityGlobals) = postSolution
		SolutionGuid = {C593B79B-16E1-43D7-8379-640A293ECEAC}
	EndGlobalSection
EndGlobal
