
Microsoft Visual Studio Solution File, Format Version 12.00
# Visual Studio 15
VisualStudioVersion = 15.0.27004.2009
MinimumVisualStudioVersion = 10.0.40219.1
Project("{FAE04EC0-301F-11D3-BF4B-00C04F79EFBC}") = "XFControls", "XFControls\XFControls\XFControls.csproj", "{41321330-7A8C-40B8-B04B-02C14AA0C196}"
EndProject
Project("{FAE04EC0-301F-11D3-BF4B-00C04F79EFBC}") = "XFControls.Android", "XFControls\XFControls.Android\XFControls.Android.csproj", "{6A4EC971-D99B-481B-B447-3DB67C0B6917}"
EndProject
Project("{FAE04EC0-301F-11D3-BF4B-00C04F79EFBC}") = "XFControls.iOS", "XFControls\XFControls.iOS\XFControls.iOS.csproj", "{0C6F486B-0C28-4D90-BD4A-CBEE2986BC59}"
EndProject
Project("{FAE04EC0-301F-11D3-BF4B-00C04F79EFBC}") = "XFControls.UWP", "XFControls\XFControls.UWP\XFControls.UWP.csproj", "{506302AB-5F15-4AB0-912B-86335D913207}"
EndProject
Global
	GlobalSection(SolutionConfigurationPlatforms) = preSolution
		Ad-Hoc|Any CPU = Ad-Hoc|Any CPU
		Ad-Hoc|ARM = Ad-Hoc|ARM
		Ad-Hoc|iPhone = Ad-Hoc|iPhone
		Ad-Hoc|iPhoneSimulator = Ad-Hoc|iPhoneSimulator
		Ad-Hoc|x64 = Ad-Hoc|x64
		Ad-Hoc|x86 = Ad-Hoc|x86
		AppStore|Any CPU = AppStore|Any CPU
		AppStore|ARM = AppStore|ARM
		AppStore|iPhone = AppStore|iPhone
		AppStore|iPhoneSimulator = AppStore|iPhoneSimulator
		AppStore|x64 = AppStore|x64
		AppStore|x86 = AppStore|x86
		Debug|Any CPU = Debug|Any CPU
		Debug|ARM = Debug|ARM
		Debug|iPhone = Debug|iPhone
		Debug|iPhoneSimulator = Debug|iPhoneSimulator
		Debug|x64 = Debug|x64
		Debug|x86 = Debug|x86
		Release|Any CPU = Release|Any CPU
		Release|ARM = Release|ARM
		Release|iPhone = Release|iPhone
		Release|iPhoneSimulator = Release|iPhoneSimulator
		Release|x64 = Release|x64
		Release|x86 = Release|x86
	EndGlobalSection
	GlobalSection(ProjectConfigurationPlatforms) = postSolution
		{41321330-7A8C-40B8-B04B-02C14AA0C196}.Ad-Hoc|Any CPU.ActiveCfg = Debug|Any CPU
		{41321330-7A8C-40B8-B04B-02C14AA0C196}.Ad-Hoc|Any CPU.Build.0 = Debug|Any CPU
		{41321330-7A8C-40B8-B04B-02C14AA0C196}.Ad-Hoc|ARM.ActiveCfg = Debug|Any CPU
		{41321330-7A8C-40B8-B04B-02C14AA0C196}.Ad-Hoc|ARM.Build.0 = Debug|Any CPU
		{41321330-7A8C-40B8-B04B-02C14AA0C196}.Ad-Hoc|iPhone.ActiveCfg = Debug|Any CPU
		{41321330-7A8C-40B8-B04B-02C14AA0C196}.Ad-Hoc|iPhone.Build.0 = Debug|Any CPU
		{41321330-7A8C-40B8-B04B-02C14AA0C196}.Ad-Hoc|iPhoneSimulator.ActiveCfg = Debug|Any CPU
		{41321330-7A8C-40B8-B04B-02C14AA0C196}.Ad-Hoc|iPhoneSimulator.Build.0 = Debug|Any CPU
		{41321330-7A8C-40B8-B04B-02C14AA0C196}.Ad-Hoc|x64.ActiveCfg = Debug|Any CPU
		{41321330-7A8C-40B8-B04B-02C14AA0C196}.Ad-Hoc|x64.Build.0 = Debug|Any CPU
		{41321330-7A8C-40B8-B04B-02C14AA0C196}.Ad-Hoc|x86.ActiveCfg = Debug|Any CPU
		{41321330-7A8C-40B8-B04B-02C14AA0C196}.Ad-Hoc|x86.Build.0 = Debug|Any CPU
		{41321330-7A8C-40B8-B04B-02C14AA0C196}.AppStore|Any CPU.ActiveCfg = Debug|Any CPU
		{41321330-7A8C-40B8-B04B-02C14AA0C196}.AppStore|Any CPU.Build.0 = Debug|Any CPU
		{41321330-7A8C-40B8-B04B-02C14AA0C196}.AppStore|ARM.ActiveCfg = Debug|Any CPU
		{41321330-7A8C-40B8-B04B-02C14AA0C196}.AppStore|ARM.Build.0 = Debug|Any CPU
		{41321330-7A8C-40B8-B04B-02C14AA0C196}.AppStore|iPhone.ActiveCfg = Debug|Any CPU
		{41321330-7A8C-40B8-B04B-02C14AA0C196}.AppStore|iPhone.Build.0 = Debug|Any CPU
		{41321330-7A8C-40B8-B04B-02C14AA0C196}.AppStore|iPhoneSimulator.ActiveCfg = Debug|Any CPU
		{41321330-7A8C-40B8-B04B-02C14AA0C196}.AppStore|iPhoneSimulator.Build.0 = Debug|Any CPU
		{41321330-7A8C-40B8-B04B-02C14AA0C196}.AppStore|x64.ActiveCfg = Debug|Any CPU
		{41321330-7A8C-40B8-B04B-02C14AA0C196}.AppStore|x64.Build.0 = Debug|Any CPU
		{41321330-7A8C-40B8-B04B-02C14AA0C196}.AppStore|x86.ActiveCfg = Debug|Any CPU
		{41321330-7A8C-40B8-B04B-02C14AA0C196}.AppStore|x86.Build.0 = Debug|Any CPU
		{41321330-7A8C-40B8-B04B-02C14AA0C196}.Debug|Any CPU.ActiveCfg = Debug|Any CPU
		{41321330-7A8C-40B8-B04B-02C14AA0C196}.Debug|Any CPU.Build.0 = Debug|Any CPU
		{41321330-7A8C-40B8-B04B-02C14AA0C196}.Debug|ARM.ActiveCfg = Debug|Any CPU
		{41321330-7A8C-40B8-B04B-02C14AA0C196}.Debug|ARM.Build.0 = Debug|Any CPU
		{41321330-7A8C-40B8-B04B-02C14AA0C196}.Debug|iPhone.ActiveCfg = Debug|Any CPU
		{41321330-7A8C-40B8-B04B-02C14AA0C196}.Debug|iPhone.Build.0 = Debug|Any CPU
		{41321330-7A8C-40B8-B04B-02C14AA0C196}.Debug|iPhoneSimulator.ActiveCfg = Debug|Any CPU
		{41321330-7A8C-40B8-B04B-02C14AA0C196}.Debug|iPhoneSimulator.Build.0 = Debug|Any CPU
		{41321330-7A8C-40B8-B04B-02C14AA0C196}.Debug|x64.ActiveCfg = Debug|Any CPU
		{41321330-7A8C-40B8-B04B-02C14AA0C196}.Debug|x64.Build.0 = Debug|Any CPU
		{41321330-7A8C-40B8-B04B-02C14AA0C196}.Debug|x86.ActiveCfg = Debug|Any CPU
		{41321330-7A8C-40B8-B04B-02C14AA0C196}.Debug|x86.Build.0 = Debug|Any CPU
		{41321330-7A8C-40B8-B04B-02C14AA0C196}.Release|Any CPU.ActiveCfg = Release|Any CPU
		{41321330-7A8C-40B8-B04B-02C14AA0C196}.Release|Any CPU.Build.0 = Release|Any CPU
		{41321330-7A8C-40B8-B04B-02C14AA0C196}.Release|ARM.ActiveCfg = Release|Any CPU
		{41321330-7A8C-40B8-B04B-02C14AA0C196}.Release|ARM.Build.0 = Release|Any CPU
		{41321330-7A8C-40B8-B04B-02C14AA0C196}.Release|iPhone.ActiveCfg = Release|Any CPU
		{41321330-7A8C-40B8-B04B-02C14AA0C196}.Release|iPhone.Build.0 = Release|Any CPU
		{41321330-7A8C-40B8-B04B-02C14AA0C196}.Release|iPhoneSimulator.ActiveCfg = Release|Any CPU
		{41321330-7A8C-40B8-B04B-02C14AA0C196}.Release|iPhoneSimulator.Build.0 = Release|Any CPU
		{41321330-7A8C-40B8-B04B-02C14AA0C196}.Release|x64.ActiveCfg = Release|Any CPU
		{41321330-7A8C-40B8-B04B-02C14AA0C196}.Release|x64.Build.0 = Release|Any CPU
		{41321330-7A8C-40B8-B04B-02C14AA0C196}.Release|x86.ActiveCfg = Release|Any CPU
		{41321330-7A8C-40B8-B04B-02C14AA0C196}.Release|x86.Build.0 = Release|Any CPU
		{6A4EC971-D99B-481B-B447-3DB67C0B6917}.Ad-Hoc|Any CPU.ActiveCfg = Release|Any CPU
		{6A4EC971-D99B-481B-B447-3DB67C0B6917}.Ad-Hoc|Any CPU.Build.0 = Release|Any CPU
		{6A4EC971-D99B-481B-B447-3DB67C0B6917}.Ad-Hoc|Any CPU.Deploy.0 = Release|Any CPU
		{6A4EC971-D99B-481B-B447-3DB67C0B6917}.Ad-Hoc|ARM.ActiveCfg = Release|Any CPU
		{6A4EC971-D99B-481B-B447-3DB67C0B6917}.Ad-Hoc|ARM.Build.0 = Release|Any CPU
		{6A4EC971-D99B-481B-B447-3DB67C0B6917}.Ad-Hoc|ARM.Deploy.0 = Release|Any CPU
		{6A4EC971-D99B-481B-B447-3DB67C0B6917}.Ad-Hoc|iPhone.ActiveCfg = Release|Any CPU
		{6A4EC971-D99B-481B-B447-3DB67C0B6917}.Ad-Hoc|iPhone.Build.0 = Release|Any CPU
		{6A4EC971-D99B-481B-B447-3DB67C0B6917}.Ad-Hoc|iPhone.Deploy.0 = Release|Any CPU
		{6A4EC971-D99B-481B-B447-3DB67C0B6917}.Ad-Hoc|iPhoneSimulator.ActiveCfg = Release|Any CPU
		{6A4EC971-D99B-481B-B447-3DB67C0B6917}.Ad-Hoc|iPhoneSimulator.Build.0 = Release|Any CPU
		{6A4EC971-D99B-481B-B447-3DB67C0B6917}.Ad-Hoc|iPhoneSimulator.Deploy.0 = Release|Any CPU
		{6A4EC971-D99B-481B-B447-3DB67C0B6917}.Ad-Hoc|x64.ActiveCfg = Release|Any CPU
		{6A4EC971-D99B-481B-B447-3DB67C0B6917}.Ad-Hoc|x64.Build.0 = Release|Any CPU
		{6A4EC971-D99B-481B-B447-3DB67C0B6917}.Ad-Hoc|x64.Deploy.0 = Release|Any CPU
		{6A4EC971-D99B-481B-B447-3DB67C0B6917}.Ad-Hoc|x86.ActiveCfg = Release|Any CPU
		{6A4EC971-D99B-481B-B447-3DB67C0B6917}.Ad-Hoc|x86.Build.0 = Release|Any CPU
		{6A4EC971-D99B-481B-B447-3DB67C0B6917}.Ad-Hoc|x86.Deploy.0 = Release|Any CPU
		{6A4EC971-D99B-481B-B447-3DB67C0B6917}.AppStore|Any CPU.ActiveCfg = Release|Any CPU
		{6A4EC971-D99B-481B-B447-3DB67C0B6917}.AppStore|Any CPU.Build.0 = Release|Any CPU
		{6A4EC971-D99B-481B-B447-3DB67C0B6917}.AppStore|Any CPU.Deploy.0 = Release|Any CPU
		{6A4EC971-D99B-481B-B447-3DB67C0B6917}.AppStore|ARM.ActiveCfg = Release|Any CPU
		{6A4EC971-D99B-481B-B447-3DB67C0B6917}.AppStore|ARM.Build.0 = Release|Any CPU
		{6A4EC971-D99B-481B-B447-3DB67C0B6917}.AppStore|ARM.Deploy.0 = Release|Any CPU
		{6A4EC971-D99B-481B-B447-3DB67C0B6917}.AppStore|iPhone.ActiveCfg = Release|Any CPU
		{6A4EC971-D99B-481B-B447-3DB67C0B6917}.AppStore|iPhone.Build.0 = Release|Any CPU
		{6A4EC971-D99B-481B-B447-3DB67C0B6917}.AppStore|iPhone.Deploy.0 = Release|Any CPU
		{6A4EC971-D99B-481B-B447-3DB67C0B6917}.AppStore|iPhoneSimulator.ActiveCfg = Release|Any CPU
		{6A4EC971-D99B-481B-B447-3DB67C0B6917}.AppStore|iPhoneSimulator.Build.0 = Release|Any CPU
		{6A4EC971-D99B-481B-B447-3DB67C0B6917}.AppStore|iPhoneSimulator.Deploy.0 = Release|Any CPU
		{6A4EC971-D99B-481B-B447-3DB67C0B6917}.AppStore|x64.ActiveCfg = Release|Any CPU
		{6A4EC971-D99B-481B-B447-3DB67C0B6917}.AppStore|x64.Build.0 = Release|Any CPU
		{6A4EC971-D99B-481B-B447-3DB67C0B6917}.AppStore|x64.Deploy.0 = Release|Any CPU
		{6A4EC971-D99B-481B-B447-3DB67C0B6917}.AppStore|x86.ActiveCfg = Release|Any CPU
		{6A4EC971-D99B-481B-B447-3DB67C0B6917}.AppStore|x86.Build.0 = Release|Any CPU
		{6A4EC971-D99B-481B-B447-3DB67C0B6917}.AppStore|x86.Deploy.0 = Release|Any CPU
		{6A4EC971-D99B-481B-B447-3DB67C0B6917}.Debug|Any CPU.ActiveCfg = Debug|Any CPU
		{6A4EC971-D99B-481B-B447-3DB67C0B6917}.Debug|Any CPU.Build.0 = Debug|Any CPU
		{6A4EC971-D99B-481B-B447-3DB67C0B6917}.Debug|Any CPU.Deploy.0 = Debug|Any CPU
		{6A4EC971-D99B-481B-B447-3DB67C0B6917}.Debug|ARM.ActiveCfg = Debug|Any CPU
		{6A4EC971-D99B-481B-B447-3DB67C0B6917}.Debug|ARM.Build.0 = Debug|Any CPU
		{6A4EC971-D99B-481B-B447-3DB67C0B6917}.Debug|ARM.Deploy.0 = Debug|Any CPU
		{6A4EC971-D99B-481B-B447-3DB67C0B6917}.Debug|iPhone.ActiveCfg = Debug|Any CPU
		{6A4EC971-D99B-481B-B447-3DB67C0B6917}.Debug|iPhone.Build.0 = Debug|Any CPU
		{6A4EC971-D99B-481B-B447-3DB67C0B6917}.Debug|iPhone.Deploy.0 = Debug|Any CPU
		{6A4EC971-D99B-481B-B447-3DB67C0B6917}.Debug|iPhoneSimulator.ActiveCfg = Debug|Any CPU
		{6A4EC971-D99B-481B-B447-3DB67C0B6917}.Debug|iPhoneSimulator.Build.0 = Debug|Any CPU
		{6A4EC971-D99B-481B-B447-3DB67C0B6917}.Debug|iPhoneSimulator.Deploy.0 = Debug|Any CPU
		{6A4EC971-D99B-481B-B447-3DB67C0B6917}.Debug|x64.ActiveCfg = Debug|Any CPU
		{6A4EC971-D99B-481B-B447-3DB67C0B6917}.Debug|x64.Build.0 = Debug|Any CPU
		{6A4EC971-D99B-481B-B447-3DB67C0B6917}.Debug|x64.Deploy.0 = Debug|Any CPU
		{6A4EC971-D99B-481B-B447-3DB67C0B6917}.Debug|x86.ActiveCfg = Debug|Any CPU
		{6A4EC971-D99B-481B-B447-3DB67C0B6917}.Debug|x86.Build.0 = Debug|Any CPU
		{6A4EC971-D99B-481B-B447-3DB67C0B6917}.Debug|x86.Deploy.0 = Debug|Any CPU
		{6A4EC971-D99B-481B-B447-3DB67C0B6917}.Release|Any CPU.ActiveCfg = Release|Any CPU
		{6A4EC971-D99B-481B-B447-3DB67C0B6917}.Release|Any CPU.Build.0 = Release|Any CPU
		{6A4EC971-D99B-481B-B447-3DB67C0B6917}.Release|Any CPU.Deploy.0 = Release|Any CPU
		{6A4EC971-D99B-481B-B447-3DB67C0B6917}.Release|ARM.ActiveCfg = Release|Any CPU
		{6A4EC971-D99B-481B-B447-3DB67C0B6917}.Release|ARM.Build.0 = Release|Any CPU
		{6A4EC971-D99B-481B-B447-3DB67C0B6917}.Release|ARM.Deploy.0 = Release|Any CPU
		{6A4EC971-D99B-481B-B447-3DB67C0B6917}.Release|iPhone.ActiveCfg = Release|Any CPU
		{6A4EC971-D99B-481B-B447-3DB67C0B6917}.Release|iPhone.Build.0 = Release|Any CPU
		{6A4EC971-D99B-481B-B447-3DB67C0B6917}.Release|iPhone.Deploy.0 = Release|Any CPU
		{6A4EC971-D99B-481B-B447-3DB67C0B6917}.Release|iPhoneSimulator.ActiveCfg = Release|Any CPU
		{6A4EC971-D99B-481B-B447-3DB67C0B6917}.Release|iPhoneSimulator.Build.0 = Release|Any CPU
		{6A4EC971-D99B-481B-B447-3DB67C0B6917}.Release|iPhoneSimulator.Deploy.0 = Release|Any CPU
		{6A4EC971-D99B-481B-B447-3DB67C0B6917}.Release|x64.ActiveCfg = Release|Any CPU
		{6A4EC971-D99B-481B-B447-3DB67C0B6917}.Release|x64.Build.0 = Release|Any CPU
		{6A4EC971-D99B-481B-B447-3DB67C0B6917}.Release|x64.Deploy.0 = Release|Any CPU
		{6A4EC971-D99B-481B-B447-3DB67C0B6917}.Release|x86.ActiveCfg = Release|Any CPU
		{6A4EC971-D99B-481B-B447-3DB67C0B6917}.Release|x86.Build.0 = Release|Any CPU
		{6A4EC971-D99B-481B-B447-3DB67C0B6917}.Release|x86.Deploy.0 = Release|Any CPU
		{0C6F486B-0C28-4D90-BD4A-CBEE2986BC59}.Ad-Hoc|Any CPU.ActiveCfg = Ad-Hoc|iPhone
		{0C6F486B-0C28-4D90-BD4A-CBEE2986BC59}.Ad-Hoc|ARM.ActiveCfg = Ad-Hoc|iPhone
		{0C6F486B-0C28-4D90-BD4A-CBEE2986BC59}.Ad-Hoc|iPhone.ActiveCfg = Ad-Hoc|iPhone
		{0C6F486B-0C28-4D90-BD4A-CBEE2986BC59}.Ad-Hoc|iPhone.Build.0 = Ad-Hoc|iPhone
		{0C6F486B-0C28-4D90-BD4A-CBEE2986BC59}.Ad-Hoc|iPhoneSimulator.ActiveCfg = Ad-Hoc|iPhoneSimulator
		{0C6F486B-0C28-4D90-BD4A-CBEE2986BC59}.Ad-Hoc|iPhoneSimulator.Build.0 = Ad-Hoc|iPhoneSimulator
		{0C6F486B-0C28-4D90-BD4A-CBEE2986BC59}.Ad-Hoc|x64.ActiveCfg = Ad-Hoc|iPhone
		{0C6F486B-0C28-4D90-BD4A-CBEE2986BC59}.Ad-Hoc|x86.ActiveCfg = Ad-Hoc|iPhone
		{0C6F486B-0C28-4D90-BD4A-CBEE2986BC59}.AppStore|Any CPU.ActiveCfg = AppStore|iPhone
		{0C6F486B-0C28-4D90-BD4A-CBEE2986BC59}.AppStore|ARM.ActiveCfg = AppStore|iPhone
		{0C6F486B-0C28-4D90-BD4A-CBEE2986BC59}.AppStore|iPhone.ActiveCfg = AppStore|iPhone
		{0C6F486B-0C28-4D90-BD4A-CBEE2986BC59}.AppStore|iPhone.Build.0 = AppStore|iPhone
		{0C6F486B-0C28-4D90-BD4A-CBEE2986BC59}.AppStore|iPhoneSimulator.ActiveCfg = AppStore|iPhoneSimulator
		{0C6F486B-0C28-4D90-BD4A-CBEE2986BC59}.AppStore|iPhoneSimulator.Build.0 = AppStore|iPhoneSimulator
		{0C6F486B-0C28-4D90-BD4A-CBEE2986BC59}.AppStore|x64.ActiveCfg = AppStore|iPhone
		{0C6F486B-0C28-4D90-BD4A-CBEE2986BC59}.AppStore|x86.ActiveCfg = AppStore|iPhone
		{0C6F486B-0C28-4D90-BD4A-CBEE2986BC59}.Debug|Any CPU.ActiveCfg = Debug|iPhone
		{0C6F486B-0C28-4D90-BD4A-CBEE2986BC59}.Debug|ARM.ActiveCfg = Debug|iPhone
		{0C6F486B-0C28-4D90-BD4A-CBEE2986BC59}.Debug|iPhone.ActiveCfg = Debug|iPhone
		{0C6F486B-0C28-4D90-BD4A-CBEE2986BC59}.Debug|iPhone.Build.0 = Debug|iPhone
		{0C6F486B-0C28-4D90-BD4A-CBEE2986BC59}.Debug|iPhoneSimulator.ActiveCfg = Debug|iPhoneSimulator
		{0C6F486B-0C28-4D90-BD4A-CBEE2986BC59}.Debug|iPhoneSimulator.Build.0 = Debug|iPhoneSimulator
		{0C6F486B-0C28-4D90-BD4A-CBEE2986BC59}.Debug|x64.ActiveCfg = Debug|iPhone
		{0C6F486B-0C28-4D90-BD4A-CBEE2986BC59}.Debug|x86.ActiveCfg = Debug|iPhone
		{0C6F486B-0C28-4D90-BD4A-CBEE2986BC59}.Release|Any CPU.ActiveCfg = Release|iPhone
		{0C6F486B-0C28-4D90-BD4A-CBEE2986BC59}.Release|ARM.ActiveCfg = Release|iPhone
		{0C6F486B-0C28-4D90-BD4A-CBEE2986BC59}.Release|iPhone.ActiveCfg = Release|iPhone
		{0C6F486B-0C28-4D90-BD4A-CBEE2986BC59}.Release|iPhone.Build.0 = Release|iPhone
		{0C6F486B-0C28-4D90-BD4A-CBEE2986BC59}.Release|iPhoneSimulator.ActiveCfg = Release|iPhoneSimulator
		{0C6F486B-0C28-4D90-BD4A-CBEE2986BC59}.Release|iPhoneSimulator.Build.0 = Release|iPhoneSimulator
		{0C6F486B-0C28-4D90-BD4A-CBEE2986BC59}.Release|x64.ActiveCfg = Release|iPhone
		{0C6F486B-0C28-4D90-BD4A-CBEE2986BC59}.Release|x86.ActiveCfg = Release|iPhone
		{506302AB-5F15-4AB0-912B-86335D913207}.Ad-Hoc|Any CPU.ActiveCfg = Release|x86
		{506302AB-5F15-4AB0-912B-86335D913207}.Ad-Hoc|Any CPU.Build.0 = Release|x86
		{506302AB-5F15-4AB0-912B-86335D913207}.Ad-Hoc|Any CPU.Deploy.0 = Release|x86
		{506302AB-5F15-4AB0-912B-86335D913207}.Ad-Hoc|ARM.ActiveCfg = Release|ARM
		{506302AB-5F15-4AB0-912B-86335D913207}.Ad-Hoc|ARM.Build.0 = Release|ARM
		{506302AB-5F15-4AB0-912B-86335D913207}.Ad-Hoc|ARM.Deploy.0 = Release|ARM
		{506302AB-5F15-4AB0-912B-86335D913207}.Ad-Hoc|iPhone.ActiveCfg = Release|x86
		{506302AB-5F15-4AB0-912B-86335D913207}.Ad-Hoc|iPhone.Build.0 = Release|x86
		{506302AB-5F15-4AB0-912B-86335D913207}.Ad-Hoc|iPhone.Deploy.0 = Release|x86
		{506302AB-5F15-4AB0-912B-86335D913207}.Ad-Hoc|iPhoneSimulator.ActiveCfg = Release|x86
		{506302AB-5F15-4AB0-912B-86335D913207}.Ad-Hoc|iPhoneSimulator.Build.0 = Release|x86
		{506302AB-5F15-4AB0-912B-86335D913207}.Ad-Hoc|iPhoneSimulator.Deploy.0 = Release|x86
		{506302AB-5F15-4AB0-912B-86335D913207}.Ad-Hoc|x64.ActiveCfg = Release|x64
		{506302AB-5F15-4AB0-912B-86335D913207}.Ad-Hoc|x64.Build.0 = Release|x64
		{506302AB-5F15-4AB0-912B-86335D913207}.Ad-Hoc|x64.Deploy.0 = Release|x64
		{506302AB-5F15-4AB0-912B-86335D913207}.Ad-Hoc|x86.ActiveCfg = Release|x86
		{506302AB-5F15-4AB0-912B-86335D913207}.Ad-Hoc|x86.Build.0 = Release|x86
		{506302AB-5F15-4AB0-912B-86335D913207}.Ad-Hoc|x86.Deploy.0 = Release|x86
		{506302AB-5F15-4AB0-912B-86335D913207}.AppStore|Any CPU.ActiveCfg = Release|x86
		{506302AB-5F15-4AB0-912B-86335D913207}.AppStore|Any CPU.Build.0 = Release|x86
		{506302AB-5F15-4AB0-912B-86335D913207}.AppStore|Any CPU.Deploy.0 = Release|x86
		{506302AB-5F15-4AB0-912B-86335D913207}.AppStore|ARM.ActiveCfg = Release|ARM
		{506302AB-5F15-4AB0-912B-86335D913207}.AppStore|ARM.Build.0 = Release|ARM
		{506302AB-5F15-4AB0-912B-86335D913207}.AppStore|ARM.Deploy.0 = Release|ARM
		{506302AB-5F15-4AB0-912B-86335D913207}.AppStore|iPhone.ActiveCfg = Release|x86
		{506302AB-5F15-4AB0-912B-86335D913207}.AppStore|iPhone.Build.0 = Release|x86
		{506302AB-5F15-4AB0-912B-86335D913207}.AppStore|iPhone.Deploy.0 = Release|x86
		{506302AB-5F15-4AB0-912B-86335D913207}.AppStore|iPhoneSimulator.ActiveCfg = Release|x86
		{506302AB-5F15-4AB0-912B-86335D913207}.AppStore|iPhoneSimulator.Build.0 = Release|x86
		{506302AB-5F15-4AB0-912B-86335D913207}.AppStore|iPhoneSimulator.Deploy.0 = Release|x86
		{506302AB-5F15-4AB0-912B-86335D913207}.AppStore|x64.ActiveCfg = Release|x64
		{506302AB-5F15-4AB0-912B-86335D913207}.AppStore|x64.Build.0 = Release|x64
		{506302AB-5F15-4AB0-912B-86335D913207}.AppStore|x64.Deploy.0 = Release|x64
		{506302AB-5F15-4AB0-912B-86335D913207}.AppStore|x86.ActiveCfg = Release|x86
		{506302AB-5F15-4AB0-912B-86335D913207}.AppStore|x86.Build.0 = Release|x86
		{506302AB-5F15-4AB0-912B-86335D913207}.AppStore|x86.Deploy.0 = Release|x86
		{506302AB-5F15-4AB0-912B-86335D913207}.Debug|Any CPU.ActiveCfg = Debug|x86
		{506302AB-5F15-4AB0-912B-86335D913207}.Debug|ARM.ActiveCfg = Debug|ARM
		{506302AB-5F15-4AB0-912B-86335D913207}.Debug|ARM.Build.0 = Debug|ARM
		{506302AB-5F15-4AB0-912B-86335D913207}.Debug|ARM.Deploy.0 = Debug|ARM
		{506302AB-5F15-4AB0-912B-86335D913207}.Debug|iPhone.ActiveCfg = Debug|x86
		{506302AB-5F15-4AB0-912B-86335D913207}.Debug|iPhoneSimulator.ActiveCfg = Debug|x86
		{506302AB-5F15-4AB0-912B-86335D913207}.Debug|x64.ActiveCfg = Debug|x64
		{506302AB-5F15-4AB0-912B-86335D913207}.Debug|x64.Build.0 = Debug|x64
		{506302AB-5F15-4AB0-912B-86335D913207}.Debug|x64.Deploy.0 = Debug|x64
		{506302AB-5F15-4AB0-912B-86335D913207}.Debug|x86.ActiveCfg = Debug|x86
		{506302AB-5F15-4AB0-912B-86335D913207}.Debug|x86.Build.0 = Debug|x86
		{506302AB-5F15-4AB0-912B-86335D913207}.Debug|x86.Deploy.0 = Debug|x86
		{506302AB-5F15-4AB0-912B-86335D913207}.Release|Any CPU.ActiveCfg = Release|x86
		{506302AB-5F15-4AB0-912B-86335D913207}.Release|ARM.ActiveCfg = Release|ARM
		{506302AB-5F15-4AB0-912B-86335D913207}.Release|ARM.Build.0 = Release|ARM
		{506302AB-5F15-4AB0-912B-86335D913207}.Release|ARM.Deploy.0 = Release|ARM
		{506302AB-5F15-4AB0-912B-86335D913207}.Release|iPhone.ActiveCfg = Release|x86
		{506302AB-5F15-4AB0-912B-86335D913207}.Release|iPhoneSimulator.ActiveCfg = Release|x86
		{506302AB-5F15-4AB0-912B-86335D913207}.Release|x64.ActiveCfg = Release|x64
		{506302AB-5F15-4AB0-912B-86335D913207}.Release|x64.Build.0 = Release|x64
		{506302AB-5F15-4AB0-912B-86335D913207}.Release|x64.Deploy.0 = Release|x64
		{506302AB-5F15-4AB0-912B-86335D913207}.Release|x86.ActiveCfg = Release|x86
		{506302AB-5F15-4AB0-912B-86335D913207}.Release|x86.Build.0 = Release|x86
		{506302AB-5F15-4AB0-912B-86335D913207}.Release|x86.Deploy.0 = Release|x86
	EndGlobalSection
	GlobalSection(SolutionProperties) = preSolution
		HideSolutionNode = FALSE
	EndGlobalSection
	GlobalSection(ExtensibilityGlobals) = postSolution
		SolutionGuid = {6C706410-FD1A-4732-8319-63BDB5020752}
	EndGlobalSection
EndGlobal
