
Microsoft Visual Studio Solution File, Format Version 12.00
# Visual Studio 15
VisualStudioVersion = 15.0.27004.2009
MinimumVisualStudioVersion = 10.0.40219.1
Project("{FAE04EC0-301F-11D3-BF4B-00C04F79EFBC}") = "XFCodeBehind.Android", "XFCodeBehind\XFCodeBehind.Android\XFCodeBehind.Android.csproj", "{85ABC949-892C-4455-956A-6A1E086234D0}"
EndProject
Project("{FAE04EC0-301F-11D3-BF4B-00C04F79EFBC}") = "XFCodeBehind", "XFCodeBehind\XFCodeBehind\XFCodeBehind.csproj", "{B6FB83C8-8C10-4F87-A812-F9ED9B39B409}"
EndProject
Project("{FAE04EC0-301F-11D3-BF4B-00C04F79EFBC}") = "XFCodeBehind.UWP", "XFCodeBehind\XFCodeBehind.UWP\XFCodeBehind.UWP.csproj", "{97EF9A23-969B-48D8-9D24-4FA5BBCDD203}"
EndProject
Project("{FAE04EC0-301F-11D3-BF4B-00C04F79EFBC}") = "XFCodeBehind.iOS", "XFCodeBehind\XFCodeBehind.iOS\XFCodeBehind.iOS.csproj", "{528066BC-7070-438A-AF79-55DC2CB0E8CC}"
EndProject
Global
	GlobalSection(SolutionConfigurationPlatforms) = preSolution
		Ad-Hoc|Any CPU = Ad-Hoc|Any CPU
		Ad-Hoc|ARM = Ad-Hoc|ARM
		Ad-Hoc|iPhone = Ad-Hoc|iPhone
		Ad-Hoc|iPhoneSimulator = Ad-Hoc|iPhoneSimulator
		Ad-Hoc|x64 = Ad-Hoc|x64
		Ad-Hoc|x86 = Ad-Hoc|x86
		AppStore|Any CPU = AppStore|Any CPU
		AppStore|ARM = AppStore|ARM
		AppStore|iPhone = AppStore|iPhone
		AppStore|iPhoneSimulator = AppStore|iPhoneSimulator
		AppStore|x64 = AppStore|x64
		AppStore|x86 = AppStore|x86
		Debug|Any CPU = Debug|Any CPU
		Debug|ARM = Debug|ARM
		Debug|iPhone = Debug|iPhone
		Debug|iPhoneSimulator = Debug|iPhoneSimulator
		Debug|x64 = Debug|x64
		Debug|x86 = Debug|x86
		Release|Any CPU = Release|Any CPU
		Release|ARM = Release|ARM
		Release|iPhone = Release|iPhone
		Release|iPhoneSimulator = Release|iPhoneSimulator
		Release|x64 = Release|x64
		Release|x86 = Release|x86
	EndGlobalSection
	GlobalSection(ProjectConfigurationPlatforms) = postSolution
		{85ABC949-892C-4455-956A-6A1E086234D0}.Ad-Hoc|Any CPU.ActiveCfg = Release|Any CPU
		{85ABC949-892C-4455-956A-6A1E086234D0}.Ad-Hoc|Any CPU.Build.0 = Release|Any CPU
		{85ABC949-892C-4455-956A-6A1E086234D0}.Ad-Hoc|Any CPU.Deploy.0 = Release|Any CPU
		{85ABC949-892C-4455-956A-6A1E086234D0}.Ad-Hoc|ARM.ActiveCfg = Release|Any CPU
		{85ABC949-892C-4455-956A-6A1E086234D0}.Ad-Hoc|ARM.Build.0 = Release|Any CPU
		{85ABC949-892C-4455-956A-6A1E086234D0}.Ad-Hoc|ARM.Deploy.0 = Release|Any CPU
		{85ABC949-892C-4455-956A-6A1E086234D0}.Ad-Hoc|iPhone.ActiveCfg = Release|Any CPU
		{85ABC949-892C-4455-956A-6A1E086234D0}.Ad-Hoc|iPhone.Build.0 = Release|Any CPU
		{85ABC949-892C-4455-956A-6A1E086234D0}.Ad-Hoc|iPhone.Deploy.0 = Release|Any CPU
		{85ABC949-892C-4455-956A-6A1E086234D0}.Ad-Hoc|iPhoneSimulator.ActiveCfg = Release|Any CPU
		{85ABC949-892C-4455-956A-6A1E086234D0}.Ad-Hoc|iPhoneSimulator.Build.0 = Release|Any CPU
		{85ABC949-892C-4455-956A-6A1E086234D0}.Ad-Hoc|iPhoneSimulator.Deploy.0 = Release|Any CPU
		{85ABC949-892C-4455-956A-6A1E086234D0}.Ad-Hoc|x64.ActiveCfg = Release|Any CPU
		{85ABC949-892C-4455-956A-6A1E086234D0}.Ad-Hoc|x64.Build.0 = Release|Any CPU
		{85ABC949-892C-4455-956A-6A1E086234D0}.Ad-Hoc|x64.Deploy.0 = Release|Any CPU
		{85ABC949-892C-4455-956A-6A1E086234D0}.Ad-Hoc|x86.ActiveCfg = Release|Any CPU
		{85ABC949-892C-4455-956A-6A1E086234D0}.Ad-Hoc|x86.Build.0 = Release|Any CPU
		{85ABC949-892C-4455-956A-6A1E086234D0}.Ad-Hoc|x86.Deploy.0 = Release|Any CPU
		{85ABC949-892C-4455-956A-6A1E086234D0}.AppStore|Any CPU.ActiveCfg = Release|Any CPU
		{85ABC949-892C-4455-956A-6A1E086234D0}.AppStore|Any CPU.Build.0 = Release|Any CPU
		{85ABC949-892C-4455-956A-6A1E086234D0}.AppStore|Any CPU.Deploy.0 = Release|Any CPU
		{85ABC949-892C-4455-956A-6A1E086234D0}.AppStore|ARM.ActiveCfg = Release|Any CPU
		{85ABC949-892C-4455-956A-6A1E086234D0}.AppStore|ARM.Build.0 = Release|Any CPU
		{85ABC949-892C-4455-956A-6A1E086234D0}.AppStore|ARM.Deploy.0 = Release|Any CPU
		{85ABC949-892C-4455-956A-6A1E086234D0}.AppStore|iPhone.ActiveCfg = Release|Any CPU
		{85ABC949-892C-4455-956A-6A1E086234D0}.AppStore|iPhone.Build.0 = Release|Any CPU
		{85ABC949-892C-4455-956A-6A1E086234D0}.AppStore|iPhone.Deploy.0 = Release|Any CPU
		{85ABC949-892C-4455-956A-6A1E086234D0}.AppStore|iPhoneSimulator.ActiveCfg = Release|Any CPU
		{85ABC949-892C-4455-956A-6A1E086234D0}.AppStore|iPhoneSimulator.Build.0 = Release|Any CPU
		{85ABC949-892C-4455-956A-6A1E086234D0}.AppStore|iPhoneSimulator.Deploy.0 = Release|Any CPU
		{85ABC949-892C-4455-956A-6A1E086234D0}.AppStore|x64.ActiveCfg = Release|Any CPU
		{85ABC949-892C-4455-956A-6A1E086234D0}.AppStore|x64.Build.0 = Release|Any CPU
		{85ABC949-892C-4455-956A-6A1E086234D0}.AppStore|x64.Deploy.0 = Release|Any CPU
		{85ABC949-892C-4455-956A-6A1E086234D0}.AppStore|x86.ActiveCfg = Release|Any CPU
		{85ABC949-892C-4455-956A-6A1E086234D0}.AppStore|x86.Build.0 = Release|Any CPU
		{85ABC949-892C-4455-956A-6A1E086234D0}.AppStore|x86.Deploy.0 = Release|Any CPU
		{85ABC949-892C-4455-956A-6A1E086234D0}.Debug|Any CPU.ActiveCfg = Debug|Any CPU
		{85ABC949-892C-4455-956A-6A1E086234D0}.Debug|Any CPU.Build.0 = Debug|Any CPU
		{85ABC949-892C-4455-956A-6A1E086234D0}.Debug|Any CPU.Deploy.0 = Debug|Any CPU
		{85ABC949-892C-4455-956A-6A1E086234D0}.Debug|ARM.ActiveCfg = Debug|Any CPU
		{85ABC949-892C-4455-956A-6A1E086234D0}.Debug|ARM.Build.0 = Debug|Any CPU
		{85ABC949-892C-4455-956A-6A1E086234D0}.Debug|ARM.Deploy.0 = Debug|Any CPU
		{85ABC949-892C-4455-956A-6A1E086234D0}.Debug|iPhone.ActiveCfg = Debug|Any CPU
		{85ABC949-892C-4455-956A-6A1E086234D0}.Debug|iPhone.Build.0 = Debug|Any CPU
		{85ABC949-892C-4455-956A-6A1E086234D0}.Debug|iPhone.Deploy.0 = Debug|Any CPU
		{85ABC949-892C-4455-956A-6A1E086234D0}.Debug|iPhoneSimulator.ActiveCfg = Debug|Any CPU
		{85ABC949-892C-4455-956A-6A1E086234D0}.Debug|iPhoneSimulator.Build.0 = Debug|Any CPU
		{85ABC949-892C-4455-956A-6A1E086234D0}.Debug|iPhoneSimulator.Deploy.0 = Debug|Any CPU
		{85ABC949-892C-4455-956A-6A1E086234D0}.Debug|x64.ActiveCfg = Debug|Any CPU
		{85ABC949-892C-4455-956A-6A1E086234D0}.Debug|x64.Build.0 = Debug|Any CPU
		{85ABC949-892C-4455-956A-6A1E086234D0}.Debug|x64.Deploy.0 = Debug|Any CPU
		{85ABC949-892C-4455-956A-6A1E086234D0}.Debug|x86.ActiveCfg = Debug|Any CPU
		{85ABC949-892C-4455-956A-6A1E086234D0}.Debug|x86.Build.0 = Debug|Any CPU
		{85ABC949-892C-4455-956A-6A1E086234D0}.Debug|x86.Deploy.0 = Debug|Any CPU
		{85ABC949-892C-4455-956A-6A1E086234D0}.Release|Any CPU.ActiveCfg = Release|Any CPU
		{85ABC949-892C-4455-956A-6A1E086234D0}.Release|Any CPU.Build.0 = Release|Any CPU
		{85ABC949-892C-4455-956A-6A1E086234D0}.Release|Any CPU.Deploy.0 = Release|Any CPU
		{85ABC949-892C-4455-956A-6A1E086234D0}.Release|ARM.ActiveCfg = Release|Any CPU
		{85ABC949-892C-4455-956A-6A1E086234D0}.Release|ARM.Build.0 = Release|Any CPU
		{85ABC949-892C-4455-956A-6A1E086234D0}.Release|ARM.Deploy.0 = Release|Any CPU
		{85ABC949-892C-4455-956A-6A1E086234D0}.Release|iPhone.ActiveCfg = Release|Any CPU
		{85ABC949-892C-4455-956A-6A1E086234D0}.Release|iPhone.Build.0 = Release|Any CPU
		{85ABC949-892C-4455-956A-6A1E086234D0}.Release|iPhone.Deploy.0 = Release|Any CPU
		{85ABC949-892C-4455-956A-6A1E086234D0}.Release|iPhoneSimulator.ActiveCfg = Release|Any CPU
		{85ABC949-892C-4455-956A-6A1E086234D0}.Release|iPhoneSimulator.Build.0 = Release|Any CPU
		{85ABC949-892C-4455-956A-6A1E086234D0}.Release|iPhoneSimulator.Deploy.0 = Release|Any CPU
		{85ABC949-892C-4455-956A-6A1E086234D0}.Release|x64.ActiveCfg = Release|Any CPU
		{85ABC949-892C-4455-956A-6A1E086234D0}.Release|x64.Build.0 = Release|Any CPU
		{85ABC949-892C-4455-956A-6A1E086234D0}.Release|x64.Deploy.0 = Release|Any CPU
		{85ABC949-892C-4455-956A-6A1E086234D0}.Release|x86.ActiveCfg = Release|Any CPU
		{85ABC949-892C-4455-956A-6A1E086234D0}.Release|x86.Build.0 = Release|Any CPU
		{85ABC949-892C-4455-956A-6A1E086234D0}.Release|x86.Deploy.0 = Release|Any CPU
		{B6FB83C8-8C10-4F87-A812-F9ED9B39B409}.Ad-Hoc|Any CPU.ActiveCfg = Release|Any CPU
		{B6FB83C8-8C10-4F87-A812-F9ED9B39B409}.Ad-Hoc|Any CPU.Build.0 = Release|Any CPU
		{B6FB83C8-8C10-4F87-A812-F9ED9B39B409}.Ad-Hoc|ARM.ActiveCfg = Release|Any CPU
		{B6FB83C8-8C10-4F87-A812-F9ED9B39B409}.Ad-Hoc|ARM.Build.0 = Release|Any CPU
		{B6FB83C8-8C10-4F87-A812-F9ED9B39B409}.Ad-Hoc|iPhone.ActiveCfg = Release|Any CPU
		{B6FB83C8-8C10-4F87-A812-F9ED9B39B409}.Ad-Hoc|iPhone.Build.0 = Release|Any CPU
		{B6FB83C8-8C10-4F87-A812-F9ED9B39B409}.Ad-Hoc|iPhoneSimulator.ActiveCfg = Release|Any CPU
		{B6FB83C8-8C10-4F87-A812-F9ED9B39B409}.Ad-Hoc|iPhoneSimulator.Build.0 = Release|Any CPU
		{B6FB83C8-8C10-4F87-A812-F9ED9B39B409}.Ad-Hoc|x64.ActiveCfg = Release|Any CPU
		{B6FB83C8-8C10-4F87-A812-F9ED9B39B409}.Ad-Hoc|x64.Build.0 = Release|Any CPU
		{B6FB83C8-8C10-4F87-A812-F9ED9B39B409}.Ad-Hoc|x86.ActiveCfg = Release|Any CPU
		{B6FB83C8-8C10-4F87-A812-F9ED9B39B409}.Ad-Hoc|x86.Build.0 = Release|Any CPU
		{B6FB83C8-8C10-4F87-A812-F9ED9B39B409}.AppStore|Any CPU.ActiveCfg = Release|Any CPU
		{B6FB83C8-8C10-4F87-A812-F9ED9B39B409}.AppStore|Any CPU.Build.0 = Release|Any CPU
		{B6FB83C8-8C10-4F87-A812-F9ED9B39B409}.AppStore|ARM.ActiveCfg = Release|Any CPU
		{B6FB83C8-8C10-4F87-A812-F9ED9B39B409}.AppStore|ARM.Build.0 = Release|Any CPU
		{B6FB83C8-8C10-4F87-A812-F9ED9B39B409}.AppStore|iPhone.ActiveCfg = Release|Any CPU
		{B6FB83C8-8C10-4F87-A812-F9ED9B39B409}.AppStore|iPhone.Build.0 = Release|Any CPU
		{B6FB83C8-8C10-4F87-A812-F9ED9B39B409}.AppStore|iPhoneSimulator.ActiveCfg = Release|Any CPU
		{B6FB83C8-8C10-4F87-A812-F9ED9B39B409}.AppStore|iPhoneSimulator.Build.0 = Release|Any CPU
		{B6FB83C8-8C10-4F87-A812-F9ED9B39B409}.AppStore|x64.ActiveCfg = Release|Any CPU
		{B6FB83C8-8C10-4F87-A812-F9ED9B39B409}.AppStore|x64.Build.0 = Release|Any CPU
		{B6FB83C8-8C10-4F87-A812-F9ED9B39B409}.AppStore|x86.ActiveCfg = Release|Any CPU
		{B6FB83C8-8C10-4F87-A812-F9ED9B39B409}.AppStore|x86.Build.0 = Release|Any CPU
		{B6FB83C8-8C10-4F87-A812-F9ED9B39B409}.Debug|Any CPU.ActiveCfg = Debug|Any CPU
		{B6FB83C8-8C10-4F87-A812-F9ED9B39B409}.Debug|Any CPU.Build.0 = Debug|Any CPU
		{B6FB83C8-8C10-4F87-A812-F9ED9B39B409}.Debug|ARM.ActiveCfg = Debug|Any CPU
		{B6FB83C8-8C10-4F87-A812-F9ED9B39B409}.Debug|ARM.Build.0 = Debug|Any CPU
		{B6FB83C8-8C10-4F87-A812-F9ED9B39B409}.Debug|iPhone.ActiveCfg = Debug|Any CPU
		{B6FB83C8-8C10-4F87-A812-F9ED9B39B409}.Debug|iPhone.Build.0 = Debug|Any CPU
		{B6FB83C8-8C10-4F87-A812-F9ED9B39B409}.Debug|iPhoneSimulator.ActiveCfg = Debug|Any CPU
		{B6FB83C8-8C10-4F87-A812-F9ED9B39B409}.Debug|iPhoneSimulator.Build.0 = Debug|Any CPU
		{B6FB83C8-8C10-4F87-A812-F9ED9B39B409}.Debug|x64.ActiveCfg = Debug|Any CPU
		{B6FB83C8-8C10-4F87-A812-F9ED9B39B409}.Debug|x64.Build.0 = Debug|Any CPU
		{B6FB83C8-8C10-4F87-A812-F9ED9B39B409}.Debug|x86.ActiveCfg = Debug|Any CPU
		{B6FB83C8-8C10-4F87-A812-F9ED9B39B409}.Debug|x86.Build.0 = Debug|Any CPU
		{B6FB83C8-8C10-4F87-A812-F9ED9B39B409}.Release|Any CPU.ActiveCfg = Release|Any CPU
		{B6FB83C8-8C10-4F87-A812-F9ED9B39B409}.Release|Any CPU.Build.0 = Release|Any CPU
		{B6FB83C8-8C10-4F87-A812-F9ED9B39B409}.Release|ARM.ActiveCfg = Release|Any CPU
		{B6FB83C8-8C10-4F87-A812-F9ED9B39B409}.Release|ARM.Build.0 = Release|Any CPU
		{B6FB83C8-8C10-4F87-A812-F9ED9B39B409}.Release|iPhone.ActiveCfg = Release|Any CPU
		{B6FB83C8-8C10-4F87-A812-F9ED9B39B409}.Release|iPhone.Build.0 = Release|Any CPU
		{B6FB83C8-8C10-4F87-A812-F9ED9B39B409}.Release|iPhoneSimulator.ActiveCfg = Release|Any CPU
		{B6FB83C8-8C10-4F87-A812-F9ED9B39B409}.Release|iPhoneSimulator.Build.0 = Release|Any CPU
		{B6FB83C8-8C10-4F87-A812-F9ED9B39B409}.Release|x64.ActiveCfg = Release|Any CPU
		{B6FB83C8-8C10-4F87-A812-F9ED9B39B409}.Release|x64.Build.0 = Release|Any CPU
		{B6FB83C8-8C10-4F87-A812-F9ED9B39B409}.Release|x86.ActiveCfg = Release|Any CPU
		{B6FB83C8-8C10-4F87-A812-F9ED9B39B409}.Release|x86.Build.0 = Release|Any CPU
		{97EF9A23-969B-48D8-9D24-4FA5BBCDD203}.Ad-Hoc|Any CPU.ActiveCfg = Release|x86
		{97EF9A23-969B-48D8-9D24-4FA5BBCDD203}.Ad-Hoc|Any CPU.Build.0 = Release|x86
		{97EF9A23-969B-48D8-9D24-4FA5BBCDD203}.Ad-Hoc|Any CPU.Deploy.0 = Release|x86
		{97EF9A23-969B-48D8-9D24-4FA5BBCDD203}.Ad-Hoc|ARM.ActiveCfg = Release|ARM
		{97EF9A23-969B-48D8-9D24-4FA5BBCDD203}.Ad-Hoc|ARM.Build.0 = Release|ARM
		{97EF9A23-969B-48D8-9D24-4FA5BBCDD203}.Ad-Hoc|ARM.Deploy.0 = Release|ARM
		{97EF9A23-969B-48D8-9D24-4FA5BBCDD203}.Ad-Hoc|iPhone.ActiveCfg = Release|x86
		{97EF9A23-969B-48D8-9D24-4FA5BBCDD203}.Ad-Hoc|iPhone.Build.0 = Release|x86
		{97EF9A23-969B-48D8-9D24-4FA5BBCDD203}.Ad-Hoc|iPhone.Deploy.0 = Release|x86
		{97EF9A23-969B-48D8-9D24-4FA5BBCDD203}.Ad-Hoc|iPhoneSimulator.ActiveCfg = Release|x86
		{97EF9A23-969B-48D8-9D24-4FA5BBCDD203}.Ad-Hoc|iPhoneSimulator.Build.0 = Release|x86
		{97EF9A23-969B-48D8-9D24-4FA5BBCDD203}.Ad-Hoc|iPhoneSimulator.Deploy.0 = Release|x86
		{97EF9A23-969B-48D8-9D24-4FA5BBCDD203}.Ad-Hoc|x64.ActiveCfg = Release|x64
		{97EF9A23-969B-48D8-9D24-4FA5BBCDD203}.Ad-Hoc|x64.Build.0 = Release|x64
		{97EF9A23-969B-48D8-9D24-4FA5BBCDD203}.Ad-Hoc|x64.Deploy.0 = Release|x64
		{97EF9A23-969B-48D8-9D24-4FA5BBCDD203}.Ad-Hoc|x86.ActiveCfg = Release|x86
		{97EF9A23-969B-48D8-9D24-4FA5BBCDD203}.Ad-Hoc|x86.Build.0 = Release|x86
		{97EF9A23-969B-48D8-9D24-4FA5BBCDD203}.Ad-Hoc|x86.Deploy.0 = Release|x86
		{97EF9A23-969B-48D8-9D24-4FA5BBCDD203}.AppStore|Any CPU.ActiveCfg = Release|x86
		{97EF9A23-969B-48D8-9D24-4FA5BBCDD203}.AppStore|Any CPU.Build.0 = Release|x86
		{97EF9A23-969B-48D8-9D24-4FA5BBCDD203}.AppStore|Any CPU.Deploy.0 = Release|x86
		{97EF9A23-969B-48D8-9D24-4FA5BBCDD203}.AppStore|ARM.ActiveCfg = Release|ARM
		{97EF9A23-969B-48D8-9D24-4FA5BBCDD203}.AppStore|ARM.Build.0 = Release|ARM
		{97EF9A23-969B-48D8-9D24-4FA5BBCDD203}.AppStore|ARM.Deploy.0 = Release|ARM
		{97EF9A23-969B-48D8-9D24-4FA5BBCDD203}.AppStore|iPhone.ActiveCfg = Release|x86
		{97EF9A23-969B-48D8-9D24-4FA5BBCDD203}.AppStore|iPhone.Build.0 = Release|x86
		{97EF9A23-969B-48D8-9D24-4FA5BBCDD203}.AppStore|iPhone.Deploy.0 = Release|x86
		{97EF9A23-969B-48D8-9D24-4FA5BBCDD203}.AppStore|iPhoneSimulator.ActiveCfg = Release|x86
		{97EF9A23-969B-48D8-9D24-4FA5BBCDD203}.AppStore|iPhoneSimulator.Build.0 = Release|x86
		{97EF9A23-969B-48D8-9D24-4FA5BBCDD203}.AppStore|iPhoneSimulator.Deploy.0 = Release|x86
		{97EF9A23-969B-48D8-9D24-4FA5BBCDD203}.AppStore|x64.ActiveCfg = Release|x64
		{97EF9A23-969B-48D8-9D24-4FA5BBCDD203}.AppStore|x64.Build.0 = Release|x64
		{97EF9A23-969B-48D8-9D24-4FA5BBCDD203}.AppStore|x64.Deploy.0 = Release|x64
		{97EF9A23-969B-48D8-9D24-4FA5BBCDD203}.AppStore|x86.ActiveCfg = Release|x86
		{97EF9A23-969B-48D8-9D24-4FA5BBCDD203}.AppStore|x86.Build.0 = Release|x86
		{97EF9A23-969B-48D8-9D24-4FA5BBCDD203}.AppStore|x86.Deploy.0 = Release|x86
		{97EF9A23-969B-48D8-9D24-4FA5BBCDD203}.Debug|Any CPU.ActiveCfg = Debug|x86
		{97EF9A23-969B-48D8-9D24-4FA5BBCDD203}.Debug|ARM.ActiveCfg = Debug|ARM
		{97EF9A23-969B-48D8-9D24-4FA5BBCDD203}.Debug|ARM.Build.0 = Debug|ARM
		{97EF9A23-969B-48D8-9D24-4FA5BBCDD203}.Debug|ARM.Deploy.0 = Debug|ARM
		{97EF9A23-969B-48D8-9D24-4FA5BBCDD203}.Debug|iPhone.ActiveCfg = Debug|x86
		{97EF9A23-969B-48D8-9D24-4FA5BBCDD203}.Debug|iPhoneSimulator.ActiveCfg = Debug|x86
		{97EF9A23-969B-48D8-9D24-4FA5BBCDD203}.Debug|x64.ActiveCfg = Debug|x64
		{97EF9A23-969B-48D8-9D24-4FA5BBCDD203}.Debug|x64.Build.0 = Debug|x64
		{97EF9A23-969B-48D8-9D24-4FA5BBCDD203}.Debug|x64.Deploy.0 = Debug|x64
		{97EF9A23-969B-48D8-9D24-4FA5BBCDD203}.Debug|x86.ActiveCfg = Debug|x86
		{97EF9A23-969B-48D8-9D24-4FA5BBCDD203}.Debug|x86.Build.0 = Debug|x86
		{97EF9A23-969B-48D8-9D24-4FA5BBCDD203}.Debug|x86.Deploy.0 = Debug|x86
		{97EF9A23-969B-48D8-9D24-4FA5BBCDD203}.Release|Any CPU.ActiveCfg = Release|x86
		{97EF9A23-969B-48D8-9D24-4FA5BBCDD203}.Release|ARM.ActiveCfg = Release|ARM
		{97EF9A23-969B-48D8-9D24-4FA5BBCDD203}.Release|ARM.Build.0 = Release|ARM
		{97EF9A23-969B-48D8-9D24-4FA5BBCDD203}.Release|ARM.Deploy.0 = Release|ARM
		{97EF9A23-969B-48D8-9D24-4FA5BBCDD203}.Release|iPhone.ActiveCfg = Release|x86
		{97EF9A23-969B-48D8-9D24-4FA5BBCDD203}.Release|iPhoneSimulator.ActiveCfg = Release|x86
		{97EF9A23-969B-48D8-9D24-4FA5BBCDD203}.Release|x64.ActiveCfg = Release|x64
		{97EF9A23-969B-48D8-9D24-4FA5BBCDD203}.Release|x64.Build.0 = Release|x64
		{97EF9A23-969B-48D8-9D24-4FA5BBCDD203}.Release|x64.Deploy.0 = Release|x64
		{97EF9A23-969B-48D8-9D24-4FA5BBCDD203}.Release|x86.ActiveCfg = Release|x86
		{97EF9A23-969B-48D8-9D24-4FA5BBCDD203}.Release|x86.Build.0 = Release|x86
		{97EF9A23-969B-48D8-9D24-4FA5BBCDD203}.Release|x86.Deploy.0 = Release|x86
		{528066BC-7070-438A-AF79-55DC2CB0E8CC}.Ad-Hoc|Any CPU.ActiveCfg = Ad-Hoc|iPhoneSimulator
		{528066BC-7070-438A-AF79-55DC2CB0E8CC}.Ad-Hoc|ARM.ActiveCfg = Ad-Hoc|iPhone
		{528066BC-7070-438A-AF79-55DC2CB0E8CC}.Ad-Hoc|iPhone.ActiveCfg = Ad-Hoc|iPhone
		{528066BC-7070-438A-AF79-55DC2CB0E8CC}.Ad-Hoc|iPhone.Build.0 = Ad-Hoc|iPhone
		{528066BC-7070-438A-AF79-55DC2CB0E8CC}.Ad-Hoc|iPhoneSimulator.ActiveCfg = Ad-Hoc|iPhoneSimulator
		{528066BC-7070-438A-AF79-55DC2CB0E8CC}.Ad-Hoc|iPhoneSimulator.Build.0 = Ad-Hoc|iPhoneSimulator
		{528066BC-7070-438A-AF79-55DC2CB0E8CC}.Ad-Hoc|x64.ActiveCfg = Ad-Hoc|iPhone
		{528066BC-7070-438A-AF79-55DC2CB0E8CC}.Ad-Hoc|x86.ActiveCfg = Ad-Hoc|iPhone
		{528066BC-7070-438A-AF79-55DC2CB0E8CC}.AppStore|Any CPU.ActiveCfg = AppStore|iPhoneSimulator
		{528066BC-7070-438A-AF79-55DC2CB0E8CC}.AppStore|ARM.ActiveCfg = AppStore|iPhone
		{528066BC-7070-438A-AF79-55DC2CB0E8CC}.AppStore|iPhone.ActiveCfg = AppStore|iPhone
		{528066BC-7070-438A-AF79-55DC2CB0E8CC}.AppStore|iPhone.Build.0 = AppStore|iPhone
		{528066BC-7070-438A-AF79-55DC2CB0E8CC}.AppStore|iPhoneSimulator.ActiveCfg = AppStore|iPhoneSimulator
		{528066BC-7070-438A-AF79-55DC2CB0E8CC}.AppStore|iPhoneSimulator.Build.0 = AppStore|iPhoneSimulator
		{528066BC-7070-438A-AF79-55DC2CB0E8CC}.AppStore|x64.ActiveCfg = AppStore|iPhone
		{528066BC-7070-438A-AF79-55DC2CB0E8CC}.AppStore|x86.ActiveCfg = AppStore|iPhone
		{528066BC-7070-438A-AF79-55DC2CB0E8CC}.Debug|Any CPU.ActiveCfg = Debug|iPhoneSimulator
		{528066BC-7070-438A-AF79-55DC2CB0E8CC}.Debug|ARM.ActiveCfg = Debug|iPhone
		{528066BC-7070-438A-AF79-55DC2CB0E8CC}.Debug|iPhone.ActiveCfg = Debug|iPhone
		{528066BC-7070-438A-AF79-55DC2CB0E8CC}.Debug|iPhone.Build.0 = Debug|iPhone
		{528066BC-7070-438A-AF79-55DC2CB0E8CC}.Debug|iPhoneSimulator.ActiveCfg = Debug|iPhoneSimulator
		{528066BC-7070-438A-AF79-55DC2CB0E8CC}.Debug|iPhoneSimulator.Build.0 = Debug|iPhoneSimulator
		{528066BC-7070-438A-AF79-55DC2CB0E8CC}.Debug|x64.ActiveCfg = Debug|iPhone
		{528066BC-7070-438A-AF79-55DC2CB0E8CC}.Debug|x86.ActiveCfg = Debug|iPhone
		{528066BC-7070-438A-AF79-55DC2CB0E8CC}.Release|Any CPU.ActiveCfg = Release|iPhoneSimulator
		{528066BC-7070-438A-AF79-55DC2CB0E8CC}.Release|ARM.ActiveCfg = Release|iPhone
		{528066BC-7070-438A-AF79-55DC2CB0E8CC}.Release|iPhone.ActiveCfg = Release|iPhone
		{528066BC-7070-438A-AF79-55DC2CB0E8CC}.Release|iPhone.Build.0 = Release|iPhone
		{528066BC-7070-438A-AF79-55DC2CB0E8CC}.Release|iPhoneSimulator.ActiveCfg = Release|iPhoneSimulator
		{528066BC-7070-438A-AF79-55DC2CB0E8CC}.Release|iPhoneSimulator.Build.0 = Release|iPhoneSimulator
		{528066BC-7070-438A-AF79-55DC2CB0E8CC}.Release|x64.ActiveCfg = Release|iPhone
		{528066BC-7070-438A-AF79-55DC2CB0E8CC}.Release|x86.ActiveCfg = Release|iPhone
	EndGlobalSection
	GlobalSection(SolutionProperties) = preSolution
		HideSolutionNode = FALSE
	EndGlobalSection
	GlobalSection(ExtensibilityGlobals) = postSolution
		SolutionGuid = {0AA6E32D-BAD6-47FC-AFAF-547F578FE747}
	EndGlobalSection
EndGlobal
