
Microsoft Visual Studio Solution File, Format Version 12.00
# Visual Studio 15
VisualStudioVersion = 15.0.27004.2009
MinimumVisualStudioVersion = 10.0.40219.1
Project("{FAE04EC0-301F-11D3-BF4B-00C04F79EFBC}") = "XFPureMVVM.Android", "XFPureMVVM\XFPureMVVM.Android\XFPureMVVM.Android.csproj", "{6D31782F-935B-4CEB-BA76-27CF979CBD1E}"
EndProject
Project("{FAE04EC0-301F-11D3-BF4B-00C04F79EFBC}") = "XFPureMVVM", "XFPureMVVM\XFPureMVVM\XFPureMVVM.csproj", "{B82F40FA-D85D-427F-8A1B-415AC73D8879}"
EndProject
Project("{FAE04EC0-301F-11D3-BF4B-00C04F79EFBC}") = "XFPureMVVM.UWP", "XFPureMVVM\XFPureMVVM.UWP\XFPureMVVM.UWP.csproj", "{0180ABAE-DE7F-484C-8A70-CE9DBAEF7F5A}"
EndProject
Project("{FAE04EC0-301F-11D3-BF4B-00C04F79EFBC}") = "XFPureMVVM.iOS", "XFPureMVVM\XFPureMVVM.iOS\XFPureMVVM.iOS.csproj", "{CD402CBC-8AA8-47C2-9D06-C8394E71F944}"
EndProject
Global
	GlobalSection(SolutionConfigurationPlatforms) = preSolution
		Ad-Hoc|Any CPU = Ad-Hoc|Any CPU
		Ad-Hoc|ARM = Ad-Hoc|ARM
		Ad-Hoc|iPhone = Ad-Hoc|iPhone
		Ad-Hoc|iPhoneSimulator = Ad-Hoc|iPhoneSimulator
		Ad-Hoc|x64 = Ad-Hoc|x64
		Ad-Hoc|x86 = Ad-Hoc|x86
		AppStore|Any CPU = AppStore|Any CPU
		AppStore|ARM = AppStore|ARM
		AppStore|iPhone = AppStore|iPhone
		AppStore|iPhoneSimulator = AppStore|iPhoneSimulator
		AppStore|x64 = AppStore|x64
		AppStore|x86 = AppStore|x86
		Debug|Any CPU = Debug|Any CPU
		Debug|ARM = Debug|ARM
		Debug|iPhone = Debug|iPhone
		Debug|iPhoneSimulator = Debug|iPhoneSimulator
		Debug|x64 = Debug|x64
		Debug|x86 = Debug|x86
		Release|Any CPU = Release|Any CPU
		Release|ARM = Release|ARM
		Release|iPhone = Release|iPhone
		Release|iPhoneSimulator = Release|iPhoneSimulator
		Release|x64 = Release|x64
		Release|x86 = Release|x86
	EndGlobalSection
	GlobalSection(ProjectConfigurationPlatforms) = postSolution
		{6D31782F-935B-4CEB-BA76-27CF979CBD1E}.Ad-Hoc|Any CPU.ActiveCfg = Release|Any CPU
		{6D31782F-935B-4CEB-BA76-27CF979CBD1E}.Ad-Hoc|Any CPU.Build.0 = Release|Any CPU
		{6D31782F-935B-4CEB-BA76-27CF979CBD1E}.Ad-Hoc|Any CPU.Deploy.0 = Release|Any CPU
		{6D31782F-935B-4CEB-BA76-27CF979CBD1E}.Ad-Hoc|ARM.ActiveCfg = Release|Any CPU
		{6D31782F-935B-4CEB-BA76-27CF979CBD1E}.Ad-Hoc|ARM.Build.0 = Release|Any CPU
		{6D31782F-935B-4CEB-BA76-27CF979CBD1E}.Ad-Hoc|ARM.Deploy.0 = Release|Any CPU
		{6D31782F-935B-4CEB-BA76-27CF979CBD1E}.Ad-Hoc|iPhone.ActiveCfg = Release|Any CPU
		{6D31782F-935B-4CEB-BA76-27CF979CBD1E}.Ad-Hoc|iPhone.Build.0 = Release|Any CPU
		{6D31782F-935B-4CEB-BA76-27CF979CBD1E}.Ad-Hoc|iPhone.Deploy.0 = Release|Any CPU
		{6D31782F-935B-4CEB-BA76-27CF979CBD1E}.Ad-Hoc|iPhoneSimulator.ActiveCfg = Release|Any CPU
		{6D31782F-935B-4CEB-BA76-27CF979CBD1E}.Ad-Hoc|iPhoneSimulator.Build.0 = Release|Any CPU
		{6D31782F-935B-4CEB-BA76-27CF979CBD1E}.Ad-Hoc|iPhoneSimulator.Deploy.0 = Release|Any CPU
		{6D31782F-935B-4CEB-BA76-27CF979CBD1E}.Ad-Hoc|x64.ActiveCfg = Release|Any CPU
		{6D31782F-935B-4CEB-BA76-27CF979CBD1E}.Ad-Hoc|x64.Build.0 = Release|Any CPU
		{6D31782F-935B-4CEB-BA76-27CF979CBD1E}.Ad-Hoc|x64.Deploy.0 = Release|Any CPU
		{6D31782F-935B-4CEB-BA76-27CF979CBD1E}.Ad-Hoc|x86.ActiveCfg = Release|Any CPU
		{6D31782F-935B-4CEB-BA76-27CF979CBD1E}.Ad-Hoc|x86.Build.0 = Release|Any CPU
		{6D31782F-935B-4CEB-BA76-27CF979CBD1E}.Ad-Hoc|x86.Deploy.0 = Release|Any CPU
		{6D31782F-935B-4CEB-BA76-27CF979CBD1E}.AppStore|Any CPU.ActiveCfg = Release|Any CPU
		{6D31782F-935B-4CEB-BA76-27CF979CBD1E}.AppStore|Any CPU.Build.0 = Release|Any CPU
		{6D31782F-935B-4CEB-BA76-27CF979CBD1E}.AppStore|Any CPU.Deploy.0 = Release|Any CPU
		{6D31782F-935B-4CEB-BA76-27CF979CBD1E}.AppStore|ARM.ActiveCfg = Release|Any CPU
		{6D31782F-935B-4CEB-BA76-27CF979CBD1E}.AppStore|ARM.Build.0 = Release|Any CPU
		{6D31782F-935B-4CEB-BA76-27CF979CBD1E}.AppStore|ARM.Deploy.0 = Release|Any CPU
		{6D31782F-935B-4CEB-BA76-27CF979CBD1E}.AppStore|iPhone.ActiveCfg = Release|Any CPU
		{6D31782F-935B-4CEB-BA76-27CF979CBD1E}.AppStore|iPhone.Build.0 = Release|Any CPU
		{6D31782F-935B-4CEB-BA76-27CF979CBD1E}.AppStore|iPhone.Deploy.0 = Release|Any CPU
		{6D31782F-935B-4CEB-BA76-27CF979CBD1E}.AppStore|iPhoneSimulator.ActiveCfg = Release|Any CPU
		{6D31782F-935B-4CEB-BA76-27CF979CBD1E}.AppStore|iPhoneSimulator.Build.0 = Release|Any CPU
		{6D31782F-935B-4CEB-BA76-27CF979CBD1E}.AppStore|iPhoneSimulator.Deploy.0 = Release|Any CPU
		{6D31782F-935B-4CEB-BA76-27CF979CBD1E}.AppStore|x64.ActiveCfg = Release|Any CPU
		{6D31782F-935B-4CEB-BA76-27CF979CBD1E}.AppStore|x64.Build.0 = Release|Any CPU
		{6D31782F-935B-4CEB-BA76-27CF979CBD1E}.AppStore|x64.Deploy.0 = Release|Any CPU
		{6D31782F-935B-4CEB-BA76-27CF979CBD1E}.AppStore|x86.ActiveCfg = Release|Any CPU
		{6D31782F-935B-4CEB-BA76-27CF979CBD1E}.AppStore|x86.Build.0 = Release|Any CPU
		{6D31782F-935B-4CEB-BA76-27CF979CBD1E}.AppStore|x86.Deploy.0 = Release|Any CPU
		{6D31782F-935B-4CEB-BA76-27CF979CBD1E}.Debug|Any CPU.ActiveCfg = Debug|Any CPU
		{6D31782F-935B-4CEB-BA76-27CF979CBD1E}.Debug|Any CPU.Build.0 = Debug|Any CPU
		{6D31782F-935B-4CEB-BA76-27CF979CBD1E}.Debug|Any CPU.Deploy.0 = Debug|Any CPU
		{6D31782F-935B-4CEB-BA76-27CF979CBD1E}.Debug|ARM.ActiveCfg = Debug|Any CPU
		{6D31782F-935B-4CEB-BA76-27CF979CBD1E}.Debug|ARM.Build.0 = Debug|Any CPU
		{6D31782F-935B-4CEB-BA76-27CF979CBD1E}.Debug|ARM.Deploy.0 = Debug|Any CPU
		{6D31782F-935B-4CEB-BA76-27CF979CBD1E}.Debug|iPhone.ActiveCfg = Debug|Any CPU
		{6D31782F-935B-4CEB-BA76-27CF979CBD1E}.Debug|iPhone.Build.0 = Debug|Any CPU
		{6D31782F-935B-4CEB-BA76-27CF979CBD1E}.Debug|iPhone.Deploy.0 = Debug|Any CPU
		{6D31782F-935B-4CEB-BA76-27CF979CBD1E}.Debug|iPhoneSimulator.ActiveCfg = Debug|Any CPU
		{6D31782F-935B-4CEB-BA76-27CF979CBD1E}.Debug|iPhoneSimulator.Build.0 = Debug|Any CPU
		{6D31782F-935B-4CEB-BA76-27CF979CBD1E}.Debug|iPhoneSimulator.Deploy.0 = Debug|Any CPU
		{6D31782F-935B-4CEB-BA76-27CF979CBD1E}.Debug|x64.ActiveCfg = Debug|Any CPU
		{6D31782F-935B-4CEB-BA76-27CF979CBD1E}.Debug|x64.Build.0 = Debug|Any CPU
		{6D31782F-935B-4CEB-BA76-27CF979CBD1E}.Debug|x64.Deploy.0 = Debug|Any CPU
		{6D31782F-935B-4CEB-BA76-27CF979CBD1E}.Debug|x86.ActiveCfg = Debug|Any CPU
		{6D31782F-935B-4CEB-BA76-27CF979CBD1E}.Debug|x86.Build.0 = Debug|Any CPU
		{6D31782F-935B-4CEB-BA76-27CF979CBD1E}.Debug|x86.Deploy.0 = Debug|Any CPU
		{6D31782F-935B-4CEB-BA76-27CF979CBD1E}.Release|Any CPU.ActiveCfg = Release|Any CPU
		{6D31782F-935B-4CEB-BA76-27CF979CBD1E}.Release|Any CPU.Build.0 = Release|Any CPU
		{6D31782F-935B-4CEB-BA76-27CF979CBD1E}.Release|Any CPU.Deploy.0 = Release|Any CPU
		{6D31782F-935B-4CEB-BA76-27CF979CBD1E}.Release|ARM.ActiveCfg = Release|Any CPU
		{6D31782F-935B-4CEB-BA76-27CF979CBD1E}.Release|ARM.Build.0 = Release|Any CPU
		{6D31782F-935B-4CEB-BA76-27CF979CBD1E}.Release|ARM.Deploy.0 = Release|Any CPU
		{6D31782F-935B-4CEB-BA76-27CF979CBD1E}.Release|iPhone.ActiveCfg = Release|Any CPU
		{6D31782F-935B-4CEB-BA76-27CF979CBD1E}.Release|iPhone.Build.0 = Release|Any CPU
		{6D31782F-935B-4CEB-BA76-27CF979CBD1E}.Release|iPhone.Deploy.0 = Release|Any CPU
		{6D31782F-935B-4CEB-BA76-27CF979CBD1E}.Release|iPhoneSimulator.ActiveCfg = Release|Any CPU
		{6D31782F-935B-4CEB-BA76-27CF979CBD1E}.Release|iPhoneSimulator.Build.0 = Release|Any CPU
		{6D31782F-935B-4CEB-BA76-27CF979CBD1E}.Release|iPhoneSimulator.Deploy.0 = Release|Any CPU
		{6D31782F-935B-4CEB-BA76-27CF979CBD1E}.Release|x64.ActiveCfg = Release|Any CPU
		{6D31782F-935B-4CEB-BA76-27CF979CBD1E}.Release|x64.Build.0 = Release|Any CPU
		{6D31782F-935B-4CEB-BA76-27CF979CBD1E}.Release|x64.Deploy.0 = Release|Any CPU
		{6D31782F-935B-4CEB-BA76-27CF979CBD1E}.Release|x86.ActiveCfg = Release|Any CPU
		{6D31782F-935B-4CEB-BA76-27CF979CBD1E}.Release|x86.Build.0 = Release|Any CPU
		{6D31782F-935B-4CEB-BA76-27CF979CBD1E}.Release|x86.Deploy.0 = Release|Any CPU
		{B82F40FA-D85D-427F-8A1B-415AC73D8879}.Ad-Hoc|Any CPU.ActiveCfg = Release|Any CPU
		{B82F40FA-D85D-427F-8A1B-415AC73D8879}.Ad-Hoc|Any CPU.Build.0 = Release|Any CPU
		{B82F40FA-D85D-427F-8A1B-415AC73D8879}.Ad-Hoc|ARM.ActiveCfg = Release|Any CPU
		{B82F40FA-D85D-427F-8A1B-415AC73D8879}.Ad-Hoc|ARM.Build.0 = Release|Any CPU
		{B82F40FA-D85D-427F-8A1B-415AC73D8879}.Ad-Hoc|iPhone.ActiveCfg = Release|Any CPU
		{B82F40FA-D85D-427F-8A1B-415AC73D8879}.Ad-Hoc|iPhone.Build.0 = Release|Any CPU
		{B82F40FA-D85D-427F-8A1B-415AC73D8879}.Ad-Hoc|iPhoneSimulator.ActiveCfg = Release|Any CPU
		{B82F40FA-D85D-427F-8A1B-415AC73D8879}.Ad-Hoc|iPhoneSimulator.Build.0 = Release|Any CPU
		{B82F40FA-D85D-427F-8A1B-415AC73D8879}.Ad-Hoc|x64.ActiveCfg = Release|Any CPU
		{B82F40FA-D85D-427F-8A1B-415AC73D8879}.Ad-Hoc|x64.Build.0 = Release|Any CPU
		{B82F40FA-D85D-427F-8A1B-415AC73D8879}.Ad-Hoc|x86.ActiveCfg = Release|Any CPU
		{B82F40FA-D85D-427F-8A1B-415AC73D8879}.Ad-Hoc|x86.Build.0 = Release|Any CPU
		{B82F40FA-D85D-427F-8A1B-415AC73D8879}.AppStore|Any CPU.ActiveCfg = Release|Any CPU
		{B82F40FA-D85D-427F-8A1B-415AC73D8879}.AppStore|Any CPU.Build.0 = Release|Any CPU
		{B82F40FA-D85D-427F-8A1B-415AC73D8879}.AppStore|ARM.ActiveCfg = Release|Any CPU
		{B82F40FA-D85D-427F-8A1B-415AC73D8879}.AppStore|ARM.Build.0 = Release|Any CPU
		{B82F40FA-D85D-427F-8A1B-415AC73D8879}.AppStore|iPhone.ActiveCfg = Release|Any CPU
		{B82F40FA-D85D-427F-8A1B-415AC73D8879}.AppStore|iPhone.Build.0 = Release|Any CPU
		{B82F40FA-D85D-427F-8A1B-415AC73D8879}.AppStore|iPhoneSimulator.ActiveCfg = Release|Any CPU
		{B82F40FA-D85D-427F-8A1B-415AC73D8879}.AppStore|iPhoneSimulator.Build.0 = Release|Any CPU
		{B82F40FA-D85D-427F-8A1B-415AC73D8879}.AppStore|x64.ActiveCfg = Release|Any CPU
		{B82F40FA-D85D-427F-8A1B-415AC73D8879}.AppStore|x64.Build.0 = Release|Any CPU
		{B82F40FA-D85D-427F-8A1B-415AC73D8879}.AppStore|x86.ActiveCfg = Release|Any CPU
		{B82F40FA-D85D-427F-8A1B-415AC73D8879}.AppStore|x86.Build.0 = Release|Any CPU
		{B82F40FA-D85D-427F-8A1B-415AC73D8879}.Debug|Any CPU.ActiveCfg = Debug|Any CPU
		{B82F40FA-D85D-427F-8A1B-415AC73D8879}.Debug|Any CPU.Build.0 = Debug|Any CPU
		{B82F40FA-D85D-427F-8A1B-415AC73D8879}.Debug|ARM.ActiveCfg = Debug|Any CPU
		{B82F40FA-D85D-427F-8A1B-415AC73D8879}.Debug|ARM.Build.0 = Debug|Any CPU
		{B82F40FA-D85D-427F-8A1B-415AC73D8879}.Debug|iPhone.ActiveCfg = Debug|Any CPU
		{B82F40FA-D85D-427F-8A1B-415AC73D8879}.Debug|iPhone.Build.0 = Debug|Any CPU
		{B82F40FA-D85D-427F-8A1B-415AC73D8879}.Debug|iPhoneSimulator.ActiveCfg = Debug|Any CPU
		{B82F40FA-D85D-427F-8A1B-415AC73D8879}.Debug|iPhoneSimulator.Build.0 = Debug|Any CPU
		{B82F40FA-D85D-427F-8A1B-415AC73D8879}.Debug|x64.ActiveCfg = Debug|Any CPU
		{B82F40FA-D85D-427F-8A1B-415AC73D8879}.Debug|x64.Build.0 = Debug|Any CPU
		{B82F40FA-D85D-427F-8A1B-415AC73D8879}.Debug|x86.ActiveCfg = Debug|Any CPU
		{B82F40FA-D85D-427F-8A1B-415AC73D8879}.Debug|x86.Build.0 = Debug|Any CPU
		{B82F40FA-D85D-427F-8A1B-415AC73D8879}.Release|Any CPU.ActiveCfg = Release|Any CPU
		{B82F40FA-D85D-427F-8A1B-415AC73D8879}.Release|Any CPU.Build.0 = Release|Any CPU
		{B82F40FA-D85D-427F-8A1B-415AC73D8879}.Release|ARM.ActiveCfg = Release|Any CPU
		{B82F40FA-D85D-427F-8A1B-415AC73D8879}.Release|ARM.Build.0 = Release|Any CPU
		{B82F40FA-D85D-427F-8A1B-415AC73D8879}.Release|iPhone.ActiveCfg = Release|Any CPU
		{B82F40FA-D85D-427F-8A1B-415AC73D8879}.Release|iPhone.Build.0 = Release|Any CPU
		{B82F40FA-D85D-427F-8A1B-415AC73D8879}.Release|iPhoneSimulator.ActiveCfg = Release|Any CPU
		{B82F40FA-D85D-427F-8A1B-415AC73D8879}.Release|iPhoneSimulator.Build.0 = Release|Any CPU
		{B82F40FA-D85D-427F-8A1B-415AC73D8879}.Release|x64.ActiveCfg = Release|Any CPU
		{B82F40FA-D85D-427F-8A1B-415AC73D8879}.Release|x64.Build.0 = Release|Any CPU
		{B82F40FA-D85D-427F-8A1B-415AC73D8879}.Release|x86.ActiveCfg = Release|Any CPU
		{B82F40FA-D85D-427F-8A1B-415AC73D8879}.Release|x86.Build.0 = Release|Any CPU
		{0180ABAE-DE7F-484C-8A70-CE9DBAEF7F5A}.Ad-Hoc|Any CPU.ActiveCfg = Release|x86
		{0180ABAE-DE7F-484C-8A70-CE9DBAEF7F5A}.Ad-Hoc|Any CPU.Build.0 = Release|x86
		{0180ABAE-DE7F-484C-8A70-CE9DBAEF7F5A}.Ad-Hoc|Any CPU.Deploy.0 = Release|x86
		{0180ABAE-DE7F-484C-8A70-CE9DBAEF7F5A}.Ad-Hoc|ARM.ActiveCfg = Release|ARM
		{0180ABAE-DE7F-484C-8A70-CE9DBAEF7F5A}.Ad-Hoc|ARM.Build.0 = Release|ARM
		{0180ABAE-DE7F-484C-8A70-CE9DBAEF7F5A}.Ad-Hoc|ARM.Deploy.0 = Release|ARM
		{0180ABAE-DE7F-484C-8A70-CE9DBAEF7F5A}.Ad-Hoc|iPhone.ActiveCfg = Release|x86
		{0180ABAE-DE7F-484C-8A70-CE9DBAEF7F5A}.Ad-Hoc|iPhone.Build.0 = Release|x86
		{0180ABAE-DE7F-484C-8A70-CE9DBAEF7F5A}.Ad-Hoc|iPhone.Deploy.0 = Release|x86
		{0180ABAE-DE7F-484C-8A70-CE9DBAEF7F5A}.Ad-Hoc|iPhoneSimulator.ActiveCfg = Release|x86
		{0180ABAE-DE7F-484C-8A70-CE9DBAEF7F5A}.Ad-Hoc|iPhoneSimulator.Build.0 = Release|x86
		{0180ABAE-DE7F-484C-8A70-CE9DBAEF7F5A}.Ad-Hoc|iPhoneSimulator.Deploy.0 = Release|x86
		{0180ABAE-DE7F-484C-8A70-CE9DBAEF7F5A}.Ad-Hoc|x64.ActiveCfg = Release|x64
		{0180ABAE-DE7F-484C-8A70-CE9DBAEF7F5A}.Ad-Hoc|x64.Build.0 = Release|x64
		{0180ABAE-DE7F-484C-8A70-CE9DBAEF7F5A}.Ad-Hoc|x64.Deploy.0 = Release|x64
		{0180ABAE-DE7F-484C-8A70-CE9DBAEF7F5A}.Ad-Hoc|x86.ActiveCfg = Release|x86
		{0180ABAE-DE7F-484C-8A70-CE9DBAEF7F5A}.Ad-Hoc|x86.Build.0 = Release|x86
		{0180ABAE-DE7F-484C-8A70-CE9DBAEF7F5A}.Ad-Hoc|x86.Deploy.0 = Release|x86
		{0180ABAE-DE7F-484C-8A70-CE9DBAEF7F5A}.AppStore|Any CPU.ActiveCfg = Release|x86
		{0180ABAE-DE7F-484C-8A70-CE9DBAEF7F5A}.AppStore|Any CPU.Build.0 = Release|x86
		{0180ABAE-DE7F-484C-8A70-CE9DBAEF7F5A}.AppStore|Any CPU.Deploy.0 = Release|x86
		{0180ABAE-DE7F-484C-8A70-CE9DBAEF7F5A}.AppStore|ARM.ActiveCfg = Release|ARM
		{0180ABAE-DE7F-484C-8A70-CE9DBAEF7F5A}.AppStore|ARM.Build.0 = Release|ARM
		{0180ABAE-DE7F-484C-8A70-CE9DBAEF7F5A}.AppStore|ARM.Deploy.0 = Release|ARM
		{0180ABAE-DE7F-484C-8A70-CE9DBAEF7F5A}.AppStore|iPhone.ActiveCfg = Release|x86
		{0180ABAE-DE7F-484C-8A70-CE9DBAEF7F5A}.AppStore|iPhone.Build.0 = Release|x86
		{0180ABAE-DE7F-484C-8A70-CE9DBAEF7F5A}.AppStore|iPhone.Deploy.0 = Release|x86
		{0180ABAE-DE7F-484C-8A70-CE9DBAEF7F5A}.AppStore|iPhoneSimulator.ActiveCfg = Release|x86
		{0180ABAE-DE7F-484C-8A70-CE9DBAEF7F5A}.AppStore|iPhoneSimulator.Build.0 = Release|x86
		{0180ABAE-DE7F-484C-8A70-CE9DBAEF7F5A}.AppStore|iPhoneSimulator.Deploy.0 = Release|x86
		{0180ABAE-DE7F-484C-8A70-CE9DBAEF7F5A}.AppStore|x64.ActiveCfg = Release|x64
		{0180ABAE-DE7F-484C-8A70-CE9DBAEF7F5A}.AppStore|x64.Build.0 = Release|x64
		{0180ABAE-DE7F-484C-8A70-CE9DBAEF7F5A}.AppStore|x64.Deploy.0 = Release|x64
		{0180ABAE-DE7F-484C-8A70-CE9DBAEF7F5A}.AppStore|x86.ActiveCfg = Release|x86
		{0180ABAE-DE7F-484C-8A70-CE9DBAEF7F5A}.AppStore|x86.Build.0 = Release|x86
		{0180ABAE-DE7F-484C-8A70-CE9DBAEF7F5A}.AppStore|x86.Deploy.0 = Release|x86
		{0180ABAE-DE7F-484C-8A70-CE9DBAEF7F5A}.Debug|Any CPU.ActiveCfg = Debug|x86
		{0180ABAE-DE7F-484C-8A70-CE9DBAEF7F5A}.Debug|ARM.ActiveCfg = Debug|ARM
		{0180ABAE-DE7F-484C-8A70-CE9DBAEF7F5A}.Debug|ARM.Build.0 = Debug|ARM
		{0180ABAE-DE7F-484C-8A70-CE9DBAEF7F5A}.Debug|ARM.Deploy.0 = Debug|ARM
		{0180ABAE-DE7F-484C-8A70-CE9DBAEF7F5A}.Debug|iPhone.ActiveCfg = Debug|x86
		{0180ABAE-DE7F-484C-8A70-CE9DBAEF7F5A}.Debug|iPhoneSimulator.ActiveCfg = Debug|x86
		{0180ABAE-DE7F-484C-8A70-CE9DBAEF7F5A}.Debug|x64.ActiveCfg = Debug|x64
		{0180ABAE-DE7F-484C-8A70-CE9DBAEF7F5A}.Debug|x64.Build.0 = Debug|x64
		{0180ABAE-DE7F-484C-8A70-CE9DBAEF7F5A}.Debug|x64.Deploy.0 = Debug|x64
		{0180ABAE-DE7F-484C-8A70-CE9DBAEF7F5A}.Debug|x86.ActiveCfg = Debug|x86
		{0180ABAE-DE7F-484C-8A70-CE9DBAEF7F5A}.Debug|x86.Build.0 = Debug|x86
		{0180ABAE-DE7F-484C-8A70-CE9DBAEF7F5A}.Debug|x86.Deploy.0 = Debug|x86
		{0180ABAE-DE7F-484C-8A70-CE9DBAEF7F5A}.Release|Any CPU.ActiveCfg = Release|x86
		{0180ABAE-DE7F-484C-8A70-CE9DBAEF7F5A}.Release|ARM.ActiveCfg = Release|ARM
		{0180ABAE-DE7F-484C-8A70-CE9DBAEF7F5A}.Release|ARM.Build.0 = Release|ARM
		{0180ABAE-DE7F-484C-8A70-CE9DBAEF7F5A}.Release|ARM.Deploy.0 = Release|ARM
		{0180ABAE-DE7F-484C-8A70-CE9DBAEF7F5A}.Release|iPhone.ActiveCfg = Release|x86
		{0180ABAE-DE7F-484C-8A70-CE9DBAEF7F5A}.Release|iPhoneSimulator.ActiveCfg = Release|x86
		{0180ABAE-DE7F-484C-8A70-CE9DBAEF7F5A}.Release|x64.ActiveCfg = Release|x64
		{0180ABAE-DE7F-484C-8A70-CE9DBAEF7F5A}.Release|x64.Build.0 = Release|x64
		{0180ABAE-DE7F-484C-8A70-CE9DBAEF7F5A}.Release|x64.Deploy.0 = Release|x64
		{0180ABAE-DE7F-484C-8A70-CE9DBAEF7F5A}.Release|x86.ActiveCfg = Release|x86
		{0180ABAE-DE7F-484C-8A70-CE9DBAEF7F5A}.Release|x86.Build.0 = Release|x86
		{0180ABAE-DE7F-484C-8A70-CE9DBAEF7F5A}.Release|x86.Deploy.0 = Release|x86
		{CD402CBC-8AA8-47C2-9D06-C8394E71F944}.Ad-Hoc|Any CPU.ActiveCfg = Ad-Hoc|iPhoneSimulator
		{CD402CBC-8AA8-47C2-9D06-C8394E71F944}.Ad-Hoc|ARM.ActiveCfg = Ad-Hoc|iPhone
		{CD402CBC-8AA8-47C2-9D06-C8394E71F944}.Ad-Hoc|iPhone.ActiveCfg = Ad-Hoc|iPhone
		{CD402CBC-8AA8-47C2-9D06-C8394E71F944}.Ad-Hoc|iPhone.Build.0 = Ad-Hoc|iPhone
		{CD402CBC-8AA8-47C2-9D06-C8394E71F944}.Ad-Hoc|iPhoneSimulator.ActiveCfg = Ad-Hoc|iPhoneSimulator
		{CD402CBC-8AA8-47C2-9D06-C8394E71F944}.Ad-Hoc|iPhoneSimulator.Build.0 = Ad-Hoc|iPhoneSimulator
		{CD402CBC-8AA8-47C2-9D06-C8394E71F944}.Ad-Hoc|x64.ActiveCfg = Ad-Hoc|iPhone
		{CD402CBC-8AA8-47C2-9D06-C8394E71F944}.Ad-Hoc|x86.ActiveCfg = Ad-Hoc|iPhone
		{CD402CBC-8AA8-47C2-9D06-C8394E71F944}.AppStore|Any CPU.ActiveCfg = AppStore|iPhoneSimulator
		{CD402CBC-8AA8-47C2-9D06-C8394E71F944}.AppStore|ARM.ActiveCfg = AppStore|iPhone
		{CD402CBC-8AA8-47C2-9D06-C8394E71F944}.AppStore|iPhone.ActiveCfg = AppStore|iPhone
		{CD402CBC-8AA8-47C2-9D06-C8394E71F944}.AppStore|iPhone.Build.0 = AppStore|iPhone
		{CD402CBC-8AA8-47C2-9D06-C8394E71F944}.AppStore|iPhoneSimulator.ActiveCfg = AppStore|iPhoneSimulator
		{CD402CBC-8AA8-47C2-9D06-C8394E71F944}.AppStore|iPhoneSimulator.Build.0 = AppStore|iPhoneSimulator
		{CD402CBC-8AA8-47C2-9D06-C8394E71F944}.AppStore|x64.ActiveCfg = AppStore|iPhone
		{CD402CBC-8AA8-47C2-9D06-C8394E71F944}.AppStore|x86.ActiveCfg = AppStore|iPhone
		{CD402CBC-8AA8-47C2-9D06-C8394E71F944}.Debug|Any CPU.ActiveCfg = Debug|iPhoneSimulator
		{CD402CBC-8AA8-47C2-9D06-C8394E71F944}.Debug|ARM.ActiveCfg = Debug|iPhone
		{CD402CBC-8AA8-47C2-9D06-C8394E71F944}.Debug|iPhone.ActiveCfg = Debug|iPhone
		{CD402CBC-8AA8-47C2-9D06-C8394E71F944}.Debug|iPhone.Build.0 = Debug|iPhone
		{CD402CBC-8AA8-47C2-9D06-C8394E71F944}.Debug|iPhoneSimulator.ActiveCfg = Debug|iPhoneSimulator
		{CD402CBC-8AA8-47C2-9D06-C8394E71F944}.Debug|iPhoneSimulator.Build.0 = Debug|iPhoneSimulator
		{CD402CBC-8AA8-47C2-9D06-C8394E71F944}.Debug|x64.ActiveCfg = Debug|iPhone
		{CD402CBC-8AA8-47C2-9D06-C8394E71F944}.Debug|x86.ActiveCfg = Debug|iPhone
		{CD402CBC-8AA8-47C2-9D06-C8394E71F944}.Release|Any CPU.ActiveCfg = Release|iPhoneSimulator
		{CD402CBC-8AA8-47C2-9D06-C8394E71F944}.Release|ARM.ActiveCfg = Release|iPhone
		{CD402CBC-8AA8-47C2-9D06-C8394E71F944}.Release|iPhone.ActiveCfg = Release|iPhone
		{CD402CBC-8AA8-47C2-9D06-C8394E71F944}.Release|iPhone.Build.0 = Release|iPhone
		{CD402CBC-8AA8-47C2-9D06-C8394E71F944}.Release|iPhoneSimulator.ActiveCfg = Release|iPhoneSimulator
		{CD402CBC-8AA8-47C2-9D06-C8394E71F944}.Release|iPhoneSimulator.Build.0 = Release|iPhoneSimulator
		{CD402CBC-8AA8-47C2-9D06-C8394E71F944}.Release|x64.ActiveCfg = Release|iPhone
		{CD402CBC-8AA8-47C2-9D06-C8394E71F944}.Release|x86.ActiveCfg = Release|iPhone
	EndGlobalSection
	GlobalSection(SolutionProperties) = preSolution
		HideSolutionNode = FALSE
	EndGlobalSection
	GlobalSection(ExtensibilityGlobals) = postSolution
		SolutionGuid = {A9286D7F-E774-47DA-91ED-FBC08DD72EF1}
	EndGlobalSection
EndGlobal
