
Microsoft Visual Studio Solution File, Format Version 12.00
# Visual Studio 15
VisualStudioVersion = 15.0.27004.2009
MinimumVisualStudioVersion = 10.0.40219.1
Project("{FAE04EC0-301F-11D3-BF4B-00C04F79EFBC}") = "XFFodyDBinding", "XFFodyDBinding\XFFodyDBinding\XFFodyDBinding.csproj", "{0319D71A-AE0D-4878-9A0C-A23C73415A5D}"
EndProject
Project("{FAE04EC0-301F-11D3-BF4B-00C04F79EFBC}") = "XFFodyDBinding.Android", "XFFodyDBinding\XFFodyDBinding.Android\XFFodyDBinding.Android.csproj", "{0128FBE4-FED7-4B95-AA01-AD657A2CCE35}"
EndProject
Project("{FAE04EC0-301F-11D3-BF4B-00C04F79EFBC}") = "XFFodyDBinding.iOS", "XFFodyDBinding\XFFodyDBinding.iOS\XFFodyDBinding.iOS.csproj", "{8D5B89E4-821A-4D2E-A17A-C204AC2E5636}"
EndProject
Project("{FAE04EC0-301F-11D3-BF4B-00C04F79EFBC}") = "XFFodyDBinding.UWP", "XFFodyDBinding\XFFodyDBinding.UWP\XFFodyDBinding.UWP.csproj", "{069D47A3-8C8D-4495-BAEF-F66D655B5174}"
EndProject
Global
	GlobalSection(SolutionConfigurationPlatforms) = preSolution
		Ad-Hoc|Any CPU = Ad-Hoc|Any CPU
		Ad-Hoc|ARM = Ad-Hoc|ARM
		Ad-Hoc|iPhone = Ad-Hoc|iPhone
		Ad-Hoc|iPhoneSimulator = Ad-Hoc|iPhoneSimulator
		Ad-Hoc|x64 = Ad-Hoc|x64
		Ad-Hoc|x86 = Ad-Hoc|x86
		AppStore|Any CPU = AppStore|Any CPU
		AppStore|ARM = AppStore|ARM
		AppStore|iPhone = AppStore|iPhone
		AppStore|iPhoneSimulator = AppStore|iPhoneSimulator
		AppStore|x64 = AppStore|x64
		AppStore|x86 = AppStore|x86
		Debug|Any CPU = Debug|Any CPU
		Debug|ARM = Debug|ARM
		Debug|iPhone = Debug|iPhone
		Debug|iPhoneSimulator = Debug|iPhoneSimulator
		Debug|x64 = Debug|x64
		Debug|x86 = Debug|x86
		Release|Any CPU = Release|Any CPU
		Release|ARM = Release|ARM
		Release|iPhone = Release|iPhone
		Release|iPhoneSimulator = Release|iPhoneSimulator
		Release|x64 = Release|x64
		Release|x86 = Release|x86
	EndGlobalSection
	GlobalSection(ProjectConfigurationPlatforms) = postSolution
		{0319D71A-AE0D-4878-9A0C-A23C73415A5D}.Ad-Hoc|Any CPU.ActiveCfg = Debug|Any CPU
		{0319D71A-AE0D-4878-9A0C-A23C73415A5D}.Ad-Hoc|Any CPU.Build.0 = Debug|Any CPU
		{0319D71A-AE0D-4878-9A0C-A23C73415A5D}.Ad-Hoc|ARM.ActiveCfg = Debug|Any CPU
		{0319D71A-AE0D-4878-9A0C-A23C73415A5D}.Ad-Hoc|ARM.Build.0 = Debug|Any CPU
		{0319D71A-AE0D-4878-9A0C-A23C73415A5D}.Ad-Hoc|iPhone.ActiveCfg = Debug|Any CPU
		{0319D71A-AE0D-4878-9A0C-A23C73415A5D}.Ad-Hoc|iPhone.Build.0 = Debug|Any CPU
		{0319D71A-AE0D-4878-9A0C-A23C73415A5D}.Ad-Hoc|iPhoneSimulator.ActiveCfg = Debug|Any CPU
		{0319D71A-AE0D-4878-9A0C-A23C73415A5D}.Ad-Hoc|iPhoneSimulator.Build.0 = Debug|Any CPU
		{0319D71A-AE0D-4878-9A0C-A23C73415A5D}.Ad-Hoc|x64.ActiveCfg = Debug|Any CPU
		{0319D71A-AE0D-4878-9A0C-A23C73415A5D}.Ad-Hoc|x64.Build.0 = Debug|Any CPU
		{0319D71A-AE0D-4878-9A0C-A23C73415A5D}.Ad-Hoc|x86.ActiveCfg = Debug|Any CPU
		{0319D71A-AE0D-4878-9A0C-A23C73415A5D}.Ad-Hoc|x86.Build.0 = Debug|Any CPU
		{0319D71A-AE0D-4878-9A0C-A23C73415A5D}.AppStore|Any CPU.ActiveCfg = Debug|Any CPU
		{0319D71A-AE0D-4878-9A0C-A23C73415A5D}.AppStore|Any CPU.Build.0 = Debug|Any CPU
		{0319D71A-AE0D-4878-9A0C-A23C73415A5D}.AppStore|ARM.ActiveCfg = Debug|Any CPU
		{0319D71A-AE0D-4878-9A0C-A23C73415A5D}.AppStore|ARM.Build.0 = Debug|Any CPU
		{0319D71A-AE0D-4878-9A0C-A23C73415A5D}.AppStore|iPhone.ActiveCfg = Debug|Any CPU
		{0319D71A-AE0D-4878-9A0C-A23C73415A5D}.AppStore|iPhone.Build.0 = Debug|Any CPU
		{0319D71A-AE0D-4878-9A0C-A23C73415A5D}.AppStore|iPhoneSimulator.ActiveCfg = Debug|Any CPU
		{0319D71A-AE0D-4878-9A0C-A23C73415A5D}.AppStore|iPhoneSimulator.Build.0 = Debug|Any CPU
		{0319D71A-AE0D-4878-9A0C-A23C73415A5D}.AppStore|x64.ActiveCfg = Debug|Any CPU
		{0319D71A-AE0D-4878-9A0C-A23C73415A5D}.AppStore|x64.Build.0 = Debug|Any CPU
		{0319D71A-AE0D-4878-9A0C-A23C73415A5D}.AppStore|x86.ActiveCfg = Debug|Any CPU
		{0319D71A-AE0D-4878-9A0C-A23C73415A5D}.AppStore|x86.Build.0 = Debug|Any CPU
		{0319D71A-AE0D-4878-9A0C-A23C73415A5D}.Debug|Any CPU.ActiveCfg = Debug|Any CPU
		{0319D71A-AE0D-4878-9A0C-A23C73415A5D}.Debug|Any CPU.Build.0 = Debug|Any CPU
		{0319D71A-AE0D-4878-9A0C-A23C73415A5D}.Debug|ARM.ActiveCfg = Debug|Any CPU
		{0319D71A-AE0D-4878-9A0C-A23C73415A5D}.Debug|ARM.Build.0 = Debug|Any CPU
		{0319D71A-AE0D-4878-9A0C-A23C73415A5D}.Debug|iPhone.ActiveCfg = Debug|Any CPU
		{0319D71A-AE0D-4878-9A0C-A23C73415A5D}.Debug|iPhone.Build.0 = Debug|Any CPU
		{0319D71A-AE0D-4878-9A0C-A23C73415A5D}.Debug|iPhoneSimulator.ActiveCfg = Debug|Any CPU
		{0319D71A-AE0D-4878-9A0C-A23C73415A5D}.Debug|iPhoneSimulator.Build.0 = Debug|Any CPU
		{0319D71A-AE0D-4878-9A0C-A23C73415A5D}.Debug|x64.ActiveCfg = Debug|Any CPU
		{0319D71A-AE0D-4878-9A0C-A23C73415A5D}.Debug|x64.Build.0 = Debug|Any CPU
		{0319D71A-AE0D-4878-9A0C-A23C73415A5D}.Debug|x86.ActiveCfg = Debug|Any CPU
		{0319D71A-AE0D-4878-9A0C-A23C73415A5D}.Debug|x86.Build.0 = Debug|Any CPU
		{0319D71A-AE0D-4878-9A0C-A23C73415A5D}.Release|Any CPU.ActiveCfg = Release|Any CPU
		{0319D71A-AE0D-4878-9A0C-A23C73415A5D}.Release|Any CPU.Build.0 = Release|Any CPU
		{0319D71A-AE0D-4878-9A0C-A23C73415A5D}.Release|ARM.ActiveCfg = Release|Any CPU
		{0319D71A-AE0D-4878-9A0C-A23C73415A5D}.Release|ARM.Build.0 = Release|Any CPU
		{0319D71A-AE0D-4878-9A0C-A23C73415A5D}.Release|iPhone.ActiveCfg = Release|Any CPU
		{0319D71A-AE0D-4878-9A0C-A23C73415A5D}.Release|iPhone.Build.0 = Release|Any CPU
		{0319D71A-AE0D-4878-9A0C-A23C73415A5D}.Release|iPhoneSimulator.ActiveCfg = Release|Any CPU
		{0319D71A-AE0D-4878-9A0C-A23C73415A5D}.Release|iPhoneSimulator.Build.0 = Release|Any CPU
		{0319D71A-AE0D-4878-9A0C-A23C73415A5D}.Release|x64.ActiveCfg = Release|Any CPU
		{0319D71A-AE0D-4878-9A0C-A23C73415A5D}.Release|x64.Build.0 = Release|Any CPU
		{0319D71A-AE0D-4878-9A0C-A23C73415A5D}.Release|x86.ActiveCfg = Release|Any CPU
		{0319D71A-AE0D-4878-9A0C-A23C73415A5D}.Release|x86.Build.0 = Release|Any CPU
		{0128FBE4-FED7-4B95-AA01-AD657A2CCE35}.Ad-Hoc|Any CPU.ActiveCfg = Release|Any CPU
		{0128FBE4-FED7-4B95-AA01-AD657A2CCE35}.Ad-Hoc|Any CPU.Build.0 = Release|Any CPU
		{0128FBE4-FED7-4B95-AA01-AD657A2CCE35}.Ad-Hoc|Any CPU.Deploy.0 = Release|Any CPU
		{0128FBE4-FED7-4B95-AA01-AD657A2CCE35}.Ad-Hoc|ARM.ActiveCfg = Release|Any CPU
		{0128FBE4-FED7-4B95-AA01-AD657A2CCE35}.Ad-Hoc|ARM.Build.0 = Release|Any CPU
		{0128FBE4-FED7-4B95-AA01-AD657A2CCE35}.Ad-Hoc|ARM.Deploy.0 = Release|Any CPU
		{0128FBE4-FED7-4B95-AA01-AD657A2CCE35}.Ad-Hoc|iPhone.ActiveCfg = Release|Any CPU
		{0128FBE4-FED7-4B95-AA01-AD657A2CCE35}.Ad-Hoc|iPhone.Build.0 = Release|Any CPU
		{0128FBE4-FED7-4B95-AA01-AD657A2CCE35}.Ad-Hoc|iPhone.Deploy.0 = Release|Any CPU
		{0128FBE4-FED7-4B95-AA01-AD657A2CCE35}.Ad-Hoc|iPhoneSimulator.ActiveCfg = Release|Any CPU
		{0128FBE4-FED7-4B95-AA01-AD657A2CCE35}.Ad-Hoc|iPhoneSimulator.Build.0 = Release|Any CPU
		{0128FBE4-FED7-4B95-AA01-AD657A2CCE35}.Ad-Hoc|iPhoneSimulator.Deploy.0 = Release|Any CPU
		{0128FBE4-FED7-4B95-AA01-AD657A2CCE35}.Ad-Hoc|x64.ActiveCfg = Release|Any CPU
		{0128FBE4-FED7-4B95-AA01-AD657A2CCE35}.Ad-Hoc|x64.Build.0 = Release|Any CPU
		{0128FBE4-FED7-4B95-AA01-AD657A2CCE35}.Ad-Hoc|x64.Deploy.0 = Release|Any CPU
		{0128FBE4-FED7-4B95-AA01-AD657A2CCE35}.Ad-Hoc|x86.ActiveCfg = Release|Any CPU
		{0128FBE4-FED7-4B95-AA01-AD657A2CCE35}.Ad-Hoc|x86.Build.0 = Release|Any CPU
		{0128FBE4-FED7-4B95-AA01-AD657A2CCE35}.Ad-Hoc|x86.Deploy.0 = Release|Any CPU
		{0128FBE4-FED7-4B95-AA01-AD657A2CCE35}.AppStore|Any CPU.ActiveCfg = Release|Any CPU
		{0128FBE4-FED7-4B95-AA01-AD657A2CCE35}.AppStore|Any CPU.Build.0 = Release|Any CPU
		{0128FBE4-FED7-4B95-AA01-AD657A2CCE35}.AppStore|Any CPU.Deploy.0 = Release|Any CPU
		{0128FBE4-FED7-4B95-AA01-AD657A2CCE35}.AppStore|ARM.ActiveCfg = Release|Any CPU
		{0128FBE4-FED7-4B95-AA01-AD657A2CCE35}.AppStore|ARM.Build.0 = Release|Any CPU
		{0128FBE4-FED7-4B95-AA01-AD657A2CCE35}.AppStore|ARM.Deploy.0 = Release|Any CPU
		{0128FBE4-FED7-4B95-AA01-AD657A2CCE35}.AppStore|iPhone.ActiveCfg = Release|Any CPU
		{0128FBE4-FED7-4B95-AA01-AD657A2CCE35}.AppStore|iPhone.Build.0 = Release|Any CPU
		{0128FBE4-FED7-4B95-AA01-AD657A2CCE35}.AppStore|iPhone.Deploy.0 = Release|Any CPU
		{0128FBE4-FED7-4B95-AA01-AD657A2CCE35}.AppStore|iPhoneSimulator.ActiveCfg = Release|Any CPU
		{0128FBE4-FED7-4B95-AA01-AD657A2CCE35}.AppStore|iPhoneSimulator.Build.0 = Release|Any CPU
		{0128FBE4-FED7-4B95-AA01-AD657A2CCE35}.AppStore|iPhoneSimulator.Deploy.0 = Release|Any CPU
		{0128FBE4-FED7-4B95-AA01-AD657A2CCE35}.AppStore|x64.ActiveCfg = Release|Any CPU
		{0128FBE4-FED7-4B95-AA01-AD657A2CCE35}.AppStore|x64.Build.0 = Release|Any CPU
		{0128FBE4-FED7-4B95-AA01-AD657A2CCE35}.AppStore|x64.Deploy.0 = Release|Any CPU
		{0128FBE4-FED7-4B95-AA01-AD657A2CCE35}.AppStore|x86.ActiveCfg = Release|Any CPU
		{0128FBE4-FED7-4B95-AA01-AD657A2CCE35}.AppStore|x86.Build.0 = Release|Any CPU
		{0128FBE4-FED7-4B95-AA01-AD657A2CCE35}.AppStore|x86.Deploy.0 = Release|Any CPU
		{0128FBE4-FED7-4B95-AA01-AD657A2CCE35}.Debug|Any CPU.ActiveCfg = Debug|Any CPU
		{0128FBE4-FED7-4B95-AA01-AD657A2CCE35}.Debug|Any CPU.Build.0 = Debug|Any CPU
		{0128FBE4-FED7-4B95-AA01-AD657A2CCE35}.Debug|Any CPU.Deploy.0 = Debug|Any CPU
		{0128FBE4-FED7-4B95-AA01-AD657A2CCE35}.Debug|ARM.ActiveCfg = Debug|Any CPU
		{0128FBE4-FED7-4B95-AA01-AD657A2CCE35}.Debug|ARM.Build.0 = Debug|Any CPU
		{0128FBE4-FED7-4B95-AA01-AD657A2CCE35}.Debug|ARM.Deploy.0 = Debug|Any CPU
		{0128FBE4-FED7-4B95-AA01-AD657A2CCE35}.Debug|iPhone.ActiveCfg = Debug|Any CPU
		{0128FBE4-FED7-4B95-AA01-AD657A2CCE35}.Debug|iPhone.Build.0 = Debug|Any CPU
		{0128FBE4-FED7-4B95-AA01-AD657A2CCE35}.Debug|iPhone.Deploy.0 = Debug|Any CPU
		{0128FBE4-FED7-4B95-AA01-AD657A2CCE35}.Debug|iPhoneSimulator.ActiveCfg = Debug|Any CPU
		{0128FBE4-FED7-4B95-AA01-AD657A2CCE35}.Debug|iPhoneSimulator.Build.0 = Debug|Any CPU
		{0128FBE4-FED7-4B95-AA01-AD657A2CCE35}.Debug|iPhoneSimulator.Deploy.0 = Debug|Any CPU
		{0128FBE4-FED7-4B95-AA01-AD657A2CCE35}.Debug|x64.ActiveCfg = Debug|Any CPU
		{0128FBE4-FED7-4B95-AA01-AD657A2CCE35}.Debug|x64.Build.0 = Debug|Any CPU
		{0128FBE4-FED7-4B95-AA01-AD657A2CCE35}.Debug|x64.Deploy.0 = Debug|Any CPU
		{0128FBE4-FED7-4B95-AA01-AD657A2CCE35}.Debug|x86.ActiveCfg = Debug|Any CPU
		{0128FBE4-FED7-4B95-AA01-AD657A2CCE35}.Debug|x86.Build.0 = Debug|Any CPU
		{0128FBE4-FED7-4B95-AA01-AD657A2CCE35}.Debug|x86.Deploy.0 = Debug|Any CPU
		{0128FBE4-FED7-4B95-AA01-AD657A2CCE35}.Release|Any CPU.ActiveCfg = Release|Any CPU
		{0128FBE4-FED7-4B95-AA01-AD657A2CCE35}.Release|Any CPU.Build.0 = Release|Any CPU
		{0128FBE4-FED7-4B95-AA01-AD657A2CCE35}.Release|Any CPU.Deploy.0 = Release|Any CPU
		{0128FBE4-FED7-4B95-AA01-AD657A2CCE35}.Release|ARM.ActiveCfg = Release|Any CPU
		{0128FBE4-FED7-4B95-AA01-AD657A2CCE35}.Release|ARM.Build.0 = Release|Any CPU
		{0128FBE4-FED7-4B95-AA01-AD657A2CCE35}.Release|ARM.Deploy.0 = Release|Any CPU
		{0128FBE4-FED7-4B95-AA01-AD657A2CCE35}.Release|iPhone.ActiveCfg = Release|Any CPU
		{0128FBE4-FED7-4B95-AA01-AD657A2CCE35}.Release|iPhone.Build.0 = Release|Any CPU
		{0128FBE4-FED7-4B95-AA01-AD657A2CCE35}.Release|iPhone.Deploy.0 = Release|Any CPU
		{0128FBE4-FED7-4B95-AA01-AD657A2CCE35}.Release|iPhoneSimulator.ActiveCfg = Release|Any CPU
		{0128FBE4-FED7-4B95-AA01-AD657A2CCE35}.Release|iPhoneSimulator.Build.0 = Release|Any CPU
		{0128FBE4-FED7-4B95-AA01-AD657A2CCE35}.Release|iPhoneSimulator.Deploy.0 = Release|Any CPU
		{0128FBE4-FED7-4B95-AA01-AD657A2CCE35}.Release|x64.ActiveCfg = Release|Any CPU
		{0128FBE4-FED7-4B95-AA01-AD657A2CCE35}.Release|x64.Build.0 = Release|Any CPU
		{0128FBE4-FED7-4B95-AA01-AD657A2CCE35}.Release|x64.Deploy.0 = Release|Any CPU
		{0128FBE4-FED7-4B95-AA01-AD657A2CCE35}.Release|x86.ActiveCfg = Release|Any CPU
		{0128FBE4-FED7-4B95-AA01-AD657A2CCE35}.Release|x86.Build.0 = Release|Any CPU
		{0128FBE4-FED7-4B95-AA01-AD657A2CCE35}.Release|x86.Deploy.0 = Release|Any CPU
		{8D5B89E4-821A-4D2E-A17A-C204AC2E5636}.Ad-Hoc|Any CPU.ActiveCfg = Ad-Hoc|iPhone
		{8D5B89E4-821A-4D2E-A17A-C204AC2E5636}.Ad-Hoc|ARM.ActiveCfg = Ad-Hoc|iPhone
		{8D5B89E4-821A-4D2E-A17A-C204AC2E5636}.Ad-Hoc|iPhone.ActiveCfg = Ad-Hoc|iPhone
		{8D5B89E4-821A-4D2E-A17A-C204AC2E5636}.Ad-Hoc|iPhone.Build.0 = Ad-Hoc|iPhone
		{8D5B89E4-821A-4D2E-A17A-C204AC2E5636}.Ad-Hoc|iPhoneSimulator.ActiveCfg = Ad-Hoc|iPhoneSimulator
		{8D5B89E4-821A-4D2E-A17A-C204AC2E5636}.Ad-Hoc|iPhoneSimulator.Build.0 = Ad-Hoc|iPhoneSimulator
		{8D5B89E4-821A-4D2E-A17A-C204AC2E5636}.Ad-Hoc|x64.ActiveCfg = Ad-Hoc|iPhone
		{8D5B89E4-821A-4D2E-A17A-C204AC2E5636}.Ad-Hoc|x86.ActiveCfg = Ad-Hoc|iPhone
		{8D5B89E4-821A-4D2E-A17A-C204AC2E5636}.AppStore|Any CPU.ActiveCfg = AppStore|iPhone
		{8D5B89E4-821A-4D2E-A17A-C204AC2E5636}.AppStore|ARM.ActiveCfg = AppStore|iPhone
		{8D5B89E4-821A-4D2E-A17A-C204AC2E5636}.AppStore|iPhone.ActiveCfg = AppStore|iPhone
		{8D5B89E4-821A-4D2E-A17A-C204AC2E5636}.AppStore|iPhone.Build.0 = AppStore|iPhone
		{8D5B89E4-821A-4D2E-A17A-C204AC2E5636}.AppStore|iPhoneSimulator.ActiveCfg = AppStore|iPhoneSimulator
		{8D5B89E4-821A-4D2E-A17A-C204AC2E5636}.AppStore|iPhoneSimulator.Build.0 = AppStore|iPhoneSimulator
		{8D5B89E4-821A-4D2E-A17A-C204AC2E5636}.AppStore|x64.ActiveCfg = AppStore|iPhone
		{8D5B89E4-821A-4D2E-A17A-C204AC2E5636}.AppStore|x86.ActiveCfg = AppStore|iPhone
		{8D5B89E4-821A-4D2E-A17A-C204AC2E5636}.Debug|Any CPU.ActiveCfg = Debug|iPhone
		{8D5B89E4-821A-4D2E-A17A-C204AC2E5636}.Debug|ARM.ActiveCfg = Debug|iPhone
		{8D5B89E4-821A-4D2E-A17A-C204AC2E5636}.Debug|iPhone.ActiveCfg = Debug|iPhone
		{8D5B89E4-821A-4D2E-A17A-C204AC2E5636}.Debug|iPhone.Build.0 = Debug|iPhone
		{8D5B89E4-821A-4D2E-A17A-C204AC2E5636}.Debug|iPhoneSimulator.ActiveCfg = Debug|iPhoneSimulator
		{8D5B89E4-821A-4D2E-A17A-C204AC2E5636}.Debug|iPhoneSimulator.Build.0 = Debug|iPhoneSimulator
		{8D5B89E4-821A-4D2E-A17A-C204AC2E5636}.Debug|x64.ActiveCfg = Debug|iPhone
		{8D5B89E4-821A-4D2E-A17A-C204AC2E5636}.Debug|x86.ActiveCfg = Debug|iPhone
		{8D5B89E4-821A-4D2E-A17A-C204AC2E5636}.Release|Any CPU.ActiveCfg = Release|iPhone
		{8D5B89E4-821A-4D2E-A17A-C204AC2E5636}.Release|ARM.ActiveCfg = Release|iPhone
		{8D5B89E4-821A-4D2E-A17A-C204AC2E5636}.Release|iPhone.ActiveCfg = Release|iPhone
		{8D5B89E4-821A-4D2E-A17A-C204AC2E5636}.Release|iPhone.Build.0 = Release|iPhone
		{8D5B89E4-821A-4D2E-A17A-C204AC2E5636}.Release|iPhoneSimulator.ActiveCfg = Release|iPhoneSimulator
		{8D5B89E4-821A-4D2E-A17A-C204AC2E5636}.Release|iPhoneSimulator.Build.0 = Release|iPhoneSimulator
		{8D5B89E4-821A-4D2E-A17A-C204AC2E5636}.Release|x64.ActiveCfg = Release|iPhone
		{8D5B89E4-821A-4D2E-A17A-C204AC2E5636}.Release|x86.ActiveCfg = Release|iPhone
		{069D47A3-8C8D-4495-BAEF-F66D655B5174}.Ad-Hoc|Any CPU.ActiveCfg = Release|x86
		{069D47A3-8C8D-4495-BAEF-F66D655B5174}.Ad-Hoc|Any CPU.Build.0 = Release|x86
		{069D47A3-8C8D-4495-BAEF-F66D655B5174}.Ad-Hoc|Any CPU.Deploy.0 = Release|x86
		{069D47A3-8C8D-4495-BAEF-F66D655B5174}.Ad-Hoc|ARM.ActiveCfg = Release|ARM
		{069D47A3-8C8D-4495-BAEF-F66D655B5174}.Ad-Hoc|ARM.Build.0 = Release|ARM
		{069D47A3-8C8D-4495-BAEF-F66D655B5174}.Ad-Hoc|ARM.Deploy.0 = Release|ARM
		{069D47A3-8C8D-4495-BAEF-F66D655B5174}.Ad-Hoc|iPhone.ActiveCfg = Release|x86
		{069D47A3-8C8D-4495-BAEF-F66D655B5174}.Ad-Hoc|iPhone.Build.0 = Release|x86
		{069D47A3-8C8D-4495-BAEF-F66D655B5174}.Ad-Hoc|iPhone.Deploy.0 = Release|x86
		{069D47A3-8C8D-4495-BAEF-F66D655B5174}.Ad-Hoc|iPhoneSimulator.ActiveCfg = Release|x86
		{069D47A3-8C8D-4495-BAEF-F66D655B5174}.Ad-Hoc|iPhoneSimulator.Build.0 = Release|x86
		{069D47A3-8C8D-4495-BAEF-F66D655B5174}.Ad-Hoc|iPhoneSimulator.Deploy.0 = Release|x86
		{069D47A3-8C8D-4495-BAEF-F66D655B5174}.Ad-Hoc|x64.ActiveCfg = Release|x64
		{069D47A3-8C8D-4495-BAEF-F66D655B5174}.Ad-Hoc|x64.Build.0 = Release|x64
		{069D47A3-8C8D-4495-BAEF-F66D655B5174}.Ad-Hoc|x64.Deploy.0 = Release|x64
		{069D47A3-8C8D-4495-BAEF-F66D655B5174}.Ad-Hoc|x86.ActiveCfg = Release|x86
		{069D47A3-8C8D-4495-BAEF-F66D655B5174}.Ad-Hoc|x86.Build.0 = Release|x86
		{069D47A3-8C8D-4495-BAEF-F66D655B5174}.Ad-Hoc|x86.Deploy.0 = Release|x86
		{069D47A3-8C8D-4495-BAEF-F66D655B5174}.AppStore|Any CPU.ActiveCfg = Release|x86
		{069D47A3-8C8D-4495-BAEF-F66D655B5174}.AppStore|Any CPU.Build.0 = Release|x86
		{069D47A3-8C8D-4495-BAEF-F66D655B5174}.AppStore|Any CPU.Deploy.0 = Release|x86
		{069D47A3-8C8D-4495-BAEF-F66D655B5174}.AppStore|ARM.ActiveCfg = Release|ARM
		{069D47A3-8C8D-4495-BAEF-F66D655B5174}.AppStore|ARM.Build.0 = Release|ARM
		{069D47A3-8C8D-4495-BAEF-F66D655B5174}.AppStore|ARM.Deploy.0 = Release|ARM
		{069D47A3-8C8D-4495-BAEF-F66D655B5174}.AppStore|iPhone.ActiveCfg = Release|x86
		{069D47A3-8C8D-4495-BAEF-F66D655B5174}.AppStore|iPhone.Build.0 = Release|x86
		{069D47A3-8C8D-4495-BAEF-F66D655B5174}.AppStore|iPhone.Deploy.0 = Release|x86
		{069D47A3-8C8D-4495-BAEF-F66D655B5174}.AppStore|iPhoneSimulator.ActiveCfg = Release|x86
		{069D47A3-8C8D-4495-BAEF-F66D655B5174}.AppStore|iPhoneSimulator.Build.0 = Release|x86
		{069D47A3-8C8D-4495-BAEF-F66D655B5174}.AppStore|iPhoneSimulator.Deploy.0 = Release|x86
		{069D47A3-8C8D-4495-BAEF-F66D655B5174}.AppStore|x64.ActiveCfg = Release|x64
		{069D47A3-8C8D-4495-BAEF-F66D655B5174}.AppStore|x64.Build.0 = Release|x64
		{069D47A3-8C8D-4495-BAEF-F66D655B5174}.AppStore|x64.Deploy.0 = Release|x64
		{069D47A3-8C8D-4495-BAEF-F66D655B5174}.AppStore|x86.ActiveCfg = Release|x86
		{069D47A3-8C8D-4495-BAEF-F66D655B5174}.AppStore|x86.Build.0 = Release|x86
		{069D47A3-8C8D-4495-BAEF-F66D655B5174}.AppStore|x86.Deploy.0 = Release|x86
		{069D47A3-8C8D-4495-BAEF-F66D655B5174}.Debug|Any CPU.ActiveCfg = Debug|x86
		{069D47A3-8C8D-4495-BAEF-F66D655B5174}.Debug|ARM.ActiveCfg = Debug|ARM
		{069D47A3-8C8D-4495-BAEF-F66D655B5174}.Debug|ARM.Build.0 = Debug|ARM
		{069D47A3-8C8D-4495-BAEF-F66D655B5174}.Debug|ARM.Deploy.0 = Debug|ARM
		{069D47A3-8C8D-4495-BAEF-F66D655B5174}.Debug|iPhone.ActiveCfg = Debug|x86
		{069D47A3-8C8D-4495-BAEF-F66D655B5174}.Debug|iPhoneSimulator.ActiveCfg = Debug|x86
		{069D47A3-8C8D-4495-BAEF-F66D655B5174}.Debug|x64.ActiveCfg = Debug|x64
		{069D47A3-8C8D-4495-BAEF-F66D655B5174}.Debug|x64.Build.0 = Debug|x64
		{069D47A3-8C8D-4495-BAEF-F66D655B5174}.Debug|x64.Deploy.0 = Debug|x64
		{069D47A3-8C8D-4495-BAEF-F66D655B5174}.Debug|x86.ActiveCfg = Debug|x86
		{069D47A3-8C8D-4495-BAEF-F66D655B5174}.Debug|x86.Build.0 = Debug|x86
		{069D47A3-8C8D-4495-BAEF-F66D655B5174}.Debug|x86.Deploy.0 = Debug|x86
		{069D47A3-8C8D-4495-BAEF-F66D655B5174}.Release|Any CPU.ActiveCfg = Release|x86
		{069D47A3-8C8D-4495-BAEF-F66D655B5174}.Release|ARM.ActiveCfg = Release|ARM
		{069D47A3-8C8D-4495-BAEF-F66D655B5174}.Release|ARM.Build.0 = Release|ARM
		{069D47A3-8C8D-4495-BAEF-F66D655B5174}.Release|ARM.Deploy.0 = Release|ARM
		{069D47A3-8C8D-4495-BAEF-F66D655B5174}.Release|iPhone.ActiveCfg = Release|x86
		{069D47A3-8C8D-4495-BAEF-F66D655B5174}.Release|iPhoneSimulator.ActiveCfg = Release|x86
		{069D47A3-8C8D-4495-BAEF-F66D655B5174}.Release|x64.ActiveCfg = Release|x64
		{069D47A3-8C8D-4495-BAEF-F66D655B5174}.Release|x64.Build.0 = Release|x64
		{069D47A3-8C8D-4495-BAEF-F66D655B5174}.Release|x64.Deploy.0 = Release|x64
		{069D47A3-8C8D-4495-BAEF-F66D655B5174}.Release|x86.ActiveCfg = Release|x86
		{069D47A3-8C8D-4495-BAEF-F66D655B5174}.Release|x86.Build.0 = Release|x86
		{069D47A3-8C8D-4495-BAEF-F66D655B5174}.Release|x86.Deploy.0 = Release|x86
	EndGlobalSection
	GlobalSection(SolutionProperties) = preSolution
		HideSolutionNode = FALSE
	EndGlobalSection
	GlobalSection(ExtensibilityGlobals) = postSolution
		SolutionGuid = {8B61C3C2-AC57-47B5-A0AD-73042C054337}
	EndGlobalSection
EndGlobal
