
Microsoft Visual Studio Solution File, Format Version 12.00
# Visual Studio 15
VisualStudioVersion = 15.0.27004.2009
MinimumVisualStudioVersion = 10.0.40219.1
Project("{FAE04EC0-301F-11D3-BF4B-00C04F79EFBC}") = "XFSizeChanged", "XFSizeChanged\XFSizeChanged\XFSizeChanged.csproj", "{53C8C023-F780-4AD4-844D-472341E2344E}"
EndProject
Project("{FAE04EC0-301F-11D3-BF4B-00C04F79EFBC}") = "XFSizeChanged.Android", "XFSizeChanged\XFSizeChanged.Android\XFSizeChanged.Android.csproj", "{F5A4C33B-0167-4EE9-90E7-F32B0F065C56}"
EndProject
Project("{FAE04EC0-301F-11D3-BF4B-00C04F79EFBC}") = "XFSizeChanged.iOS", "XFSizeChanged\XFSizeChanged.iOS\XFSizeChanged.iOS.csproj", "{D9841350-8382-4E0A-BF18-ED8292BFE64E}"
EndProject
Project("{FAE04EC0-301F-11D3-BF4B-00C04F79EFBC}") = "XFSizeChanged.UWP", "XFSizeChanged\XFSizeChanged.UWP\XFSizeChanged.UWP.csproj", "{4231D921-3D6D-4B95-8706-5E01AD041990}"
EndProject
Global
	GlobalSection(SolutionConfigurationPlatforms) = preSolution
		Ad-Hoc|Any CPU = Ad-Hoc|Any CPU
		Ad-Hoc|ARM = Ad-Hoc|ARM
		Ad-Hoc|iPhone = Ad-Hoc|iPhone
		Ad-Hoc|iPhoneSimulator = Ad-Hoc|iPhoneSimulator
		Ad-Hoc|x64 = Ad-Hoc|x64
		Ad-Hoc|x86 = Ad-Hoc|x86
		AppStore|Any CPU = AppStore|Any CPU
		AppStore|ARM = AppStore|ARM
		AppStore|iPhone = AppStore|iPhone
		AppStore|iPhoneSimulator = AppStore|iPhoneSimulator
		AppStore|x64 = AppStore|x64
		AppStore|x86 = AppStore|x86
		Debug|Any CPU = Debug|Any CPU
		Debug|ARM = Debug|ARM
		Debug|iPhone = Debug|iPhone
		Debug|iPhoneSimulator = Debug|iPhoneSimulator
		Debug|x64 = Debug|x64
		Debug|x86 = Debug|x86
		Release|Any CPU = Release|Any CPU
		Release|ARM = Release|ARM
		Release|iPhone = Release|iPhone
		Release|iPhoneSimulator = Release|iPhoneSimulator
		Release|x64 = Release|x64
		Release|x86 = Release|x86
	EndGlobalSection
	GlobalSection(ProjectConfigurationPlatforms) = postSolution
		{53C8C023-F780-4AD4-844D-472341E2344E}.Ad-Hoc|Any CPU.ActiveCfg = Debug|Any CPU
		{53C8C023-F780-4AD4-844D-472341E2344E}.Ad-Hoc|Any CPU.Build.0 = Debug|Any CPU
		{53C8C023-F780-4AD4-844D-472341E2344E}.Ad-Hoc|ARM.ActiveCfg = Debug|Any CPU
		{53C8C023-F780-4AD4-844D-472341E2344E}.Ad-Hoc|ARM.Build.0 = Debug|Any CPU
		{53C8C023-F780-4AD4-844D-472341E2344E}.Ad-Hoc|iPhone.ActiveCfg = Debug|Any CPU
		{53C8C023-F780-4AD4-844D-472341E2344E}.Ad-Hoc|iPhone.Build.0 = Debug|Any CPU
		{53C8C023-F780-4AD4-844D-472341E2344E}.Ad-Hoc|iPhoneSimulator.ActiveCfg = Debug|Any CPU
		{53C8C023-F780-4AD4-844D-472341E2344E}.Ad-Hoc|iPhoneSimulator.Build.0 = Debug|Any CPU
		{53C8C023-F780-4AD4-844D-472341E2344E}.Ad-Hoc|x64.ActiveCfg = Debug|Any CPU
		{53C8C023-F780-4AD4-844D-472341E2344E}.Ad-Hoc|x64.Build.0 = Debug|Any CPU
		{53C8C023-F780-4AD4-844D-472341E2344E}.Ad-Hoc|x86.ActiveCfg = Debug|Any CPU
		{53C8C023-F780-4AD4-844D-472341E2344E}.Ad-Hoc|x86.Build.0 = Debug|Any CPU
		{53C8C023-F780-4AD4-844D-472341E2344E}.AppStore|Any CPU.ActiveCfg = Debug|Any CPU
		{53C8C023-F780-4AD4-844D-472341E2344E}.AppStore|Any CPU.Build.0 = Debug|Any CPU
		{53C8C023-F780-4AD4-844D-472341E2344E}.AppStore|ARM.ActiveCfg = Debug|Any CPU
		{53C8C023-F780-4AD4-844D-472341E2344E}.AppStore|ARM.Build.0 = Debug|Any CPU
		{53C8C023-F780-4AD4-844D-472341E2344E}.AppStore|iPhone.ActiveCfg = Debug|Any CPU
		{53C8C023-F780-4AD4-844D-472341E2344E}.AppStore|iPhone.Build.0 = Debug|Any CPU
		{53C8C023-F780-4AD4-844D-472341E2344E}.AppStore|iPhoneSimulator.ActiveCfg = Debug|Any CPU
		{53C8C023-F780-4AD4-844D-472341E2344E}.AppStore|iPhoneSimulator.Build.0 = Debug|Any CPU
		{53C8C023-F780-4AD4-844D-472341E2344E}.AppStore|x64.ActiveCfg = Debug|Any CPU
		{53C8C023-F780-4AD4-844D-472341E2344E}.AppStore|x64.Build.0 = Debug|Any CPU
		{53C8C023-F780-4AD4-844D-472341E2344E}.AppStore|x86.ActiveCfg = Debug|Any CPU
		{53C8C023-F780-4AD4-844D-472341E2344E}.AppStore|x86.Build.0 = Debug|Any CPU
		{53C8C023-F780-4AD4-844D-472341E2344E}.Debug|Any CPU.ActiveCfg = Debug|Any CPU
		{53C8C023-F780-4AD4-844D-472341E2344E}.Debug|Any CPU.Build.0 = Debug|Any CPU
		{53C8C023-F780-4AD4-844D-472341E2344E}.Debug|ARM.ActiveCfg = Debug|Any CPU
		{53C8C023-F780-4AD4-844D-472341E2344E}.Debug|ARM.Build.0 = Debug|Any CPU
		{53C8C023-F780-4AD4-844D-472341E2344E}.Debug|iPhone.ActiveCfg = Debug|Any CPU
		{53C8C023-F780-4AD4-844D-472341E2344E}.Debug|iPhone.Build.0 = Debug|Any CPU
		{53C8C023-F780-4AD4-844D-472341E2344E}.Debug|iPhoneSimulator.ActiveCfg = Debug|Any CPU
		{53C8C023-F780-4AD4-844D-472341E2344E}.Debug|iPhoneSimulator.Build.0 = Debug|Any CPU
		{53C8C023-F780-4AD4-844D-472341E2344E}.Debug|x64.ActiveCfg = Debug|Any CPU
		{53C8C023-F780-4AD4-844D-472341E2344E}.Debug|x64.Build.0 = Debug|Any CPU
		{53C8C023-F780-4AD4-844D-472341E2344E}.Debug|x86.ActiveCfg = Debug|Any CPU
		{53C8C023-F780-4AD4-844D-472341E2344E}.Debug|x86.Build.0 = Debug|Any CPU
		{53C8C023-F780-4AD4-844D-472341E2344E}.Release|Any CPU.ActiveCfg = Release|Any CPU
		{53C8C023-F780-4AD4-844D-472341E2344E}.Release|Any CPU.Build.0 = Release|Any CPU
		{53C8C023-F780-4AD4-844D-472341E2344E}.Release|ARM.ActiveCfg = Release|Any CPU
		{53C8C023-F780-4AD4-844D-472341E2344E}.Release|ARM.Build.0 = Release|Any CPU
		{53C8C023-F780-4AD4-844D-472341E2344E}.Release|iPhone.ActiveCfg = Release|Any CPU
		{53C8C023-F780-4AD4-844D-472341E2344E}.Release|iPhone.Build.0 = Release|Any CPU
		{53C8C023-F780-4AD4-844D-472341E2344E}.Release|iPhoneSimulator.ActiveCfg = Release|Any CPU
		{53C8C023-F780-4AD4-844D-472341E2344E}.Release|iPhoneSimulator.Build.0 = Release|Any CPU
		{53C8C023-F780-4AD4-844D-472341E2344E}.Release|x64.ActiveCfg = Release|Any CPU
		{53C8C023-F780-4AD4-844D-472341E2344E}.Release|x64.Build.0 = Release|Any CPU
		{53C8C023-F780-4AD4-844D-472341E2344E}.Release|x86.ActiveCfg = Release|Any CPU
		{53C8C023-F780-4AD4-844D-472341E2344E}.Release|x86.Build.0 = Release|Any CPU
		{F5A4C33B-0167-4EE9-90E7-F32B0F065C56}.Ad-Hoc|Any CPU.ActiveCfg = Release|Any CPU
		{F5A4C33B-0167-4EE9-90E7-F32B0F065C56}.Ad-Hoc|Any CPU.Build.0 = Release|Any CPU
		{F5A4C33B-0167-4EE9-90E7-F32B0F065C56}.Ad-Hoc|Any CPU.Deploy.0 = Release|Any CPU
		{F5A4C33B-0167-4EE9-90E7-F32B0F065C56}.Ad-Hoc|ARM.ActiveCfg = Release|Any CPU
		{F5A4C33B-0167-4EE9-90E7-F32B0F065C56}.Ad-Hoc|ARM.Build.0 = Release|Any CPU
		{F5A4C33B-0167-4EE9-90E7-F32B0F065C56}.Ad-Hoc|ARM.Deploy.0 = Release|Any CPU
		{F5A4C33B-0167-4EE9-90E7-F32B0F065C56}.Ad-Hoc|iPhone.ActiveCfg = Release|Any CPU
		{F5A4C33B-0167-4EE9-90E7-F32B0F065C56}.Ad-Hoc|iPhone.Build.0 = Release|Any CPU
		{F5A4C33B-0167-4EE9-90E7-F32B0F065C56}.Ad-Hoc|iPhone.Deploy.0 = Release|Any CPU
		{F5A4C33B-0167-4EE9-90E7-F32B0F065C56}.Ad-Hoc|iPhoneSimulator.ActiveCfg = Release|Any CPU
		{F5A4C33B-0167-4EE9-90E7-F32B0F065C56}.Ad-Hoc|iPhoneSimulator.Build.0 = Release|Any CPU
		{F5A4C33B-0167-4EE9-90E7-F32B0F065C56}.Ad-Hoc|iPhoneSimulator.Deploy.0 = Release|Any CPU
		{F5A4C33B-0167-4EE9-90E7-F32B0F065C56}.Ad-Hoc|x64.ActiveCfg = Release|Any CPU
		{F5A4C33B-0167-4EE9-90E7-F32B0F065C56}.Ad-Hoc|x64.Build.0 = Release|Any CPU
		{F5A4C33B-0167-4EE9-90E7-F32B0F065C56}.Ad-Hoc|x64.Deploy.0 = Release|Any CPU
		{F5A4C33B-0167-4EE9-90E7-F32B0F065C56}.Ad-Hoc|x86.ActiveCfg = Release|Any CPU
		{F5A4C33B-0167-4EE9-90E7-F32B0F065C56}.Ad-Hoc|x86.Build.0 = Release|Any CPU
		{F5A4C33B-0167-4EE9-90E7-F32B0F065C56}.Ad-Hoc|x86.Deploy.0 = Release|Any CPU
		{F5A4C33B-0167-4EE9-90E7-F32B0F065C56}.AppStore|Any CPU.ActiveCfg = Release|Any CPU
		{F5A4C33B-0167-4EE9-90E7-F32B0F065C56}.AppStore|Any CPU.Build.0 = Release|Any CPU
		{F5A4C33B-0167-4EE9-90E7-F32B0F065C56}.AppStore|Any CPU.Deploy.0 = Release|Any CPU
		{F5A4C33B-0167-4EE9-90E7-F32B0F065C56}.AppStore|ARM.ActiveCfg = Release|Any CPU
		{F5A4C33B-0167-4EE9-90E7-F32B0F065C56}.AppStore|ARM.Build.0 = Release|Any CPU
		{F5A4C33B-0167-4EE9-90E7-F32B0F065C56}.AppStore|ARM.Deploy.0 = Release|Any CPU
		{F5A4C33B-0167-4EE9-90E7-F32B0F065C56}.AppStore|iPhone.ActiveCfg = Release|Any CPU
		{F5A4C33B-0167-4EE9-90E7-F32B0F065C56}.AppStore|iPhone.Build.0 = Release|Any CPU
		{F5A4C33B-0167-4EE9-90E7-F32B0F065C56}.AppStore|iPhone.Deploy.0 = Release|Any CPU
		{F5A4C33B-0167-4EE9-90E7-F32B0F065C56}.AppStore|iPhoneSimulator.ActiveCfg = Release|Any CPU
		{F5A4C33B-0167-4EE9-90E7-F32B0F065C56}.AppStore|iPhoneSimulator.Build.0 = Release|Any CPU
		{F5A4C33B-0167-4EE9-90E7-F32B0F065C56}.AppStore|iPhoneSimulator.Deploy.0 = Release|Any CPU
		{F5A4C33B-0167-4EE9-90E7-F32B0F065C56}.AppStore|x64.ActiveCfg = Release|Any CPU
		{F5A4C33B-0167-4EE9-90E7-F32B0F065C56}.AppStore|x64.Build.0 = Release|Any CPU
		{F5A4C33B-0167-4EE9-90E7-F32B0F065C56}.AppStore|x64.Deploy.0 = Release|Any CPU
		{F5A4C33B-0167-4EE9-90E7-F32B0F065C56}.AppStore|x86.ActiveCfg = Release|Any CPU
		{F5A4C33B-0167-4EE9-90E7-F32B0F065C56}.AppStore|x86.Build.0 = Release|Any CPU
		{F5A4C33B-0167-4EE9-90E7-F32B0F065C56}.AppStore|x86.Deploy.0 = Release|Any CPU
		{F5A4C33B-0167-4EE9-90E7-F32B0F065C56}.Debug|Any CPU.ActiveCfg = Debug|Any CPU
		{F5A4C33B-0167-4EE9-90E7-F32B0F065C56}.Debug|Any CPU.Build.0 = Debug|Any CPU
		{F5A4C33B-0167-4EE9-90E7-F32B0F065C56}.Debug|Any CPU.Deploy.0 = Debug|Any CPU
		{F5A4C33B-0167-4EE9-90E7-F32B0F065C56}.Debug|ARM.ActiveCfg = Debug|Any CPU
		{F5A4C33B-0167-4EE9-90E7-F32B0F065C56}.Debug|ARM.Build.0 = Debug|Any CPU
		{F5A4C33B-0167-4EE9-90E7-F32B0F065C56}.Debug|ARM.Deploy.0 = Debug|Any CPU
		{F5A4C33B-0167-4EE9-90E7-F32B0F065C56}.Debug|iPhone.ActiveCfg = Debug|Any CPU
		{F5A4C33B-0167-4EE9-90E7-F32B0F065C56}.Debug|iPhone.Build.0 = Debug|Any CPU
		{F5A4C33B-0167-4EE9-90E7-F32B0F065C56}.Debug|iPhone.Deploy.0 = Debug|Any CPU
		{F5A4C33B-0167-4EE9-90E7-F32B0F065C56}.Debug|iPhoneSimulator.ActiveCfg = Debug|Any CPU
		{F5A4C33B-0167-4EE9-90E7-F32B0F065C56}.Debug|iPhoneSimulator.Build.0 = Debug|Any CPU
		{F5A4C33B-0167-4EE9-90E7-F32B0F065C56}.Debug|iPhoneSimulator.Deploy.0 = Debug|Any CPU
		{F5A4C33B-0167-4EE9-90E7-F32B0F065C56}.Debug|x64.ActiveCfg = Debug|Any CPU
		{F5A4C33B-0167-4EE9-90E7-F32B0F065C56}.Debug|x64.Build.0 = Debug|Any CPU
		{F5A4C33B-0167-4EE9-90E7-F32B0F065C56}.Debug|x64.Deploy.0 = Debug|Any CPU
		{F5A4C33B-0167-4EE9-90E7-F32B0F065C56}.Debug|x86.ActiveCfg = Debug|Any CPU
		{F5A4C33B-0167-4EE9-90E7-F32B0F065C56}.Debug|x86.Build.0 = Debug|Any CPU
		{F5A4C33B-0167-4EE9-90E7-F32B0F065C56}.Debug|x86.Deploy.0 = Debug|Any CPU
		{F5A4C33B-0167-4EE9-90E7-F32B0F065C56}.Release|Any CPU.ActiveCfg = Release|Any CPU
		{F5A4C33B-0167-4EE9-90E7-F32B0F065C56}.Release|Any CPU.Build.0 = Release|Any CPU
		{F5A4C33B-0167-4EE9-90E7-F32B0F065C56}.Release|Any CPU.Deploy.0 = Release|Any CPU
		{F5A4C33B-0167-4EE9-90E7-F32B0F065C56}.Release|ARM.ActiveCfg = Release|Any CPU
		{F5A4C33B-0167-4EE9-90E7-F32B0F065C56}.Release|ARM.Build.0 = Release|Any CPU
		{F5A4C33B-0167-4EE9-90E7-F32B0F065C56}.Release|ARM.Deploy.0 = Release|Any CPU
		{F5A4C33B-0167-4EE9-90E7-F32B0F065C56}.Release|iPhone.ActiveCfg = Release|Any CPU
		{F5A4C33B-0167-4EE9-90E7-F32B0F065C56}.Release|iPhone.Build.0 = Release|Any CPU
		{F5A4C33B-0167-4EE9-90E7-F32B0F065C56}.Release|iPhone.Deploy.0 = Release|Any CPU
		{F5A4C33B-0167-4EE9-90E7-F32B0F065C56}.Release|iPhoneSimulator.ActiveCfg = Release|Any CPU
		{F5A4C33B-0167-4EE9-90E7-F32B0F065C56}.Release|iPhoneSimulator.Build.0 = Release|Any CPU
		{F5A4C33B-0167-4EE9-90E7-F32B0F065C56}.Release|iPhoneSimulator.Deploy.0 = Release|Any CPU
		{F5A4C33B-0167-4EE9-90E7-F32B0F065C56}.Release|x64.ActiveCfg = Release|Any CPU
		{F5A4C33B-0167-4EE9-90E7-F32B0F065C56}.Release|x64.Build.0 = Release|Any CPU
		{F5A4C33B-0167-4EE9-90E7-F32B0F065C56}.Release|x64.Deploy.0 = Release|Any CPU
		{F5A4C33B-0167-4EE9-90E7-F32B0F065C56}.Release|x86.ActiveCfg = Release|Any CPU
		{F5A4C33B-0167-4EE9-90E7-F32B0F065C56}.Release|x86.Build.0 = Release|Any CPU
		{F5A4C33B-0167-4EE9-90E7-F32B0F065C56}.Release|x86.Deploy.0 = Release|Any CPU
		{D9841350-8382-4E0A-BF18-ED8292BFE64E}.Ad-Hoc|Any CPU.ActiveCfg = Ad-Hoc|iPhone
		{D9841350-8382-4E0A-BF18-ED8292BFE64E}.Ad-Hoc|ARM.ActiveCfg = Ad-Hoc|iPhone
		{D9841350-8382-4E0A-BF18-ED8292BFE64E}.Ad-Hoc|iPhone.ActiveCfg = Ad-Hoc|iPhone
		{D9841350-8382-4E0A-BF18-ED8292BFE64E}.Ad-Hoc|iPhone.Build.0 = Ad-Hoc|iPhone
		{D9841350-8382-4E0A-BF18-ED8292BFE64E}.Ad-Hoc|iPhoneSimulator.ActiveCfg = Ad-Hoc|iPhoneSimulator
		{D9841350-8382-4E0A-BF18-ED8292BFE64E}.Ad-Hoc|iPhoneSimulator.Build.0 = Ad-Hoc|iPhoneSimulator
		{D9841350-8382-4E0A-BF18-ED8292BFE64E}.Ad-Hoc|x64.ActiveCfg = Ad-Hoc|iPhone
		{D9841350-8382-4E0A-BF18-ED8292BFE64E}.Ad-Hoc|x86.ActiveCfg = Ad-Hoc|iPhone
		{D9841350-8382-4E0A-BF18-ED8292BFE64E}.AppStore|Any CPU.ActiveCfg = AppStore|iPhone
		{D9841350-8382-4E0A-BF18-ED8292BFE64E}.AppStore|ARM.ActiveCfg = AppStore|iPhone
		{D9841350-8382-4E0A-BF18-ED8292BFE64E}.AppStore|iPhone.ActiveCfg = AppStore|iPhone
		{D9841350-8382-4E0A-BF18-ED8292BFE64E}.AppStore|iPhone.Build.0 = AppStore|iPhone
		{D9841350-8382-4E0A-BF18-ED8292BFE64E}.AppStore|iPhoneSimulator.ActiveCfg = AppStore|iPhoneSimulator
		{D9841350-8382-4E0A-BF18-ED8292BFE64E}.AppStore|iPhoneSimulator.Build.0 = AppStore|iPhoneSimulator
		{D9841350-8382-4E0A-BF18-ED8292BFE64E}.AppStore|x64.ActiveCfg = AppStore|iPhone
		{D9841350-8382-4E0A-BF18-ED8292BFE64E}.AppStore|x86.ActiveCfg = AppStore|iPhone
		{D9841350-8382-4E0A-BF18-ED8292BFE64E}.Debug|Any CPU.ActiveCfg = Debug|iPhone
		{D9841350-8382-4E0A-BF18-ED8292BFE64E}.Debug|ARM.ActiveCfg = Debug|iPhone
		{D9841350-8382-4E0A-BF18-ED8292BFE64E}.Debug|iPhone.ActiveCfg = Debug|iPhone
		{D9841350-8382-4E0A-BF18-ED8292BFE64E}.Debug|iPhone.Build.0 = Debug|iPhone
		{D9841350-8382-4E0A-BF18-ED8292BFE64E}.Debug|iPhoneSimulator.ActiveCfg = Debug|iPhoneSimulator
		{D9841350-8382-4E0A-BF18-ED8292BFE64E}.Debug|iPhoneSimulator.Build.0 = Debug|iPhoneSimulator
		{D9841350-8382-4E0A-BF18-ED8292BFE64E}.Debug|x64.ActiveCfg = Debug|iPhone
		{D9841350-8382-4E0A-BF18-ED8292BFE64E}.Debug|x86.ActiveCfg = Debug|iPhone
		{D9841350-8382-4E0A-BF18-ED8292BFE64E}.Release|Any CPU.ActiveCfg = Release|iPhone
		{D9841350-8382-4E0A-BF18-ED8292BFE64E}.Release|ARM.ActiveCfg = Release|iPhone
		{D9841350-8382-4E0A-BF18-ED8292BFE64E}.Release|iPhone.ActiveCfg = Release|iPhone
		{D9841350-8382-4E0A-BF18-ED8292BFE64E}.Release|iPhone.Build.0 = Release|iPhone
		{D9841350-8382-4E0A-BF18-ED8292BFE64E}.Release|iPhoneSimulator.ActiveCfg = Release|iPhoneSimulator
		{D9841350-8382-4E0A-BF18-ED8292BFE64E}.Release|iPhoneSimulator.Build.0 = Release|iPhoneSimulator
		{D9841350-8382-4E0A-BF18-ED8292BFE64E}.Release|x64.ActiveCfg = Release|iPhone
		{D9841350-8382-4E0A-BF18-ED8292BFE64E}.Release|x86.ActiveCfg = Release|iPhone
		{4231D921-3D6D-4B95-8706-5E01AD041990}.Ad-Hoc|Any CPU.ActiveCfg = Release|x86
		{4231D921-3D6D-4B95-8706-5E01AD041990}.Ad-Hoc|Any CPU.Build.0 = Release|x86
		{4231D921-3D6D-4B95-8706-5E01AD041990}.Ad-Hoc|Any CPU.Deploy.0 = Release|x86
		{4231D921-3D6D-4B95-8706-5E01AD041990}.Ad-Hoc|ARM.ActiveCfg = Release|ARM
		{4231D921-3D6D-4B95-8706-5E01AD041990}.Ad-Hoc|ARM.Build.0 = Release|ARM
		{4231D921-3D6D-4B95-8706-5E01AD041990}.Ad-Hoc|ARM.Deploy.0 = Release|ARM
		{4231D921-3D6D-4B95-8706-5E01AD041990}.Ad-Hoc|iPhone.ActiveCfg = Release|x86
		{4231D921-3D6D-4B95-8706-5E01AD041990}.Ad-Hoc|iPhone.Build.0 = Release|x86
		{4231D921-3D6D-4B95-8706-5E01AD041990}.Ad-Hoc|iPhone.Deploy.0 = Release|x86
		{4231D921-3D6D-4B95-8706-5E01AD041990}.Ad-Hoc|iPhoneSimulator.ActiveCfg = Release|x86
		{4231D921-3D6D-4B95-8706-5E01AD041990}.Ad-Hoc|iPhoneSimulator.Build.0 = Release|x86
		{4231D921-3D6D-4B95-8706-5E01AD041990}.Ad-Hoc|iPhoneSimulator.Deploy.0 = Release|x86
		{4231D921-3D6D-4B95-8706-5E01AD041990}.Ad-Hoc|x64.ActiveCfg = Release|x64
		{4231D921-3D6D-4B95-8706-5E01AD041990}.Ad-Hoc|x64.Build.0 = Release|x64
		{4231D921-3D6D-4B95-8706-5E01AD041990}.Ad-Hoc|x64.Deploy.0 = Release|x64
		{4231D921-3D6D-4B95-8706-5E01AD041990}.Ad-Hoc|x86.ActiveCfg = Release|x86
		{4231D921-3D6D-4B95-8706-5E01AD041990}.Ad-Hoc|x86.Build.0 = Release|x86
		{4231D921-3D6D-4B95-8706-5E01AD041990}.Ad-Hoc|x86.Deploy.0 = Release|x86
		{4231D921-3D6D-4B95-8706-5E01AD041990}.AppStore|Any CPU.ActiveCfg = Release|x86
		{4231D921-3D6D-4B95-8706-5E01AD041990}.AppStore|Any CPU.Build.0 = Release|x86
		{4231D921-3D6D-4B95-8706-5E01AD041990}.AppStore|Any CPU.Deploy.0 = Release|x86
		{4231D921-3D6D-4B95-8706-5E01AD041990}.AppStore|ARM.ActiveCfg = Release|ARM
		{4231D921-3D6D-4B95-8706-5E01AD041990}.AppStore|ARM.Build.0 = Release|ARM
		{4231D921-3D6D-4B95-8706-5E01AD041990}.AppStore|ARM.Deploy.0 = Release|ARM
		{4231D921-3D6D-4B95-8706-5E01AD041990}.AppStore|iPhone.ActiveCfg = Release|x86
		{4231D921-3D6D-4B95-8706-5E01AD041990}.AppStore|iPhone.Build.0 = Release|x86
		{4231D921-3D6D-4B95-8706-5E01AD041990}.AppStore|iPhone.Deploy.0 = Release|x86
		{4231D921-3D6D-4B95-8706-5E01AD041990}.AppStore|iPhoneSimulator.ActiveCfg = Release|x86
		{4231D921-3D6D-4B95-8706-5E01AD041990}.AppStore|iPhoneSimulator.Build.0 = Release|x86
		{4231D921-3D6D-4B95-8706-5E01AD041990}.AppStore|iPhoneSimulator.Deploy.0 = Release|x86
		{4231D921-3D6D-4B95-8706-5E01AD041990}.AppStore|x64.ActiveCfg = Release|x64
		{4231D921-3D6D-4B95-8706-5E01AD041990}.AppStore|x64.Build.0 = Release|x64
		{4231D921-3D6D-4B95-8706-5E01AD041990}.AppStore|x64.Deploy.0 = Release|x64
		{4231D921-3D6D-4B95-8706-5E01AD041990}.AppStore|x86.ActiveCfg = Release|x86
		{4231D921-3D6D-4B95-8706-5E01AD041990}.AppStore|x86.Build.0 = Release|x86
		{4231D921-3D6D-4B95-8706-5E01AD041990}.AppStore|x86.Deploy.0 = Release|x86
		{4231D921-3D6D-4B95-8706-5E01AD041990}.Debug|Any CPU.ActiveCfg = Debug|x86
		{4231D921-3D6D-4B95-8706-5E01AD041990}.Debug|ARM.ActiveCfg = Debug|ARM
		{4231D921-3D6D-4B95-8706-5E01AD041990}.Debug|ARM.Build.0 = Debug|ARM
		{4231D921-3D6D-4B95-8706-5E01AD041990}.Debug|ARM.Deploy.0 = Debug|ARM
		{4231D921-3D6D-4B95-8706-5E01AD041990}.Debug|iPhone.ActiveCfg = Debug|x86
		{4231D921-3D6D-4B95-8706-5E01AD041990}.Debug|iPhoneSimulator.ActiveCfg = Debug|x86
		{4231D921-3D6D-4B95-8706-5E01AD041990}.Debug|x64.ActiveCfg = Debug|x64
		{4231D921-3D6D-4B95-8706-5E01AD041990}.Debug|x64.Build.0 = Debug|x64
		{4231D921-3D6D-4B95-8706-5E01AD041990}.Debug|x64.Deploy.0 = Debug|x64
		{4231D921-3D6D-4B95-8706-5E01AD041990}.Debug|x86.ActiveCfg = Debug|x86
		{4231D921-3D6D-4B95-8706-5E01AD041990}.Debug|x86.Build.0 = Debug|x86
		{4231D921-3D6D-4B95-8706-5E01AD041990}.Debug|x86.Deploy.0 = Debug|x86
		{4231D921-3D6D-4B95-8706-5E01AD041990}.Release|Any CPU.ActiveCfg = Release|x86
		{4231D921-3D6D-4B95-8706-5E01AD041990}.Release|ARM.ActiveCfg = Release|ARM
		{4231D921-3D6D-4B95-8706-5E01AD041990}.Release|ARM.Build.0 = Release|ARM
		{4231D921-3D6D-4B95-8706-5E01AD041990}.Release|ARM.Deploy.0 = Release|ARM
		{4231D921-3D6D-4B95-8706-5E01AD041990}.Release|iPhone.ActiveCfg = Release|x86
		{4231D921-3D6D-4B95-8706-5E01AD041990}.Release|iPhoneSimulator.ActiveCfg = Release|x86
		{4231D921-3D6D-4B95-8706-5E01AD041990}.Release|x64.ActiveCfg = Release|x64
		{4231D921-3D6D-4B95-8706-5E01AD041990}.Release|x64.Build.0 = Release|x64
		{4231D921-3D6D-4B95-8706-5E01AD041990}.Release|x64.Deploy.0 = Release|x64
		{4231D921-3D6D-4B95-8706-5E01AD041990}.Release|x86.ActiveCfg = Release|x86
		{4231D921-3D6D-4B95-8706-5E01AD041990}.Release|x86.Build.0 = Release|x86
		{4231D921-3D6D-4B95-8706-5E01AD041990}.Release|x86.Deploy.0 = Release|x86
	EndGlobalSection
	GlobalSection(SolutionProperties) = preSolution
		HideSolutionNode = FALSE
	EndGlobalSection
	GlobalSection(ExtensibilityGlobals) = postSolution
		SolutionGuid = {C6BD5946-5A36-4BD6-9AEA-1A89D8916E66}
	EndGlobalSection
EndGlobal
