
Microsoft Visual Studio Solution File, Format Version 12.00
# Visual Studio 15
VisualStudioVersion = 15.0.27004.2009
MinimumVisualStudioVersion = 10.0.40219.1
Project("{FAE04EC0-301F-11D3-BF4B-00C04F79EFBC}") = "XFDataBinding", "XFDataBinding\XFDataBinding\XFDataBinding.csproj", "{B60AEFF3-E9C5-4A09-8243-CBA47219C681}"
EndProject
Project("{FAE04EC0-301F-11D3-BF4B-00C04F79EFBC}") = "XFDataBinding.Android", "XFDataBinding\XFDataBinding.Android\XFDataBinding.Android.csproj", "{75B93DD3-D42C-47A1-B2E9-8210778542AF}"
EndProject
Project("{FAE04EC0-301F-11D3-BF4B-00C04F79EFBC}") = "XFDataBinding.iOS", "XFDataBinding\XFDataBinding.iOS\XFDataBinding.iOS.csproj", "{05DB8EBE-EC24-4CF6-B83D-27F8A7BAE041}"
EndProject
Project("{FAE04EC0-301F-11D3-BF4B-00C04F79EFBC}") = "XFDataBinding.UWP", "XFDataBinding\XFDataBinding.UWP\XFDataBinding.UWP.csproj", "{B2B88950-63C8-4366-8E89-202AA0FE9E23}"
EndProject
Global
	GlobalSection(SolutionConfigurationPlatforms) = preSolution
		Ad-Hoc|Any CPU = Ad-Hoc|Any CPU
		Ad-Hoc|ARM = Ad-Hoc|ARM
		Ad-Hoc|iPhone = Ad-Hoc|iPhone
		Ad-Hoc|iPhoneSimulator = Ad-Hoc|iPhoneSimulator
		Ad-Hoc|x64 = Ad-Hoc|x64
		Ad-Hoc|x86 = Ad-Hoc|x86
		AppStore|Any CPU = AppStore|Any CPU
		AppStore|ARM = AppStore|ARM
		AppStore|iPhone = AppStore|iPhone
		AppStore|iPhoneSimulator = AppStore|iPhoneSimulator
		AppStore|x64 = AppStore|x64
		AppStore|x86 = AppStore|x86
		Debug|Any CPU = Debug|Any CPU
		Debug|ARM = Debug|ARM
		Debug|iPhone = Debug|iPhone
		Debug|iPhoneSimulator = Debug|iPhoneSimulator
		Debug|x64 = Debug|x64
		Debug|x86 = Debug|x86
		Release|Any CPU = Release|Any CPU
		Release|ARM = Release|ARM
		Release|iPhone = Release|iPhone
		Release|iPhoneSimulator = Release|iPhoneSimulator
		Release|x64 = Release|x64
		Release|x86 = Release|x86
	EndGlobalSection
	GlobalSection(ProjectConfigurationPlatforms) = postSolution
		{B60AEFF3-E9C5-4A09-8243-CBA47219C681}.Ad-Hoc|Any CPU.ActiveCfg = Debug|Any CPU
		{B60AEFF3-E9C5-4A09-8243-CBA47219C681}.Ad-Hoc|Any CPU.Build.0 = Debug|Any CPU
		{B60AEFF3-E9C5-4A09-8243-CBA47219C681}.Ad-Hoc|ARM.ActiveCfg = Debug|Any CPU
		{B60AEFF3-E9C5-4A09-8243-CBA47219C681}.Ad-Hoc|ARM.Build.0 = Debug|Any CPU
		{B60AEFF3-E9C5-4A09-8243-CBA47219C681}.Ad-Hoc|iPhone.ActiveCfg = Debug|Any CPU
		{B60AEFF3-E9C5-4A09-8243-CBA47219C681}.Ad-Hoc|iPhone.Build.0 = Debug|Any CPU
		{B60AEFF3-E9C5-4A09-8243-CBA47219C681}.Ad-Hoc|iPhoneSimulator.ActiveCfg = Debug|Any CPU
		{B60AEFF3-E9C5-4A09-8243-CBA47219C681}.Ad-Hoc|iPhoneSimulator.Build.0 = Debug|Any CPU
		{B60AEFF3-E9C5-4A09-8243-CBA47219C681}.Ad-Hoc|x64.ActiveCfg = Debug|Any CPU
		{B60AEFF3-E9C5-4A09-8243-CBA47219C681}.Ad-Hoc|x64.Build.0 = Debug|Any CPU
		{B60AEFF3-E9C5-4A09-8243-CBA47219C681}.Ad-Hoc|x86.ActiveCfg = Debug|Any CPU
		{B60AEFF3-E9C5-4A09-8243-CBA47219C681}.Ad-Hoc|x86.Build.0 = Debug|Any CPU
		{B60AEFF3-E9C5-4A09-8243-CBA47219C681}.AppStore|Any CPU.ActiveCfg = Debug|Any CPU
		{B60AEFF3-E9C5-4A09-8243-CBA47219C681}.AppStore|Any CPU.Build.0 = Debug|Any CPU
		{B60AEFF3-E9C5-4A09-8243-CBA47219C681}.AppStore|ARM.ActiveCfg = Debug|Any CPU
		{B60AEFF3-E9C5-4A09-8243-CBA47219C681}.AppStore|ARM.Build.0 = Debug|Any CPU
		{B60AEFF3-E9C5-4A09-8243-CBA47219C681}.AppStore|iPhone.ActiveCfg = Debug|Any CPU
		{B60AEFF3-E9C5-4A09-8243-CBA47219C681}.AppStore|iPhone.Build.0 = Debug|Any CPU
		{B60AEFF3-E9C5-4A09-8243-CBA47219C681}.AppStore|iPhoneSimulator.ActiveCfg = Debug|Any CPU
		{B60AEFF3-E9C5-4A09-8243-CBA47219C681}.AppStore|iPhoneSimulator.Build.0 = Debug|Any CPU
		{B60AEFF3-E9C5-4A09-8243-CBA47219C681}.AppStore|x64.ActiveCfg = Debug|Any CPU
		{B60AEFF3-E9C5-4A09-8243-CBA47219C681}.AppStore|x64.Build.0 = Debug|Any CPU
		{B60AEFF3-E9C5-4A09-8243-CBA47219C681}.AppStore|x86.ActiveCfg = Debug|Any CPU
		{B60AEFF3-E9C5-4A09-8243-CBA47219C681}.AppStore|x86.Build.0 = Debug|Any CPU
		{B60AEFF3-E9C5-4A09-8243-CBA47219C681}.Debug|Any CPU.ActiveCfg = Debug|Any CPU
		{B60AEFF3-E9C5-4A09-8243-CBA47219C681}.Debug|Any CPU.Build.0 = Debug|Any CPU
		{B60AEFF3-E9C5-4A09-8243-CBA47219C681}.Debug|ARM.ActiveCfg = Debug|Any CPU
		{B60AEFF3-E9C5-4A09-8243-CBA47219C681}.Debug|ARM.Build.0 = Debug|Any CPU
		{B60AEFF3-E9C5-4A09-8243-CBA47219C681}.Debug|iPhone.ActiveCfg = Debug|Any CPU
		{B60AEFF3-E9C5-4A09-8243-CBA47219C681}.Debug|iPhone.Build.0 = Debug|Any CPU
		{B60AEFF3-E9C5-4A09-8243-CBA47219C681}.Debug|iPhoneSimulator.ActiveCfg = Debug|Any CPU
		{B60AEFF3-E9C5-4A09-8243-CBA47219C681}.Debug|iPhoneSimulator.Build.0 = Debug|Any CPU
		{B60AEFF3-E9C5-4A09-8243-CBA47219C681}.Debug|x64.ActiveCfg = Debug|Any CPU
		{B60AEFF3-E9C5-4A09-8243-CBA47219C681}.Debug|x64.Build.0 = Debug|Any CPU
		{B60AEFF3-E9C5-4A09-8243-CBA47219C681}.Debug|x86.ActiveCfg = Debug|Any CPU
		{B60AEFF3-E9C5-4A09-8243-CBA47219C681}.Debug|x86.Build.0 = Debug|Any CPU
		{B60AEFF3-E9C5-4A09-8243-CBA47219C681}.Release|Any CPU.ActiveCfg = Release|Any CPU
		{B60AEFF3-E9C5-4A09-8243-CBA47219C681}.Release|Any CPU.Build.0 = Release|Any CPU
		{B60AEFF3-E9C5-4A09-8243-CBA47219C681}.Release|ARM.ActiveCfg = Release|Any CPU
		{B60AEFF3-E9C5-4A09-8243-CBA47219C681}.Release|ARM.Build.0 = Release|Any CPU
		{B60AEFF3-E9C5-4A09-8243-CBA47219C681}.Release|iPhone.ActiveCfg = Release|Any CPU
		{B60AEFF3-E9C5-4A09-8243-CBA47219C681}.Release|iPhone.Build.0 = Release|Any CPU
		{B60AEFF3-E9C5-4A09-8243-CBA47219C681}.Release|iPhoneSimulator.ActiveCfg = Release|Any CPU
		{B60AEFF3-E9C5-4A09-8243-CBA47219C681}.Release|iPhoneSimulator.Build.0 = Release|Any CPU
		{B60AEFF3-E9C5-4A09-8243-CBA47219C681}.Release|x64.ActiveCfg = Release|Any CPU
		{B60AEFF3-E9C5-4A09-8243-CBA47219C681}.Release|x64.Build.0 = Release|Any CPU
		{B60AEFF3-E9C5-4A09-8243-CBA47219C681}.Release|x86.ActiveCfg = Release|Any CPU
		{B60AEFF3-E9C5-4A09-8243-CBA47219C681}.Release|x86.Build.0 = Release|Any CPU
		{75B93DD3-D42C-47A1-B2E9-8210778542AF}.Ad-Hoc|Any CPU.ActiveCfg = Release|Any CPU
		{75B93DD3-D42C-47A1-B2E9-8210778542AF}.Ad-Hoc|Any CPU.Build.0 = Release|Any CPU
		{75B93DD3-D42C-47A1-B2E9-8210778542AF}.Ad-Hoc|Any CPU.Deploy.0 = Release|Any CPU
		{75B93DD3-D42C-47A1-B2E9-8210778542AF}.Ad-Hoc|ARM.ActiveCfg = Release|Any CPU
		{75B93DD3-D42C-47A1-B2E9-8210778542AF}.Ad-Hoc|ARM.Build.0 = Release|Any CPU
		{75B93DD3-D42C-47A1-B2E9-8210778542AF}.Ad-Hoc|ARM.Deploy.0 = Release|Any CPU
		{75B93DD3-D42C-47A1-B2E9-8210778542AF}.Ad-Hoc|iPhone.ActiveCfg = Release|Any CPU
		{75B93DD3-D42C-47A1-B2E9-8210778542AF}.Ad-Hoc|iPhone.Build.0 = Release|Any CPU
		{75B93DD3-D42C-47A1-B2E9-8210778542AF}.Ad-Hoc|iPhone.Deploy.0 = Release|Any CPU
		{75B93DD3-D42C-47A1-B2E9-8210778542AF}.Ad-Hoc|iPhoneSimulator.ActiveCfg = Release|Any CPU
		{75B93DD3-D42C-47A1-B2E9-8210778542AF}.Ad-Hoc|iPhoneSimulator.Build.0 = Release|Any CPU
		{75B93DD3-D42C-47A1-B2E9-8210778542AF}.Ad-Hoc|iPhoneSimulator.Deploy.0 = Release|Any CPU
		{75B93DD3-D42C-47A1-B2E9-8210778542AF}.Ad-Hoc|x64.ActiveCfg = Release|Any CPU
		{75B93DD3-D42C-47A1-B2E9-8210778542AF}.Ad-Hoc|x64.Build.0 = Release|Any CPU
		{75B93DD3-D42C-47A1-B2E9-8210778542AF}.Ad-Hoc|x64.Deploy.0 = Release|Any CPU
		{75B93DD3-D42C-47A1-B2E9-8210778542AF}.Ad-Hoc|x86.ActiveCfg = Release|Any CPU
		{75B93DD3-D42C-47A1-B2E9-8210778542AF}.Ad-Hoc|x86.Build.0 = Release|Any CPU
		{75B93DD3-D42C-47A1-B2E9-8210778542AF}.Ad-Hoc|x86.Deploy.0 = Release|Any CPU
		{75B93DD3-D42C-47A1-B2E9-8210778542AF}.AppStore|Any CPU.ActiveCfg = Release|Any CPU
		{75B93DD3-D42C-47A1-B2E9-8210778542AF}.AppStore|Any CPU.Build.0 = Release|Any CPU
		{75B93DD3-D42C-47A1-B2E9-8210778542AF}.AppStore|Any CPU.Deploy.0 = Release|Any CPU
		{75B93DD3-D42C-47A1-B2E9-8210778542AF}.AppStore|ARM.ActiveCfg = Release|Any CPU
		{75B93DD3-D42C-47A1-B2E9-8210778542AF}.AppStore|ARM.Build.0 = Release|Any CPU
		{75B93DD3-D42C-47A1-B2E9-8210778542AF}.AppStore|ARM.Deploy.0 = Release|Any CPU
		{75B93DD3-D42C-47A1-B2E9-8210778542AF}.AppStore|iPhone.ActiveCfg = Release|Any CPU
		{75B93DD3-D42C-47A1-B2E9-8210778542AF}.AppStore|iPhone.Build.0 = Release|Any CPU
		{75B93DD3-D42C-47A1-B2E9-8210778542AF}.AppStore|iPhone.Deploy.0 = Release|Any CPU
		{75B93DD3-D42C-47A1-B2E9-8210778542AF}.AppStore|iPhoneSimulator.ActiveCfg = Release|Any CPU
		{75B93DD3-D42C-47A1-B2E9-8210778542AF}.AppStore|iPhoneSimulator.Build.0 = Release|Any CPU
		{75B93DD3-D42C-47A1-B2E9-8210778542AF}.AppStore|iPhoneSimulator.Deploy.0 = Release|Any CPU
		{75B93DD3-D42C-47A1-B2E9-8210778542AF}.AppStore|x64.ActiveCfg = Release|Any CPU
		{75B93DD3-D42C-47A1-B2E9-8210778542AF}.AppStore|x64.Build.0 = Release|Any CPU
		{75B93DD3-D42C-47A1-B2E9-8210778542AF}.AppStore|x64.Deploy.0 = Release|Any CPU
		{75B93DD3-D42C-47A1-B2E9-8210778542AF}.AppStore|x86.ActiveCfg = Release|Any CPU
		{75B93DD3-D42C-47A1-B2E9-8210778542AF}.AppStore|x86.Build.0 = Release|Any CPU
		{75B93DD3-D42C-47A1-B2E9-8210778542AF}.AppStore|x86.Deploy.0 = Release|Any CPU
		{75B93DD3-D42C-47A1-B2E9-8210778542AF}.Debug|Any CPU.ActiveCfg = Debug|Any CPU
		{75B93DD3-D42C-47A1-B2E9-8210778542AF}.Debug|Any CPU.Build.0 = Debug|Any CPU
		{75B93DD3-D42C-47A1-B2E9-8210778542AF}.Debug|Any CPU.Deploy.0 = Debug|Any CPU
		{75B93DD3-D42C-47A1-B2E9-8210778542AF}.Debug|ARM.ActiveCfg = Debug|Any CPU
		{75B93DD3-D42C-47A1-B2E9-8210778542AF}.Debug|ARM.Build.0 = Debug|Any CPU
		{75B93DD3-D42C-47A1-B2E9-8210778542AF}.Debug|ARM.Deploy.0 = Debug|Any CPU
		{75B93DD3-D42C-47A1-B2E9-8210778542AF}.Debug|iPhone.ActiveCfg = Debug|Any CPU
		{75B93DD3-D42C-47A1-B2E9-8210778542AF}.Debug|iPhone.Build.0 = Debug|Any CPU
		{75B93DD3-D42C-47A1-B2E9-8210778542AF}.Debug|iPhone.Deploy.0 = Debug|Any CPU
		{75B93DD3-D42C-47A1-B2E9-8210778542AF}.Debug|iPhoneSimulator.ActiveCfg = Debug|Any CPU
		{75B93DD3-D42C-47A1-B2E9-8210778542AF}.Debug|iPhoneSimulator.Build.0 = Debug|Any CPU
		{75B93DD3-D42C-47A1-B2E9-8210778542AF}.Debug|iPhoneSimulator.Deploy.0 = Debug|Any CPU
		{75B93DD3-D42C-47A1-B2E9-8210778542AF}.Debug|x64.ActiveCfg = Debug|Any CPU
		{75B93DD3-D42C-47A1-B2E9-8210778542AF}.Debug|x64.Build.0 = Debug|Any CPU
		{75B93DD3-D42C-47A1-B2E9-8210778542AF}.Debug|x64.Deploy.0 = Debug|Any CPU
		{75B93DD3-D42C-47A1-B2E9-8210778542AF}.Debug|x86.ActiveCfg = Debug|Any CPU
		{75B93DD3-D42C-47A1-B2E9-8210778542AF}.Debug|x86.Build.0 = Debug|Any CPU
		{75B93DD3-D42C-47A1-B2E9-8210778542AF}.Debug|x86.Deploy.0 = Debug|Any CPU
		{75B93DD3-D42C-47A1-B2E9-8210778542AF}.Release|Any CPU.ActiveCfg = Release|Any CPU
		{75B93DD3-D42C-47A1-B2E9-8210778542AF}.Release|Any CPU.Build.0 = Release|Any CPU
		{75B93DD3-D42C-47A1-B2E9-8210778542AF}.Release|Any CPU.Deploy.0 = Release|Any CPU
		{75B93DD3-D42C-47A1-B2E9-8210778542AF}.Release|ARM.ActiveCfg = Release|Any CPU
		{75B93DD3-D42C-47A1-B2E9-8210778542AF}.Release|ARM.Build.0 = Release|Any CPU
		{75B93DD3-D42C-47A1-B2E9-8210778542AF}.Release|ARM.Deploy.0 = Release|Any CPU
		{75B93DD3-D42C-47A1-B2E9-8210778542AF}.Release|iPhone.ActiveCfg = Release|Any CPU
		{75B93DD3-D42C-47A1-B2E9-8210778542AF}.Release|iPhone.Build.0 = Release|Any CPU
		{75B93DD3-D42C-47A1-B2E9-8210778542AF}.Release|iPhone.Deploy.0 = Release|Any CPU
		{75B93DD3-D42C-47A1-B2E9-8210778542AF}.Release|iPhoneSimulator.ActiveCfg = Release|Any CPU
		{75B93DD3-D42C-47A1-B2E9-8210778542AF}.Release|iPhoneSimulator.Build.0 = Release|Any CPU
		{75B93DD3-D42C-47A1-B2E9-8210778542AF}.Release|iPhoneSimulator.Deploy.0 = Release|Any CPU
		{75B93DD3-D42C-47A1-B2E9-8210778542AF}.Release|x64.ActiveCfg = Release|Any CPU
		{75B93DD3-D42C-47A1-B2E9-8210778542AF}.Release|x64.Build.0 = Release|Any CPU
		{75B93DD3-D42C-47A1-B2E9-8210778542AF}.Release|x64.Deploy.0 = Release|Any CPU
		{75B93DD3-D42C-47A1-B2E9-8210778542AF}.Release|x86.ActiveCfg = Release|Any CPU
		{75B93DD3-D42C-47A1-B2E9-8210778542AF}.Release|x86.Build.0 = Release|Any CPU
		{75B93DD3-D42C-47A1-B2E9-8210778542AF}.Release|x86.Deploy.0 = Release|Any CPU
		{05DB8EBE-EC24-4CF6-B83D-27F8A7BAE041}.Ad-Hoc|Any CPU.ActiveCfg = Ad-Hoc|iPhone
		{05DB8EBE-EC24-4CF6-B83D-27F8A7BAE041}.Ad-Hoc|ARM.ActiveCfg = Ad-Hoc|iPhone
		{05DB8EBE-EC24-4CF6-B83D-27F8A7BAE041}.Ad-Hoc|iPhone.ActiveCfg = Ad-Hoc|iPhone
		{05DB8EBE-EC24-4CF6-B83D-27F8A7BAE041}.Ad-Hoc|iPhone.Build.0 = Ad-Hoc|iPhone
		{05DB8EBE-EC24-4CF6-B83D-27F8A7BAE041}.Ad-Hoc|iPhoneSimulator.ActiveCfg = Ad-Hoc|iPhoneSimulator
		{05DB8EBE-EC24-4CF6-B83D-27F8A7BAE041}.Ad-Hoc|iPhoneSimulator.Build.0 = Ad-Hoc|iPhoneSimulator
		{05DB8EBE-EC24-4CF6-B83D-27F8A7BAE041}.Ad-Hoc|x64.ActiveCfg = Ad-Hoc|iPhone
		{05DB8EBE-EC24-4CF6-B83D-27F8A7BAE041}.Ad-Hoc|x86.ActiveCfg = Ad-Hoc|iPhone
		{05DB8EBE-EC24-4CF6-B83D-27F8A7BAE041}.AppStore|Any CPU.ActiveCfg = AppStore|iPhone
		{05DB8EBE-EC24-4CF6-B83D-27F8A7BAE041}.AppStore|ARM.ActiveCfg = AppStore|iPhone
		{05DB8EBE-EC24-4CF6-B83D-27F8A7BAE041}.AppStore|iPhone.ActiveCfg = AppStore|iPhone
		{05DB8EBE-EC24-4CF6-B83D-27F8A7BAE041}.AppStore|iPhone.Build.0 = AppStore|iPhone
		{05DB8EBE-EC24-4CF6-B83D-27F8A7BAE041}.AppStore|iPhoneSimulator.ActiveCfg = AppStore|iPhoneSimulator
		{05DB8EBE-EC24-4CF6-B83D-27F8A7BAE041}.AppStore|iPhoneSimulator.Build.0 = AppStore|iPhoneSimulator
		{05DB8EBE-EC24-4CF6-B83D-27F8A7BAE041}.AppStore|x64.ActiveCfg = AppStore|iPhone
		{05DB8EBE-EC24-4CF6-B83D-27F8A7BAE041}.AppStore|x86.ActiveCfg = AppStore|iPhone
		{05DB8EBE-EC24-4CF6-B83D-27F8A7BAE041}.Debug|Any CPU.ActiveCfg = Debug|iPhone
		{05DB8EBE-EC24-4CF6-B83D-27F8A7BAE041}.Debug|ARM.ActiveCfg = Debug|iPhone
		{05DB8EBE-EC24-4CF6-B83D-27F8A7BAE041}.Debug|iPhone.ActiveCfg = Debug|iPhone
		{05DB8EBE-EC24-4CF6-B83D-27F8A7BAE041}.Debug|iPhone.Build.0 = Debug|iPhone
		{05DB8EBE-EC24-4CF6-B83D-27F8A7BAE041}.Debug|iPhoneSimulator.ActiveCfg = Debug|iPhoneSimulator
		{05DB8EBE-EC24-4CF6-B83D-27F8A7BAE041}.Debug|iPhoneSimulator.Build.0 = Debug|iPhoneSimulator
		{05DB8EBE-EC24-4CF6-B83D-27F8A7BAE041}.Debug|x64.ActiveCfg = Debug|iPhone
		{05DB8EBE-EC24-4CF6-B83D-27F8A7BAE041}.Debug|x86.ActiveCfg = Debug|iPhone
		{05DB8EBE-EC24-4CF6-B83D-27F8A7BAE041}.Release|Any CPU.ActiveCfg = Release|iPhone
		{05DB8EBE-EC24-4CF6-B83D-27F8A7BAE041}.Release|ARM.ActiveCfg = Release|iPhone
		{05DB8EBE-EC24-4CF6-B83D-27F8A7BAE041}.Release|iPhone.ActiveCfg = Release|iPhone
		{05DB8EBE-EC24-4CF6-B83D-27F8A7BAE041}.Release|iPhone.Build.0 = Release|iPhone
		{05DB8EBE-EC24-4CF6-B83D-27F8A7BAE041}.Release|iPhoneSimulator.ActiveCfg = Release|iPhoneSimulator
		{05DB8EBE-EC24-4CF6-B83D-27F8A7BAE041}.Release|iPhoneSimulator.Build.0 = Release|iPhoneSimulator
		{05DB8EBE-EC24-4CF6-B83D-27F8A7BAE041}.Release|x64.ActiveCfg = Release|iPhone
		{05DB8EBE-EC24-4CF6-B83D-27F8A7BAE041}.Release|x86.ActiveCfg = Release|iPhone
		{B2B88950-63C8-4366-8E89-202AA0FE9E23}.Ad-Hoc|Any CPU.ActiveCfg = Release|x86
		{B2B88950-63C8-4366-8E89-202AA0FE9E23}.Ad-Hoc|Any CPU.Build.0 = Release|x86
		{B2B88950-63C8-4366-8E89-202AA0FE9E23}.Ad-Hoc|Any CPU.Deploy.0 = Release|x86
		{B2B88950-63C8-4366-8E89-202AA0FE9E23}.Ad-Hoc|ARM.ActiveCfg = Release|ARM
		{B2B88950-63C8-4366-8E89-202AA0FE9E23}.Ad-Hoc|ARM.Build.0 = Release|ARM
		{B2B88950-63C8-4366-8E89-202AA0FE9E23}.Ad-Hoc|ARM.Deploy.0 = Release|ARM
		{B2B88950-63C8-4366-8E89-202AA0FE9E23}.Ad-Hoc|iPhone.ActiveCfg = Release|x86
		{B2B88950-63C8-4366-8E89-202AA0FE9E23}.Ad-Hoc|iPhone.Build.0 = Release|x86
		{B2B88950-63C8-4366-8E89-202AA0FE9E23}.Ad-Hoc|iPhone.Deploy.0 = Release|x86
		{B2B88950-63C8-4366-8E89-202AA0FE9E23}.Ad-Hoc|iPhoneSimulator.ActiveCfg = Release|x86
		{B2B88950-63C8-4366-8E89-202AA0FE9E23}.Ad-Hoc|iPhoneSimulator.Build.0 = Release|x86
		{B2B88950-63C8-4366-8E89-202AA0FE9E23}.Ad-Hoc|iPhoneSimulator.Deploy.0 = Release|x86
		{B2B88950-63C8-4366-8E89-202AA0FE9E23}.Ad-Hoc|x64.ActiveCfg = Release|x64
		{B2B88950-63C8-4366-8E89-202AA0FE9E23}.Ad-Hoc|x64.Build.0 = Release|x64
		{B2B88950-63C8-4366-8E89-202AA0FE9E23}.Ad-Hoc|x64.Deploy.0 = Release|x64
		{B2B88950-63C8-4366-8E89-202AA0FE9E23}.Ad-Hoc|x86.ActiveCfg = Release|x86
		{B2B88950-63C8-4366-8E89-202AA0FE9E23}.Ad-Hoc|x86.Build.0 = Release|x86
		{B2B88950-63C8-4366-8E89-202AA0FE9E23}.Ad-Hoc|x86.Deploy.0 = Release|x86
		{B2B88950-63C8-4366-8E89-202AA0FE9E23}.AppStore|Any CPU.ActiveCfg = Release|x86
		{B2B88950-63C8-4366-8E89-202AA0FE9E23}.AppStore|Any CPU.Build.0 = Release|x86
		{B2B88950-63C8-4366-8E89-202AA0FE9E23}.AppStore|Any CPU.Deploy.0 = Release|x86
		{B2B88950-63C8-4366-8E89-202AA0FE9E23}.AppStore|ARM.ActiveCfg = Release|ARM
		{B2B88950-63C8-4366-8E89-202AA0FE9E23}.AppStore|ARM.Build.0 = Release|ARM
		{B2B88950-63C8-4366-8E89-202AA0FE9E23}.AppStore|ARM.Deploy.0 = Release|ARM
		{B2B88950-63C8-4366-8E89-202AA0FE9E23}.AppStore|iPhone.ActiveCfg = Release|x86
		{B2B88950-63C8-4366-8E89-202AA0FE9E23}.AppStore|iPhone.Build.0 = Release|x86
		{B2B88950-63C8-4366-8E89-202AA0FE9E23}.AppStore|iPhone.Deploy.0 = Release|x86
		{B2B88950-63C8-4366-8E89-202AA0FE9E23}.AppStore|iPhoneSimulator.ActiveCfg = Release|x86
		{B2B88950-63C8-4366-8E89-202AA0FE9E23}.AppStore|iPhoneSimulator.Build.0 = Release|x86
		{B2B88950-63C8-4366-8E89-202AA0FE9E23}.AppStore|iPhoneSimulator.Deploy.0 = Release|x86
		{B2B88950-63C8-4366-8E89-202AA0FE9E23}.AppStore|x64.ActiveCfg = Release|x64
		{B2B88950-63C8-4366-8E89-202AA0FE9E23}.AppStore|x64.Build.0 = Release|x64
		{B2B88950-63C8-4366-8E89-202AA0FE9E23}.AppStore|x64.Deploy.0 = Release|x64
		{B2B88950-63C8-4366-8E89-202AA0FE9E23}.AppStore|x86.ActiveCfg = Release|x86
		{B2B88950-63C8-4366-8E89-202AA0FE9E23}.AppStore|x86.Build.0 = Release|x86
		{B2B88950-63C8-4366-8E89-202AA0FE9E23}.AppStore|x86.Deploy.0 = Release|x86
		{B2B88950-63C8-4366-8E89-202AA0FE9E23}.Debug|Any CPU.ActiveCfg = Debug|x86
		{B2B88950-63C8-4366-8E89-202AA0FE9E23}.Debug|ARM.ActiveCfg = Debug|ARM
		{B2B88950-63C8-4366-8E89-202AA0FE9E23}.Debug|ARM.Build.0 = Debug|ARM
		{B2B88950-63C8-4366-8E89-202AA0FE9E23}.Debug|ARM.Deploy.0 = Debug|ARM
		{B2B88950-63C8-4366-8E89-202AA0FE9E23}.Debug|iPhone.ActiveCfg = Debug|x86
		{B2B88950-63C8-4366-8E89-202AA0FE9E23}.Debug|iPhoneSimulator.ActiveCfg = Debug|x86
		{B2B88950-63C8-4366-8E89-202AA0FE9E23}.Debug|x64.ActiveCfg = Debug|x64
		{B2B88950-63C8-4366-8E89-202AA0FE9E23}.Debug|x64.Build.0 = Debug|x64
		{B2B88950-63C8-4366-8E89-202AA0FE9E23}.Debug|x64.Deploy.0 = Debug|x64
		{B2B88950-63C8-4366-8E89-202AA0FE9E23}.Debug|x86.ActiveCfg = Debug|x86
		{B2B88950-63C8-4366-8E89-202AA0FE9E23}.Debug|x86.Build.0 = Debug|x86
		{B2B88950-63C8-4366-8E89-202AA0FE9E23}.Debug|x86.Deploy.0 = Debug|x86
		{B2B88950-63C8-4366-8E89-202AA0FE9E23}.Release|Any CPU.ActiveCfg = Release|x86
		{B2B88950-63C8-4366-8E89-202AA0FE9E23}.Release|ARM.ActiveCfg = Release|ARM
		{B2B88950-63C8-4366-8E89-202AA0FE9E23}.Release|ARM.Build.0 = Release|ARM
		{B2B88950-63C8-4366-8E89-202AA0FE9E23}.Release|ARM.Deploy.0 = Release|ARM
		{B2B88950-63C8-4366-8E89-202AA0FE9E23}.Release|iPhone.ActiveCfg = Release|x86
		{B2B88950-63C8-4366-8E89-202AA0FE9E23}.Release|iPhoneSimulator.ActiveCfg = Release|x86
		{B2B88950-63C8-4366-8E89-202AA0FE9E23}.Release|x64.ActiveCfg = Release|x64
		{B2B88950-63C8-4366-8E89-202AA0FE9E23}.Release|x64.Build.0 = Release|x64
		{B2B88950-63C8-4366-8E89-202AA0FE9E23}.Release|x64.Deploy.0 = Release|x64
		{B2B88950-63C8-4366-8E89-202AA0FE9E23}.Release|x86.ActiveCfg = Release|x86
		{B2B88950-63C8-4366-8E89-202AA0FE9E23}.Release|x86.Build.0 = Release|x86
		{B2B88950-63C8-4366-8E89-202AA0FE9E23}.Release|x86.Deploy.0 = Release|x86
	EndGlobalSection
	GlobalSection(SolutionProperties) = preSolution
		HideSolutionNode = FALSE
	EndGlobalSection
	GlobalSection(ExtensibilityGlobals) = postSolution
		SolutionGuid = {39ED94EF-E362-436E-B42C-DE44568BE031}
	EndGlobalSection
EndGlobal
