
Microsoft Visual Studio Solution File, Format Version 12.00
# Visual Studio 15
VisualStudioVersion = 15.0.27004.2009
MinimumVisualStudioVersion = 10.0.40219.1
Project("{FAE04EC0-301F-11D3-BF4B-00C04F79EFBC}") = "XFNaviPara", "XFNaviPara\XFNaviPara\XFNaviPara.csproj", "{55CE536E-B7B8-4303-BBE6-77AB1BDDC775}"
EndProject
Project("{FAE04EC0-301F-11D3-BF4B-00C04F79EFBC}") = "XFNaviPara.Android", "XFNaviPara\XFNaviPara.Android\XFNaviPara.Android.csproj", "{FA5BCFAB-6392-4A1D-913B-B057D2C92F4B}"
EndProject
Project("{FAE04EC0-301F-11D3-BF4B-00C04F79EFBC}") = "XFNaviPara.iOS", "XFNaviPara\XFNaviPara.iOS\XFNaviPara.iOS.csproj", "{87F60B0D-02D0-4B74-AAEB-0CBF05A735B5}"
EndProject
Global
	GlobalSection(SolutionConfigurationPlatforms) = preSolution
		Ad-Hoc|Any CPU = Ad-Hoc|Any CPU
		Ad-Hoc|iPhone = Ad-Hoc|iPhone
		Ad-Hoc|iPhoneSimulator = Ad-Hoc|iPhoneSimulator
		AppStore|Any CPU = AppStore|Any CPU
		AppStore|iPhone = AppStore|iPhone
		AppStore|iPhoneSimulator = AppStore|iPhoneSimulator
		Debug|Any CPU = Debug|Any CPU
		Debug|iPhone = Debug|iPhone
		Debug|iPhoneSimulator = Debug|iPhoneSimulator
		Release|Any CPU = Release|Any CPU
		Release|iPhone = Release|iPhone
		Release|iPhoneSimulator = Release|iPhoneSimulator
	EndGlobalSection
	GlobalSection(ProjectConfigurationPlatforms) = postSolution
		{55CE536E-B7B8-4303-BBE6-77AB1BDDC775}.Ad-Hoc|Any CPU.ActiveCfg = Debug|Any CPU
		{55CE536E-B7B8-4303-BBE6-77AB1BDDC775}.Ad-Hoc|Any CPU.Build.0 = Debug|Any CPU
		{55CE536E-B7B8-4303-BBE6-77AB1BDDC775}.Ad-Hoc|iPhone.ActiveCfg = Debug|Any CPU
		{55CE536E-B7B8-4303-BBE6-77AB1BDDC775}.Ad-Hoc|iPhone.Build.0 = Debug|Any CPU
		{55CE536E-B7B8-4303-BBE6-77AB1BDDC775}.Ad-Hoc|iPhoneSimulator.ActiveCfg = Debug|Any CPU
		{55CE536E-B7B8-4303-BBE6-77AB1BDDC775}.Ad-Hoc|iPhoneSimulator.Build.0 = Debug|Any CPU
		{55CE536E-B7B8-4303-BBE6-77AB1BDDC775}.AppStore|Any CPU.ActiveCfg = Debug|Any CPU
		{55CE536E-B7B8-4303-BBE6-77AB1BDDC775}.AppStore|Any CPU.Build.0 = Debug|Any CPU
		{55CE536E-B7B8-4303-BBE6-77AB1BDDC775}.AppStore|iPhone.ActiveCfg = Debug|Any CPU
		{55CE536E-B7B8-4303-BBE6-77AB1BDDC775}.AppStore|iPhone.Build.0 = Debug|Any CPU
		{55CE536E-B7B8-4303-BBE6-77AB1BDDC775}.AppStore|iPhoneSimulator.ActiveCfg = Debug|Any CPU
		{55CE536E-B7B8-4303-BBE6-77AB1BDDC775}.AppStore|iPhoneSimulator.Build.0 = Debug|Any CPU
		{55CE536E-B7B8-4303-BBE6-77AB1BDDC775}.Debug|Any CPU.ActiveCfg = Debug|Any CPU
		{55CE536E-B7B8-4303-BBE6-77AB1BDDC775}.Debug|Any CPU.Build.0 = Debug|Any CPU
		{55CE536E-B7B8-4303-BBE6-77AB1BDDC775}.Debug|iPhone.ActiveCfg = Debug|Any CPU
		{55CE536E-B7B8-4303-BBE6-77AB1BDDC775}.Debug|iPhone.Build.0 = Debug|Any CPU
		{55CE536E-B7B8-4303-BBE6-77AB1BDDC775}.Debug|iPhoneSimulator.ActiveCfg = Debug|Any CPU
		{55CE536E-B7B8-4303-BBE6-77AB1BDDC775}.Debug|iPhoneSimulator.Build.0 = Debug|Any CPU
		{55CE536E-B7B8-4303-BBE6-77AB1BDDC775}.Release|Any CPU.ActiveCfg = Release|Any CPU
		{55CE536E-B7B8-4303-BBE6-77AB1BDDC775}.Release|Any CPU.Build.0 = Release|Any CPU
		{55CE536E-B7B8-4303-BBE6-77AB1BDDC775}.Release|iPhone.ActiveCfg = Release|Any CPU
		{55CE536E-B7B8-4303-BBE6-77AB1BDDC775}.Release|iPhone.Build.0 = Release|Any CPU
		{55CE536E-B7B8-4303-BBE6-77AB1BDDC775}.Release|iPhoneSimulator.ActiveCfg = Release|Any CPU
		{55CE536E-B7B8-4303-BBE6-77AB1BDDC775}.Release|iPhoneSimulator.Build.0 = Release|Any CPU
		{FA5BCFAB-6392-4A1D-913B-B057D2C92F4B}.Ad-Hoc|Any CPU.ActiveCfg = Release|Any CPU
		{FA5BCFAB-6392-4A1D-913B-B057D2C92F4B}.Ad-Hoc|Any CPU.Build.0 = Release|Any CPU
		{FA5BCFAB-6392-4A1D-913B-B057D2C92F4B}.Ad-Hoc|Any CPU.Deploy.0 = Release|Any CPU
		{FA5BCFAB-6392-4A1D-913B-B057D2C92F4B}.Ad-Hoc|iPhone.ActiveCfg = Release|Any CPU
		{FA5BCFAB-6392-4A1D-913B-B057D2C92F4B}.Ad-Hoc|iPhone.Build.0 = Release|Any CPU
		{FA5BCFAB-6392-4A1D-913B-B057D2C92F4B}.Ad-Hoc|iPhone.Deploy.0 = Release|Any CPU
		{FA5BCFAB-6392-4A1D-913B-B057D2C92F4B}.Ad-Hoc|iPhoneSimulator.ActiveCfg = Release|Any CPU
		{FA5BCFAB-6392-4A1D-913B-B057D2C92F4B}.Ad-Hoc|iPhoneSimulator.Build.0 = Release|Any CPU
		{FA5BCFAB-6392-4A1D-913B-B057D2C92F4B}.Ad-Hoc|iPhoneSimulator.Deploy.0 = Release|Any CPU
		{FA5BCFAB-6392-4A1D-913B-B057D2C92F4B}.AppStore|Any CPU.ActiveCfg = Release|Any CPU
		{FA5BCFAB-6392-4A1D-913B-B057D2C92F4B}.AppStore|Any CPU.Build.0 = Release|Any CPU
		{FA5BCFAB-6392-4A1D-913B-B057D2C92F4B}.AppStore|Any CPU.Deploy.0 = Release|Any CPU
		{FA5BCFAB-6392-4A1D-913B-B057D2C92F4B}.AppStore|iPhone.ActiveCfg = Release|Any CPU
		{FA5BCFAB-6392-4A1D-913B-B057D2C92F4B}.AppStore|iPhone.Build.0 = Release|Any CPU
		{FA5BCFAB-6392-4A1D-913B-B057D2C92F4B}.AppStore|iPhone.Deploy.0 = Release|Any CPU
		{FA5BCFAB-6392-4A1D-913B-B057D2C92F4B}.AppStore|iPhoneSimulator.ActiveCfg = Release|Any CPU
		{FA5BCFAB-6392-4A1D-913B-B057D2C92F4B}.AppStore|iPhoneSimulator.Build.0 = Release|Any CPU
		{FA5BCFAB-6392-4A1D-913B-B057D2C92F4B}.AppStore|iPhoneSimulator.Deploy.0 = Release|Any CPU
		{FA5BCFAB-6392-4A1D-913B-B057D2C92F4B}.Debug|Any CPU.ActiveCfg = Debug|Any CPU
		{FA5BCFAB-6392-4A1D-913B-B057D2C92F4B}.Debug|Any CPU.Build.0 = Debug|Any CPU
		{FA5BCFAB-6392-4A1D-913B-B057D2C92F4B}.Debug|Any CPU.Deploy.0 = Debug|Any CPU
		{FA5BCFAB-6392-4A1D-913B-B057D2C92F4B}.Debug|iPhone.ActiveCfg = Debug|Any CPU
		{FA5BCFAB-6392-4A1D-913B-B057D2C92F4B}.Debug|iPhone.Build.0 = Debug|Any CPU
		{FA5BCFAB-6392-4A1D-913B-B057D2C92F4B}.Debug|iPhone.Deploy.0 = Debug|Any CPU
		{FA5BCFAB-6392-4A1D-913B-B057D2C92F4B}.Debug|iPhoneSimulator.ActiveCfg = Debug|Any CPU
		{FA5BCFAB-6392-4A1D-913B-B057D2C92F4B}.Debug|iPhoneSimulator.Build.0 = Debug|Any CPU
		{FA5BCFAB-6392-4A1D-913B-B057D2C92F4B}.Debug|iPhoneSimulator.Deploy.0 = Debug|Any CPU
		{FA5BCFAB-6392-4A1D-913B-B057D2C92F4B}.Release|Any CPU.ActiveCfg = Release|Any CPU
		{FA5BCFAB-6392-4A1D-913B-B057D2C92F4B}.Release|Any CPU.Build.0 = Release|Any CPU
		{FA5BCFAB-6392-4A1D-913B-B057D2C92F4B}.Release|Any CPU.Deploy.0 = Release|Any CPU
		{FA5BCFAB-6392-4A1D-913B-B057D2C92F4B}.Release|iPhone.ActiveCfg = Release|Any CPU
		{FA5BCFAB-6392-4A1D-913B-B057D2C92F4B}.Release|iPhone.Build.0 = Release|Any CPU
		{FA5BCFAB-6392-4A1D-913B-B057D2C92F4B}.Release|iPhone.Deploy.0 = Release|Any CPU
		{FA5BCFAB-6392-4A1D-913B-B057D2C92F4B}.Release|iPhoneSimulator.ActiveCfg = Release|Any CPU
		{FA5BCFAB-6392-4A1D-913B-B057D2C92F4B}.Release|iPhoneSimulator.Build.0 = Release|Any CPU
		{FA5BCFAB-6392-4A1D-913B-B057D2C92F4B}.Release|iPhoneSimulator.Deploy.0 = Release|Any CPU
		{87F60B0D-02D0-4B74-AAEB-0CBF05A735B5}.Ad-Hoc|Any CPU.ActiveCfg = Ad-Hoc|iPhone
		{87F60B0D-02D0-4B74-AAEB-0CBF05A735B5}.Ad-Hoc|iPhone.ActiveCfg = Ad-Hoc|iPhone
		{87F60B0D-02D0-4B74-AAEB-0CBF05A735B5}.Ad-Hoc|iPhone.Build.0 = Ad-Hoc|iPhone
		{87F60B0D-02D0-4B74-AAEB-0CBF05A735B5}.Ad-Hoc|iPhoneSimulator.ActiveCfg = Ad-Hoc|iPhoneSimulator
		{87F60B0D-02D0-4B74-AAEB-0CBF05A735B5}.Ad-Hoc|iPhoneSimulator.Build.0 = Ad-Hoc|iPhoneSimulator
		{87F60B0D-02D0-4B74-AAEB-0CBF05A735B5}.AppStore|Any CPU.ActiveCfg = AppStore|iPhone
		{87F60B0D-02D0-4B74-AAEB-0CBF05A735B5}.AppStore|iPhone.ActiveCfg = AppStore|iPhone
		{87F60B0D-02D0-4B74-AAEB-0CBF05A735B5}.AppStore|iPhone.Build.0 = AppStore|iPhone
		{87F60B0D-02D0-4B74-AAEB-0CBF05A735B5}.AppStore|iPhoneSimulator.ActiveCfg = AppStore|iPhoneSimulator
		{87F60B0D-02D0-4B74-AAEB-0CBF05A735B5}.AppStore|iPhoneSimulator.Build.0 = AppStore|iPhoneSimulator
		{87F60B0D-02D0-4B74-AAEB-0CBF05A735B5}.Debug|Any CPU.ActiveCfg = Debug|iPhone
		{87F60B0D-02D0-4B74-AAEB-0CBF05A735B5}.Debug|iPhone.ActiveCfg = Debug|iPhone
		{87F60B0D-02D0-4B74-AAEB-0CBF05A735B5}.Debug|iPhone.Build.0 = Debug|iPhone
		{87F60B0D-02D0-4B74-AAEB-0CBF05A735B5}.Debug|iPhoneSimulator.ActiveCfg = Debug|iPhoneSimulator
		{87F60B0D-02D0-4B74-AAEB-0CBF05A735B5}.Debug|iPhoneSimulator.Build.0 = Debug|iPhoneSimulator
		{87F60B0D-02D0-4B74-AAEB-0CBF05A735B5}.Release|Any CPU.ActiveCfg = Release|iPhone
		{87F60B0D-02D0-4B74-AAEB-0CBF05A735B5}.Release|iPhone.ActiveCfg = Release|iPhone
		{87F60B0D-02D0-4B74-AAEB-0CBF05A735B5}.Release|iPhone.Build.0 = Release|iPhone
		{87F60B0D-02D0-4B74-AAEB-0CBF05A735B5}.Release|iPhoneSimulator.ActiveCfg = Release|iPhoneSimulator
		{87F60B0D-02D0-4B74-AAEB-0CBF05A735B5}.Release|iPhoneSimulator.Build.0 = Release|iPhoneSimulator
	EndGlobalSection
	GlobalSection(SolutionProperties) = preSolution
		HideSolutionNode = FALSE
	EndGlobalSection
	GlobalSection(ExtensibilityGlobals) = postSolution
		SolutionGuid = {5DB79FDB-4094-4B45-B9F3-64CBB6BA6435}
	EndGlobalSection
EndGlobal
